{
  "object": {
    "pins": [
      {
        "package": "AddressURL",
        "repositoryURL": "https://github.com/twodayslate/AddressURL",
        "state": {
          "branch": null,
          "revision": "123bd63cbda959f8cea6f72cb10f2c0e968bfcda",
          "version": "1.0.2"
        }
      },
      {
        "package": "Cache",
        "repositoryURL": "https://github.com/hyperoslo/Cache",
        "state": {
          "branch": null,
          "revision": "ad6abdf2a3a866288a7dad2c4e13379406002a81",
          "version": "6.2.0"
        }
      },
      {
        "package": "CloudKitSyncMonitor",
        "repositoryURL": "https://github.com/ggruen/CloudKitSyncMonitor.git",
        "state": {
          "branch": null,
          "revision": "f84f9c074b2c55adc7dc364a4437cfe7249ae529",
          "version": "1.4.1"
        }
      },
      {
        "package": "DeviceKit",
        "repositoryURL": "https://github.com/devicekit/DeviceKit",
        "state": {
          "branch": null,
          "revision": "581df61650bc457ec00373a592a84be3e7468eb1",
          "version": "5.7.0"
        }
      },
      {
        "package": "EmailValidator",
        "repositoryURL": "https://github.com/evanrobertson/EmailValidator.git",
        "state": {
          "branch": null,
          "revision": "ff809780f4a34fd609ccd34b7611157c9e043763",
          "version": "1.0.3"
        }
      },
      {
        "package": "SwiftGateway",
        "repositoryURL": "https://github.com/twodayslate/gateway-swift",
        "state": {
          "branch": "main",
          "revision": "a3524d8c3c489f2992bd395920fa4ab79f9d372f",
          "version": null
        }
      },
      {
        "package": "KeychainAccess",
        "repositoryURL": "https://github.com/kishikawakatsumi/KeychainAccess",
        "state": {
          "branch": null,
          "revision": "84e546727d66f1adc5439debad16270d0fdd04e7",
          "version": "4.2.2"
        }
      },
      {
        "package": "NavigationSplitTab",
        "repositoryURL": "https://github.com/twodayslate/NavigationSplitTab",
        "state": {
          "branch": "main",
          "revision": "d5803181d4a05015deb6b834706dd83e3046677b",
          "version": null
        }
      },
      {
        "package": "Reachability",
        "repositoryURL": "https://github.com/ashleymills/Reachability.swift",
        "state": {
          "branch": null,
          "revision": "21d1dc412cfecbe6e34f1f4c4eb88d3f912654a6",
          "version": "5.2.4"
        }
      },
      {
        "package": "Runestone",
        "repositoryURL": "https://github.com/simonbs/Runestone",
        "state": {
          "branch": null,
          "revision": "1fad339aab99cf2136ce6bf8c32da3265b2e85e5",
          "version": "0.5.1"
        }
      },
      {
        "package": "SimpleCommon",
        "repositoryURL": "https://github.com/twodayslate/SimpleCommon",
        "state": {
          "branch": "main",
          "revision": "d5b1d23d97d0cc1d2531736d698c5ec91e227329",
          "version": null
        }
      },
      {
        "package": "SKVersion",
        "repositoryURL": "https://github.com/twodayslate/SKVersion",
        "state": {
          "branch": null,
          "revision": "e203d9ffddacc5e8aef7184f0318d599501be815",
          "version": "2.0.0"
        }
      },
      {
        "package": "SplitView",
        "repositoryURL": "https://github.com/twodayslate/splitview",
        "state": {
          "branch": null,
          "revision": "650fe75bd8a8844d7269a3370d23fbc7a0b94902",
          "version": "2.0.3"
        }
      },
      {
        "package": "NetUtils",
        "repositoryURL": "https://github.com/svdo/swift-netutils",
        "state": {
          "branch": null,
          "revision": "28eb6f86a84e34e97dd3bea7e9658da15e8a1767",
          "version": "4.2.1"
        }
      },
      {
        "package": "SwiftyPing",
        "repositoryURL": "https://github.com/samiyr/SwiftyPing.git",
        "state": {
          "branch": null,
          "revision": "05591bc0047e41e0e1d98135c6bc457192a72d39",
          "version": "1.2.1"
        }
      },
      {
        "package": "TreeSitter",
        "repositoryURL": "https://github.com/tree-sitter/tree-sitter",
        "state": {
          "branch": null,
          "revision": "98be227227af10cc7a269cb3ffb23686c0610b17",
          "version": "0.20.9"
        }
      },
      {
        "package": "TreeSitterLanguages",
        "repositoryURL": "https://github.com/simonbs/treesitterlanguages",
        "state": {
          "branch": null,
          "revision": "15cf3a9ec3ab95e0d058b7df9f35619123c9e02d",
          "version": "0.1.10"
        }
      },
      {
        "package": "Version",
        "repositoryURL": "https://github.com/mrackwitz/Version",
        "state": {
          "branch": null,
          "revision": "fd4b0eb5756aa7f1c33977fb626cf37d2140a3a0",
          "version": "0.8.0"
        }
      }
    ]
  },
  "version": 1
}
