{
  "object": {
    "pins": [
      {
        "package": "AddressURL",
        "repositoryURL": "https://github.com/twodayslate/AddressURL",
        "state": {
          "branch": null,
          "revision": "123bd63cbda959f8cea6f72cb10f2c0e968bfcda",
          "version": "1.0.2"
        }
      },
      {
        "package": "Cache",
        "repositoryURL": "https://github.com/hyperoslo/Cache",
        "state": {
          "branch": null,
          "revision": "d048bf404a5c8362c6cf840c2096d5777975cd27",
          "version": "6.1.0"
        }
      },
      {
        "package": "DeviceKit",
        "repositoryURL": "https://github.com/devicekit/DeviceKit",
        "state": {
          "branch": null,
          "revision": "fe41d18eccd92a115cffaa35dfff03018c67e635",
          "version": "5.2.2"
        }
      },
      {
        "package": "EmailValidator",
        "repositoryURL": "https://github.com/evanrobertson/EmailValidator.git",
        "state": {
          "branch": null,
          "revision": "ff809780f4a34fd609ccd34b7611157c9e043763",
          "version": "1.0.3"
        }
      },
      {
        "package": "SwiftGateway",
        "repositoryURL": "https://github.com/twodayslate/gateway-swift",
        "state": {
          "branch": "main",
          "revision": "41461f4fc9370a7d7f1066767b0f44f0c489c844",
          "version": null
        }
      },
      {
        "package": "KeychainAccess",
        "repositoryURL": "https://github.com/kishikawakatsumi/KeychainAccess",
        "state": {
          "branch": null,
          "revision": "84e546727d66f1adc5439debad16270d0fdd04e7",
          "version": "4.2.2"
        }
      },
      {
        "package": "NavigationSplitTab",
        "repositoryURL": "https://github.com/twodayslate/NavigationSplitTab",
        "state": {
          "branch": "main",
          "revision": "d5803181d4a05015deb6b834706dd83e3046677b",
          "version": null
        }
      },
      {
        "package": "Reachability",
        "repositoryURL": "https://github.com/ashleymills/Reachability.swift",
        "state": {
          "branch": null,
          "revision": "c01127cb51f591045696128effe43c16840d08bf",
          "version": "5.2.0"
        }
      },
      {
        "package": "Runestone",
        "repositoryURL": "https://github.com/simonbs/Runestone",
        "state": {
          "branch": null,
          "revision": "554038749f4a4aa4241c5ecc8f03cce30e37ec07",
          "version": "0.4.3"
        }
      },
      {
        "package": "SimpleCommon",
        "repositoryURL": "https://github.com/twodayslate/SimpleCommon",
        "state": {
          "branch": "main",
          "revision": "b8dbf50df461d4d92923a5bcef981866597fa639",
          "version": null
        }
      },
      {
        "package": "SKVersion",
        "repositoryURL": "https://github.com/twodayslate/SKVersion",
        "state": {
          "branch": null,
          "revision": "e203d9ffddacc5e8aef7184f0318d599501be815",
          "version": "2.0.0"
        }
      },
      {
        "package": "SplitView",
        "repositoryURL": "https://github.com/twodayslate/splitview",
        "state": {
          "branch": null,
          "revision": "650fe75bd8a8844d7269a3370d23fbc7a0b94902",
          "version": "2.0.3"
        }
      },
      {
        "package": "NetUtils",
        "repositoryURL": "https://github.com/svdo/swift-netutils",
        "state": {
          "branch": null,
          "revision": "28eb6f86a84e34e97dd3bea7e9658da15e8a1767",
          "version": "4.2.1"
        }
      },
      {
        "package": "SwiftyPing",
        "repositoryURL": "https://github.com/samiyr/SwiftyPing.git",
        "state": {
          "branch": null,
          "revision": "05591bc0047e41e0e1d98135c6bc457192a72d39",
          "version": "1.2.1"
        }
      },
      {
        "package": "SwiftyStoreKit",
        "repositoryURL": "https://github.com/bizz84/SwiftyStoreKit",
        "state": {
          "branch": null,
          "revision": "9ce911639680113dac9b554d6243e406a9758ebe",
          "version": "0.16.4"
        }
      },
      {
        "package": "TreeSitter",
        "repositoryURL": "https://github.com/tree-sitter/tree-sitter",
        "state": {
          "branch": null,
          "revision": "98be227227af10cc7a269cb3ffb23686c0610b17",
          "version": "0.20.9"
        }
      },
      {
        "package": "TreeSitterLanguages",
        "repositoryURL": "https://github.com/simonbs/treesitterlanguages",
        "state": {
          "branch": null,
          "revision": "15cf3a9ec3ab95e0d058b7df9f35619123c9e02d",
          "version": "0.1.10"
        }
      },
      {
        "package": "Version",
        "repositoryURL": "https://github.com/mrackwitz/Version",
        "state": {
          "branch": null,
          "revision": "fd4b0eb5756aa7f1c33977fb626cf37d2140a3a0",
          "version": "0.8.0"
        }
      }
    ]
  },
  "version": 1
}
