PODS:
  - Highlightr (2.1.0)
  - NetUtils (4.1.0)
  - PlainPing (0.5)
  - ReachabilitySwift (5.0.0)
  - SKVersion (2.0.0):
    - Version (~> 0.7.0)
  - SplitView (2.0.0)
  - SwiftFormat/CLI (0.40.13)
  - SwiftLint (0.35.0)
  - SwiftyStoreKit (0.15.0)
  - Version (0.7.1)

DEPENDENCIES:
  - Highlightr
  - NetUtils
  - PlainPing
  - ReachabilitySwift
  - SKVersion (from `https://github.com/twodayslate/SKVersion.git`)
  - SplitView (from `https://github.com/twodayslate/SplitView.git`)
  - SwiftFormat/CLI
  - SwiftLint
  - SwiftyStoreKit

SPEC REPOS:
  https://github.com/cocoapods/specs.git:
    - Highlightr
    - NetUtils
    - PlainPing
    - ReachabilitySwift
    - SwiftFormat
    - SwiftLint
    - SwiftyStoreKit
    - Version

EXTERNAL SOURCES:
  SKVersion:
    :git: https://github.com/twodayslate/SKVersion.git
  SplitView:
    :git: https://github.com/twodayslate/SplitView.git

CHECKOUT OPTIONS:
  SKVersion:
    :commit: 703a76fc6b71d4ebfbbc232ed86258edb6cd12ef
    :git: https://github.com/twodayslate/SKVersion.git
  SplitView:
    :commit: 84ac0f0bc10ece471d337a307a0e9d6203f871ae
    :git: https://github.com/twodayslate/SplitView.git

SPEC CHECKSUMS:
  Highlightr: 595f3e100737c8de41113385da8bd0b5b65212c6
  NetUtils: 414aca786a4be7d6c87a69613bdb6a5a2640f08e
  PlainPing: 6b248b94d92be7ec0410952d1b09af43b9a39015
  ReachabilitySwift: 985039c6f7b23a1da463388634119492ff86c825
  SKVersion: 009f29325b6513bfc0438916c29c4c21e3b19dd2
  SplitView: 8a1023e05012014295ff0544f3f9a2030b975489
  SwiftFormat: d548b3585a6dbe64390177b386e95375b8c300b6
  SwiftLint: 5553187048b900c91aa03552807681bb6b027846
  SwiftyStoreKit: 033d06b6f87955405d3f844a18a7687c2438592a
  Version: d7b9b7860c8a02790b15c730d50849d6004076a1

PODFILE CHECKSUM: 60bb75475b59830dcd1f82f541115ede01baa524

COCOAPODS: 1.7.5
