PODS:
  - Highlightr (2.1.0)
  - NetUtils (4.1.0)
  - PlainPing (0.5)
  - ReachabilitySwift (4.3.1)
  - SwiftyStoreKit (0.15.0)

DEPENDENCIES:
  - Highlightr
  - NetUtils
  - PlainPing
  - ReachabilitySwift
  - SwiftyStoreKit

SPEC REPOS:
  https://github.com/cocoapods/specs.git:
    - Highlightr
    - NetUtils
    - PlainPing
    - ReachabilitySwift
    - SwiftyStoreKit

SPEC CHECKSUMS:
  Highlightr: 595f3e100737c8de41113385da8bd0b5b65212c6
  NetUtils: 414aca786a4be7d6c87a69613bdb6a5a2640f08e
  PlainPing: 6b248b94d92be7ec0410952d1b09af43b9a39015
  ReachabilitySwift: 4032e2f59586e11e3b0ebe15b167abdd587a388b
  SwiftyStoreKit: 033d06b6f87955405d3f844a18a7687c2438592a

PODFILE CHECKSUM: afefffb1e2069189b16aedeb5dc9fe44a7c54dae

COCOAPODS: 1.7.5
