// !$*UTF8*$!
{
	archiveVersion = 1;
	classes = {
	};
	objectVersion = 52;
	objects = {

/* Begin PBXBuildFile section */
		F60506742134B23F00DDF8A4 /* UIViewController.swift in Sources */ = {isa = PBXBuildFile; fileRef = F60506732134B23F00DDF8A4 /* UIViewController.swift */; };
		F60FD36025E0607C00BCEF86 /* DataModel.xcdatamodeld in Sources */ = {isa = PBXBuildFile; fileRef = F60FD35E25E0607C00BCEF86 /* DataModel.xcdatamodeld */; };
		F60FD36525E060A800BCEF86 /* Persistence.swift in Sources */ = {isa = PBXBuildFile; fileRef = F60FD36425E060A800BCEF86 /* Persistence.swift */; };
		F60FD36A25E060D700BCEF86 /* PingItem.swift in Sources */ = {isa = PBXBuildFile; fileRef = F60FD36925E060D700BCEF86 /* PingItem.swift */; };
		F619760722FCA33B00CE39A0 /* WhoisXmlCells.swift in Sources */ = {isa = PBXBuildFile; fileRef = F619760622FCA33B00CE39A0 /* WhoisXmlCells.swift */; };
		F619760922FCA39F00CE39A0 /* WhoisLockedTableViewCell.swift in Sources */ = {isa = PBXBuildFile; fileRef = F619760822FCA39F00CE39A0 /* WhoisLockedTableViewCell.swift */; };
		F619760B22FCA76200CE39A0 /* WhoisRecord.swift in Sources */ = {isa = PBXBuildFile; fileRef = F619760A22FCA76200CE39A0 /* WhoisRecord.swift */; };
		F6310273212FA66600F34E42 /* SRCTabBarController.swift in Sources */ = {isa = PBXBuildFile; fileRef = F6310272212FA66600F34E42 /* SRCTabBarController.swift */; };
		F63102752130C99D00F34E42 /* PingViewController.swift in Sources */ = {isa = PBXBuildFile; fileRef = F63102742130C99D00F34E42 /* PingViewController.swift */; };
		F63102772130D76200F34E42 /* ReachabilityViewController.swift in Sources */ = {isa = PBXBuildFile; fileRef = F63102762130D76200F34E42 /* ReachabilityViewController.swift */; };
		F6310279213366BB00F34E42 /* SourceViewController.swift in Sources */ = {isa = PBXBuildFile; fileRef = F6310278213366BB00F34E42 /* SourceViewController.swift */; };
		F63540D5213DEBDD00605ABE /* Reachability.swift in Sources */ = {isa = PBXBuildFile; fileRef = F63540D4213DEBDD00605ABE /* Reachability.swift */; };
		F63540D9213DFE8300605ABE /* ApiKeys.swift in Sources */ = {isa = PBXBuildFile; fileRef = F63540D8213DFE8300605ABE /* ApiKeys.swift */; };
		F63540DB213E05E000605ABE /* HostViewController.swift in Sources */ = {isa = PBXBuildFile; fileRef = F63540DA213E05E000605ABE /* HostViewController.swift */; };
		F63540DD213E1D1B00605ABE /* StoreKit.framework in Frameworks */ = {isa = PBXBuildFile; fileRef = F63540DC213E1D1B00605ABE /* StoreKit.framework */; };
		F6397FE525E8937A00914B3F /* HostView.swift in Sources */ = {isa = PBXBuildFile; fileRef = F6397FE425E8937900914B3F /* HostView.swift */; };
		F6397FED25EEFEAE00914B3F /* CopyCellView.swift in Sources */ = {isa = PBXBuildFile; fileRef = F6397FEC25EEFEAE00914B3F /* CopyCellView.swift */; };
		F6397FF225EF012300914B3F /* ShareSheetView.swift in Sources */ = {isa = PBXBuildFile; fileRef = F6397FF125EF012300914B3F /* ShareSheetView.swift */; };
		F6397FF725EF045200914B3F /* PurchaseCellView.swift in Sources */ = {isa = PBXBuildFile; fileRef = F6397FF625EF045200914B3F /* PurchaseCellView.swift */; };
		F63B9224279BBA03007E845F /* HostData.swift in Sources */ = {isa = PBXBuildFile; fileRef = F63B9223279BBA03007E845F /* HostData.swift */; };
		F63B9226279BBA87007E845F /* HostDataGroup.swift in Sources */ = {isa = PBXBuildFile; fileRef = F63B9225279BBA87007E845F /* HostDataGroup.swift */; };
		F63B9228279BC31B007E845F /* HostHistoryList.swift in Sources */ = {isa = PBXBuildFile; fileRef = F63B9227279BC31B007E845F /* HostHistoryList.swift */; };
		F63B922A279C8EE5007E845F /* HostResultSection.swift in Sources */ = {isa = PBXBuildFile; fileRef = F63B9229279C8EE5007E845F /* HostResultSection.swift */; };
		F63B922C279C9079007E845F /* HostResult.swift in Sources */ = {isa = PBXBuildFile; fileRef = F63B922B279C9079007E845F /* HostResult.swift */; };
		F63B922F279C985B007E845F /* Cache in Frameworks */ = {isa = PBXBuildFile; productRef = F63B922E279C985B007E845F /* Cache */; };
		F643030B25E47BA300109C92 /* EZPanel.swift in Sources */ = {isa = PBXBuildFile; fileRef = F643030A25E47BA300109C92 /* EZPanel.swift */; };
		F643036825E6033D00109C92 /* DeviceKit in Frameworks */ = {isa = PBXBuildFile; productRef = F643036725E6033D00109C92 /* DeviceKit */; };
		F64418E6271CA13000E40F2C /* LocalDns.swift in Sources */ = {isa = PBXBuildFile; fileRef = F64418E5271CA13000E40F2C /* LocalDns.swift */; };
		F644A0F827925CF60061C98B /* HostModelWrapperView.swift in Sources */ = {isa = PBXBuildFile; fileRef = F644A0F727925CF60061C98B /* HostModelWrapperView.swift */; };
		F644A0FA279268BD0061C98B /* FSDisclosureGroup.swift in Sources */ = {isa = PBXBuildFile; fileRef = F644A0F9279268BD0061C98B /* FSDisclosureGroup.swift */; };
		F644A0FD279283300061C98B /* LocalDnsModel.swift in Sources */ = {isa = PBXBuildFile; fileRef = F644A0FC2792832F0061C98B /* LocalDnsModel.swift */; };
		F644A0FF279283640061C98B /* WhoisXmlWhoisSectionModel.swift in Sources */ = {isa = PBXBuildFile; fileRef = F644A0FE279283640061C98B /* WhoisXmlWhoisSectionModel.swift */; };
		F644A101279283E30061C98B /* WhoisXmlDnsSectionModel.swift in Sources */ = {isa = PBXBuildFile; fileRef = F644A100279283E30061C98B /* WhoisXmlDnsSectionModel.swift */; };
		F644A103279284EE0061C98B /* GoogleWebRiskSectionModel.swift in Sources */ = {isa = PBXBuildFile; fileRef = F644A102279284EE0061C98B /* GoogleWebRiskSectionModel.swift */; };
		F650F745233CEB4B00BAA609 /* DataFeedCells.swift in Sources */ = {isa = PBXBuildFile; fileRef = F650F744233CEB4B00BAA609 /* DataFeedCells.swift */; };
		F650F747233CECD900BAA609 /* DataFeedCell.swift in Sources */ = {isa = PBXBuildFile; fileRef = F650F746233CECD900BAA609 /* DataFeedCell.swift */; };
		F650F749233CF15800BAA609 /* DataFeed.swift in Sources */ = {isa = PBXBuildFile; fileRef = F650F748233CF15800BAA609 /* DataFeed.swift */; };
		F650F74B233E62C100BAA609 /* BlurredPickerView.swift in Sources */ = {isa = PBXBuildFile; fileRef = F650F74A233E62C100BAA609 /* BlurredPickerView.swift */; };
		F661A28023020FCF0023FA50 /* UIAlertController.swift in Sources */ = {isa = PBXBuildFile; fileRef = F661A27F23020FCF0023FA50 /* UIAlertController.swift */; };
		F66643B326F02A5B000F17BC /* HostViewModel.swift in Sources */ = {isa = PBXBuildFile; fileRef = F66643B226F02A5B000F17BC /* HostViewModel.swift */; };
		F66643B526F02A8F000F17BC /* HostViewSection.swift in Sources */ = {isa = PBXBuildFile; fileRef = F66643B426F02A8F000F17BC /* HostViewSection.swift */; };
		F66643B726F030D5000F17BC /* HostSectionModel.swift in Sources */ = {isa = PBXBuildFile; fileRef = F66643B626F030D5000F17BC /* HostSectionModel.swift */; };
		F668EB3C23501FA200EEB379 /* DataFeedEndpoint.swift in Sources */ = {isa = PBXBuildFile; fileRef = F668EB3B23501FA200EEB379 /* DataFeedEndpoint.swift */; };
		F668EB3F2355807100EEB379 /* SKProductSubscriptionPeriod.swift in Sources */ = {isa = PBXBuildFile; fileRef = F668EB3E2355807100EEB379 /* SKProductSubscriptionPeriod.swift */; };
		F668EB4323563D2C00EEB379 /* DataFeedSubscriptionCellManager.swift in Sources */ = {isa = PBXBuildFile; fileRef = F668EB4223563D2C00EEB379 /* DataFeedSubscriptionCellManager.swift */; };
		F668EB4523563F2500EEB379 /* DataFeedSubscriptionDataViewController.swift in Sources */ = {isa = PBXBuildFile; fileRef = F668EB4423563F2500EEB379 /* DataFeedSubscriptionDataViewController.swift */; };
		F668EB472356616900EEB379 /* DataFeedUserApiKeyTableViewController.swift in Sources */ = {isa = PBXBuildFile; fileRef = F668EB462356616900EEB379 /* DataFeedUserApiKeyTableViewController.swift */; };
		F668EB4B2356AE3800EEB379 /* IAPFooterView.swift in Sources */ = {isa = PBXBuildFile; fileRef = F668EB4A2356AE3800EEB379 /* IAPFooterView.swift */; };
		F66BB7202453B85C00E86A93 /* SplitTabBar in Frameworks */ = {isa = PBXBuildFile; productRef = F66BB71F2453B85C00E86A93 /* SplitTabBar */; };
		F671EF4C277553D6007AF79F /* HostSectionOrganizerView.swift in Sources */ = {isa = PBXBuildFile; fileRef = F671EF4B277553D6007AF79F /* HostSectionOrganizerView.swift */; };
		F67425DB21363FFF00A79492 /* UITextView.swift in Sources */ = {isa = PBXBuildFile; fileRef = F67425DA21363FFF00A79492 /* UITextView.swift */; };
		F67ED9F5240DF56100021F6C /* AddressURL in Frameworks */ = {isa = PBXBuildFile; productRef = F67ED9F4240DF56100021F6C /* AddressURL */; };
		F67ED9F82411A09000021F6C /* NetUtils in Frameworks */ = {isa = PBXBuildFile; productRef = F67ED9F72411A09000021F6C /* NetUtils */; };
		F67ED9FB2411A0C200021F6C /* Reachability in Frameworks */ = {isa = PBXBuildFile; productRef = F67ED9FA2411A0C200021F6C /* Reachability */; };
		F67ED9FE2411A0D400021F6C /* KeychainAccess in Frameworks */ = {isa = PBXBuildFile; productRef = F67ED9FD2411A0D400021F6C /* KeychainAccess */; };
		F67EDA012411A1C000021F6C /* SwiftyStoreKit in Frameworks */ = {isa = PBXBuildFile; productRef = F67EDA002411A1C000021F6C /* SwiftyStoreKit */; };
		F67EDA042411E70F00021F6C /* SplitView in Frameworks */ = {isa = PBXBuildFile; productRef = F67EDA032411E70F00021F6C /* SplitView */; };
		F67EDA072411EA7700021F6C /* SKVersion in Frameworks */ = {isa = PBXBuildFile; productRef = F67EDA062411EA7700021F6C /* SKVersion */; };
		F67EDA0A2411F42B00021F6C /* Highlightr in Frameworks */ = {isa = PBXBuildFile; productRef = F67EDA092411F42B00021F6C /* Highlightr */; };
		F68CE56023021AC70068D104 /* CopyLabel.swift in Sources */ = {isa = PBXBuildFile; fileRef = F68CE55F23021AC70068D104 /* CopyLabel.swift */; };
		F68CE5622302203B0068D104 /* CopyDetailCell.swift in Sources */ = {isa = PBXBuildFile; fileRef = F68CE5612302203B0068D104 /* CopyDetailCell.swift */; };
		F68CE56423023F7E0068D104 /* CopyCell.swift in Sources */ = {isa = PBXBuildFile; fileRef = F68CE56323023F7E0068D104 /* CopyCell.swift */; };
		F68CE56623031DA20068D104 /* DataFeedErrors.swift in Sources */ = {isa = PBXBuildFile; fileRef = F68CE56523031DA20068D104 /* DataFeedErrors.swift */; };
		F68CE5682303291A0068D104 /* Error.swift in Sources */ = {isa = PBXBuildFile; fileRef = F68CE5672303291A0068D104 /* Error.swift */; };
		F68CE56A230463A50068D104 /* InterfaceTableViewController.swift in Sources */ = {isa = PBXBuildFile; fileRef = F68CE569230463A50068D104 /* InterfaceTableViewController.swift */; };
		F691B09A2147449200BDE0F4 /* WhoisXml.swift in Sources */ = {isa = PBXBuildFile; fileRef = F691B0992147449200BDE0F4 /* WhoisXml.swift */; };
		F69E3648235805180017296E /* GoogleWebRisk.swift in Sources */ = {isa = PBXBuildFile; fileRef = F69E3647235805180017296E /* GoogleWebRisk.swift */; };
		F69E364A235806370017296E /* WhoisXMLDnsService.swift in Sources */ = {isa = PBXBuildFile; fileRef = F69E3649235806370017296E /* WhoisXMLDnsService.swift */; };
		F69E364C235806720017296E /* WhoisXMLService.swift in Sources */ = {isa = PBXBuildFile; fileRef = F69E364B235806720017296E /* WhoisXMLService.swift */; };
		F69E364E235808560017296E /* DFSubscription.swift in Sources */ = {isa = PBXBuildFile; fileRef = F69E364D235808560017296E /* DFSubscription.swift */; };
		F69E36502358089C0017296E /* DFService.swift in Sources */ = {isa = PBXBuildFile; fileRef = F69E364F2358089C0017296E /* DFService.swift */; };
		F69E3652235808DF0017296E /* DFOneTimePurchase.swift in Sources */ = {isa = PBXBuildFile; fileRef = F69E3651235808DF0017296E /* DFOneTimePurchase.swift */; };
		F69E365423580A7D0017296E /* DataFeedSubscription.swift in Sources */ = {isa = PBXBuildFile; fileRef = F69E365323580A7D0017296E /* DataFeedSubscription.swift */; };
		F69E365623580AA00017296E /* DataFeedService.swift in Sources */ = {isa = PBXBuildFile; fileRef = F69E365523580AA00017296E /* DataFeedService.swift */; };
		F6A4EB922301C5B800439562 /* InAppPurchaseUpdateDelegate.swift in Sources */ = {isa = PBXBuildFile; fileRef = F6A4EB912301C5B800439562 /* InAppPurchaseUpdateDelegate.swift */; };
		F6A4EB972301C70000439562 /* TimedCache.swift in Sources */ = {isa = PBXBuildFile; fileRef = F6A4EB962301C70000439562 /* TimedCache.swift */; };
		F6A4EB992301DFCC00439562 /* LoadingCell.swift in Sources */ = {isa = PBXBuildFile; fileRef = F6A4EB982301DFCC00439562 /* LoadingCell.swift */; };
		F6A4EB9B2301E78E00439562 /* DNSResolver.swift in Sources */ = {isa = PBXBuildFile; fileRef = F6A4EB9A2301E78E00439562 /* DNSResolver.swift */; };
		F6A4EB9D2301F1B900439562 /* WiFiSSID.swift in Sources */ = {isa = PBXBuildFile; fileRef = F6A4EB9C2301F1B900439562 /* WiFiSSID.swift */; };
		F6C38E8826FABEFB00BD9A71 /* StoreKitModel.swift in Sources */ = {isa = PBXBuildFile; fileRef = F6C38E8726FABEFB00BD9A71 /* StoreKitModel.swift */; };
		F6C591BA235EC3A9009BA4B7 /* CenterTextTableViewCell.swift in Sources */ = {isa = PBXBuildFile; fileRef = F6C591B9235EC3A9009BA4B7 /* CenterTextTableViewCell.swift */; };
		F6C87452234FE8030069A57C /* DataFeedsTableViewController.swift in Sources */ = {isa = PBXBuildFile; fileRef = F6C87451234FE8030069A57C /* DataFeedsTableViewController.swift */; };
		F6C8D8A5212E5AE900309373 /* AppDelegate.swift in Sources */ = {isa = PBXBuildFile; fileRef = F6C8D8A4212E5AE900309373 /* AppDelegate.swift */; };
		F6C8D8AE212E5AEA00309373 /* Assets.xcassets in Resources */ = {isa = PBXBuildFile; fileRef = F6C8D8AD212E5AEA00309373 /* Assets.xcassets */; };
		F6C8D8B1212E5AEA00309373 /* LaunchScreen.storyboard in Resources */ = {isa = PBXBuildFile; fileRef = F6C8D8AF212E5AEA00309373 /* LaunchScreen.storyboard */; };
		F6C8D8BC212E5AEB00309373 /* ec3730Tests.swift in Sources */ = {isa = PBXBuildFile; fileRef = F6C8D8BB212E5AEB00309373 /* ec3730Tests.swift */; };
		F6C8D8C7212E5AEB00309373 /* ec3730UITests.swift in Sources */ = {isa = PBXBuildFile; fileRef = F6C8D8C6212E5AEB00309373 /* ec3730UITests.swift */; };
		F6D0B77A235902E3009E493B /* DataFeedPurchaseProtocol.swift in Sources */ = {isa = PBXBuildFile; fileRef = F6D0B779235902E3009E493B /* DataFeedPurchaseProtocol.swift */; };
		F6D0B77E235A6A43009E493B /* NetUtilsCoreData.xcdatamodeld in Sources */ = {isa = PBXBuildFile; fileRef = F6D0B77C235A6A43009E493B /* NetUtilsCoreData.xcdatamodeld */; };
		F6D0B781235A6C61009E493B /* CloudKit.framework in Frameworks */ = {isa = PBXBuildFile; fileRef = F6D0B780235A6C61009E493B /* CloudKit.framework */; };
		F6D4BB0A23583E6100FDAFF7 /* GoogleWebRiskRecord.swift in Sources */ = {isa = PBXBuildFile; fileRef = F6D4BB0923583E6100FDAFF7 /* GoogleWebRiskRecord.swift */; };
		F6D4BB0C23584E0C00FDAFF7 /* GoogleWebRiskCellManager.swift in Sources */ = {isa = PBXBuildFile; fileRef = F6D4BB0B23584E0B00FDAFF7 /* GoogleWebRiskCellManager.swift */; };
		F6F2017325DB6C18008BA024 /* SwiftyPing in Frameworks */ = {isa = PBXBuildFile; productRef = F6F2017225DB6C18008BA024 /* SwiftyPing */; };
		F6FBB86723677FA700E023F2 /* DeviceController.swift in Sources */ = {isa = PBXBuildFile; fileRef = F6FBB86623677FA700E023F2 /* DeviceController.swift */; };
		F6FBB869236781AC00E023F2 /* UIDevice.swift in Sources */ = {isa = PBXBuildFile; fileRef = F6FBB868236781AC00E023F2 /* UIDevice.swift */; };
		F6FDDFC423047E7E00FBF75E /* SettingsViewController.swift in Sources */ = {isa = PBXBuildFile; fileRef = F6FDDFC323047E7E00FBF75E /* SettingsViewController.swift */; };
		F6FDDFC623047EE300FBF75E /* DefaultsSwitch.swift in Sources */ = {isa = PBXBuildFile; fileRef = F6FDDFC523047EE300FBF75E /* DefaultsSwitch.swift */; };
		F6FDDFC82304803100FBF75E /* UserDefaults.swift in Sources */ = {isa = PBXBuildFile; fileRef = F6FDDFC72304803100FBF75E /* UserDefaults.swift */; };
		F6FDDFCA23048DEF00FBF75E /* UIView.swift in Sources */ = {isa = PBXBuildFile; fileRef = F6FDDFC923048DEF00FBF75E /* UIView.swift */; };
		F6FDDFD6230B095B00FBF75E /* HostTable.swift in Sources */ = {isa = PBXBuildFile; fileRef = F6FDDFD5230B095B00FBF75E /* HostTable.swift */; };
		F6FDDFD8230B106200FBF75E /* WhoisXmlDnsCells.swift in Sources */ = {isa = PBXBuildFile; fileRef = F6FDDFD7230B106200FBF75E /* WhoisXmlDnsCells.swift */; };
		F6FDDFDC230B2BB900FBF75E /* WhoisDnsResults.swift in Sources */ = {isa = PBXBuildFile; fileRef = F6FDDFDB230B2BB900FBF75E /* WhoisDnsResults.swift */; };
		F6FDDFDE230C36DC00FBF75E /* SnapshotHelper.swift in Sources */ = {isa = PBXBuildFile; fileRef = F6FDDFDD230C36DC00FBF75E /* SnapshotHelper.swift */; };
		F6FDDFE0230C4C7400FBF75E /* CellManager.swift in Sources */ = {isa = PBXBuildFile; fileRef = F6FDDFDF230C4C7400FBF75E /* CellManager.swift */; };
/* End PBXBuildFile section */

/* Begin PBXContainerItemProxy section */
		F6C8D8B8212E5AEB00309373 /* PBXContainerItemProxy */ = {
			isa = PBXContainerItemProxy;
			containerPortal = F6C8D899212E5AE900309373 /* Project object */;
			proxyType = 1;
			remoteGlobalIDString = F6C8D8A0212E5AE900309373;
			remoteInfo = ec3730;
		};
		F6C8D8C3212E5AEB00309373 /* PBXContainerItemProxy */ = {
			isa = PBXContainerItemProxy;
			containerPortal = F6C8D899212E5AE900309373 /* Project object */;
			proxyType = 1;
			remoteGlobalIDString = F6C8D8A0212E5AE900309373;
			remoteInfo = ec3730;
		};
/* End PBXContainerItemProxy section */

/* Begin PBXFileReference section */
		F60506732134B23F00DDF8A4 /* UIViewController.swift */ = {isa = PBXFileReference; lastKnownFileType = sourcecode.swift; path = UIViewController.swift; sourceTree = "<group>"; };
		F60FD35F25E0607C00BCEF86 /* DataModel.xcdatamodel */ = {isa = PBXFileReference; lastKnownFileType = wrapper.xcdatamodel; path = DataModel.xcdatamodel; sourceTree = "<group>"; };
		F60FD36425E060A800BCEF86 /* Persistence.swift */ = {isa = PBXFileReference; lastKnownFileType = sourcecode.swift; path = Persistence.swift; sourceTree = "<group>"; };
		F60FD36925E060D700BCEF86 /* PingItem.swift */ = {isa = PBXFileReference; lastKnownFileType = sourcecode.swift; path = PingItem.swift; sourceTree = "<group>"; };
		F619760622FCA33B00CE39A0 /* WhoisXmlCells.swift */ = {isa = PBXFileReference; lastKnownFileType = sourcecode.swift; path = WhoisXmlCells.swift; sourceTree = "<group>"; };
		F619760822FCA39F00CE39A0 /* WhoisLockedTableViewCell.swift */ = {isa = PBXFileReference; lastKnownFileType = sourcecode.swift; path = WhoisLockedTableViewCell.swift; sourceTree = "<group>"; };
		F619760A22FCA76200CE39A0 /* WhoisRecord.swift */ = {isa = PBXFileReference; lastKnownFileType = sourcecode.swift; path = WhoisRecord.swift; sourceTree = "<group>"; };
		F6242CC1260185180051320F /* Configuration.storekit */ = {isa = PBXFileReference; lastKnownFileType = text; path = Configuration.storekit; sourceTree = "<group>"; };
		F6310272212FA66600F34E42 /* SRCTabBarController.swift */ = {isa = PBXFileReference; lastKnownFileType = sourcecode.swift; path = SRCTabBarController.swift; sourceTree = "<group>"; };
		F63102742130C99D00F34E42 /* PingViewController.swift */ = {isa = PBXFileReference; lastKnownFileType = sourcecode.swift; path = PingViewController.swift; sourceTree = "<group>"; };
		F63102762130D76200F34E42 /* ReachabilityViewController.swift */ = {isa = PBXFileReference; lastKnownFileType = sourcecode.swift; path = ReachabilityViewController.swift; sourceTree = "<group>"; };
		F6310278213366BB00F34E42 /* SourceViewController.swift */ = {isa = PBXFileReference; lastKnownFileType = sourcecode.swift; path = SourceViewController.swift; sourceTree = "<group>"; };
		F63540D4213DEBDD00605ABE /* Reachability.swift */ = {isa = PBXFileReference; lastKnownFileType = sourcecode.swift; path = Reachability.swift; sourceTree = "<group>"; };
		F63540D8213DFE8300605ABE /* ApiKeys.swift */ = {isa = PBXFileReference; lastKnownFileType = sourcecode.swift; path = ApiKeys.swift; sourceTree = "<group>"; };
		F63540DA213E05E000605ABE /* HostViewController.swift */ = {isa = PBXFileReference; lastKnownFileType = sourcecode.swift; path = HostViewController.swift; sourceTree = "<group>"; };
		F63540DC213E1D1B00605ABE /* StoreKit.framework */ = {isa = PBXFileReference; lastKnownFileType = wrapper.framework; name = StoreKit.framework; path = System/Library/Frameworks/StoreKit.framework; sourceTree = SDKROOT; };
		F63540DE213E4DB900605ABE /* libresolv.9.tbd */ = {isa = PBXFileReference; lastKnownFileType = "sourcecode.text-based-dylib-definition"; name = libresolv.9.tbd; path = usr/lib/libresolv.9.tbd; sourceTree = SDKROOT; };
		F63540E0213E4DD200605ABE /* libresolv.tbd */ = {isa = PBXFileReference; lastKnownFileType = "sourcecode.text-based-dylib-definition"; name = libresolv.tbd; path = usr/lib/libresolv.tbd; sourceTree = SDKROOT; };
		F63540E2213E4E7800605ABE /* Xcode.app */ = {isa = PBXFileReference; lastKnownFileType = wrapper.application; name = Xcode.app; path = ../../../../Applications/Xcode.app; sourceTree = "<group>"; };
		F63540E4213E4F8400605ABE /* libresolv.9.dylib */ = {isa = PBXFileReference; lastKnownFileType = "compiled.mach-o.dylib"; name = libresolv.9.dylib; path = ../../../../usr/lib/libresolv.9.dylib; sourceTree = "<group>"; };
		F6397FE425E8937900914B3F /* HostView.swift */ = {isa = PBXFileReference; lastKnownFileType = sourcecode.swift; path = HostView.swift; sourceTree = "<group>"; };
		F6397FEC25EEFEAE00914B3F /* CopyCellView.swift */ = {isa = PBXFileReference; lastKnownFileType = sourcecode.swift; path = CopyCellView.swift; sourceTree = "<group>"; };
		F6397FF125EF012300914B3F /* ShareSheetView.swift */ = {isa = PBXFileReference; lastKnownFileType = sourcecode.swift; path = ShareSheetView.swift; sourceTree = "<group>"; };
		F6397FF625EF045200914B3F /* PurchaseCellView.swift */ = {isa = PBXFileReference; lastKnownFileType = sourcecode.swift; path = PurchaseCellView.swift; sourceTree = "<group>"; };
		F63B9223279BBA03007E845F /* HostData.swift */ = {isa = PBXFileReference; lastKnownFileType = sourcecode.swift; path = HostData.swift; sourceTree = "<group>"; };
		F63B9225279BBA87007E845F /* HostDataGroup.swift */ = {isa = PBXFileReference; lastKnownFileType = sourcecode.swift; path = HostDataGroup.swift; sourceTree = "<group>"; };
		F63B9227279BC31B007E845F /* HostHistoryList.swift */ = {isa = PBXFileReference; lastKnownFileType = sourcecode.swift; path = HostHistoryList.swift; sourceTree = "<group>"; };
		F63B9229279C8EE5007E845F /* HostResultSection.swift */ = {isa = PBXFileReference; lastKnownFileType = sourcecode.swift; path = HostResultSection.swift; sourceTree = "<group>"; };
		F63B922B279C9079007E845F /* HostResult.swift */ = {isa = PBXFileReference; lastKnownFileType = sourcecode.swift; path = HostResult.swift; sourceTree = "<group>"; };
		F643030A25E47BA300109C92 /* EZPanel.swift */ = {isa = PBXFileReference; lastKnownFileType = sourcecode.swift; path = EZPanel.swift; sourceTree = "<group>"; };
		F64418E5271CA13000E40F2C /* LocalDns.swift */ = {isa = PBXFileReference; lastKnownFileType = sourcecode.swift; path = LocalDns.swift; sourceTree = "<group>"; };
		F644A0F727925CF60061C98B /* HostModelWrapperView.swift */ = {isa = PBXFileReference; lastKnownFileType = sourcecode.swift; path = HostModelWrapperView.swift; sourceTree = "<group>"; };
		F644A0F9279268BD0061C98B /* FSDisclosureGroup.swift */ = {isa = PBXFileReference; lastKnownFileType = sourcecode.swift; path = FSDisclosureGroup.swift; sourceTree = "<group>"; };
		F644A0FC2792832F0061C98B /* LocalDnsModel.swift */ = {isa = PBXFileReference; lastKnownFileType = sourcecode.swift; path = LocalDnsModel.swift; sourceTree = "<group>"; };
		F644A0FE279283640061C98B /* WhoisXmlWhoisSectionModel.swift */ = {isa = PBXFileReference; lastKnownFileType = sourcecode.swift; path = WhoisXmlWhoisSectionModel.swift; sourceTree = "<group>"; };
		F644A100279283E30061C98B /* WhoisXmlDnsSectionModel.swift */ = {isa = PBXFileReference; lastKnownFileType = sourcecode.swift; path = WhoisXmlDnsSectionModel.swift; sourceTree = "<group>"; };
		F644A102279284EE0061C98B /* GoogleWebRiskSectionModel.swift */ = {isa = PBXFileReference; lastKnownFileType = sourcecode.swift; path = GoogleWebRiskSectionModel.swift; sourceTree = "<group>"; };
		F650F744233CEB4B00BAA609 /* DataFeedCells.swift */ = {isa = PBXFileReference; lastKnownFileType = sourcecode.swift; path = DataFeedCells.swift; sourceTree = "<group>"; };
		F650F746233CECD900BAA609 /* DataFeedCell.swift */ = {isa = PBXFileReference; lastKnownFileType = sourcecode.swift; path = DataFeedCell.swift; sourceTree = "<group>"; };
		F650F748233CF15800BAA609 /* DataFeed.swift */ = {isa = PBXFileReference; lastKnownFileType = sourcecode.swift; path = DataFeed.swift; sourceTree = "<group>"; };
		F650F74A233E62C100BAA609 /* BlurredPickerView.swift */ = {isa = PBXFileReference; lastKnownFileType = sourcecode.swift; path = BlurredPickerView.swift; sourceTree = "<group>"; };
		F661A27F23020FCF0023FA50 /* UIAlertController.swift */ = {isa = PBXFileReference; lastKnownFileType = sourcecode.swift; path = UIAlertController.swift; sourceTree = "<group>"; };
		F66643B226F02A5B000F17BC /* HostViewModel.swift */ = {isa = PBXFileReference; lastKnownFileType = sourcecode.swift; path = HostViewModel.swift; sourceTree = "<group>"; };
		F66643B426F02A8F000F17BC /* HostViewSection.swift */ = {isa = PBXFileReference; lastKnownFileType = sourcecode.swift; path = HostViewSection.swift; sourceTree = "<group>"; };
		F66643B626F030D5000F17BC /* HostSectionModel.swift */ = {isa = PBXFileReference; lastKnownFileType = sourcecode.swift; path = HostSectionModel.swift; sourceTree = "<group>"; };
		F668EB3B23501FA200EEB379 /* DataFeedEndpoint.swift */ = {isa = PBXFileReference; lastKnownFileType = sourcecode.swift; path = DataFeedEndpoint.swift; sourceTree = "<group>"; };
		F668EB3E2355807100EEB379 /* SKProductSubscriptionPeriod.swift */ = {isa = PBXFileReference; lastKnownFileType = sourcecode.swift; path = SKProductSubscriptionPeriod.swift; sourceTree = "<group>"; };
		F668EB4223563D2C00EEB379 /* DataFeedSubscriptionCellManager.swift */ = {isa = PBXFileReference; lastKnownFileType = sourcecode.swift; path = DataFeedSubscriptionCellManager.swift; sourceTree = "<group>"; };
		F668EB4423563F2500EEB379 /* DataFeedSubscriptionDataViewController.swift */ = {isa = PBXFileReference; lastKnownFileType = sourcecode.swift; path = DataFeedSubscriptionDataViewController.swift; sourceTree = "<group>"; };
		F668EB462356616900EEB379 /* DataFeedUserApiKeyTableViewController.swift */ = {isa = PBXFileReference; lastKnownFileType = sourcecode.swift; path = DataFeedUserApiKeyTableViewController.swift; sourceTree = "<group>"; };
		F668EB4A2356AE3800EEB379 /* IAPFooterView.swift */ = {isa = PBXFileReference; lastKnownFileType = sourcecode.swift; path = IAPFooterView.swift; sourceTree = "<group>"; };
		F671EF4B277553D6007AF79F /* HostSectionOrganizerView.swift */ = {isa = PBXFileReference; lastKnownFileType = sourcecode.swift; path = HostSectionOrganizerView.swift; sourceTree = "<group>"; };
		F67425DA21363FFF00A79492 /* UITextView.swift */ = {isa = PBXFileReference; lastKnownFileType = sourcecode.swift; path = UITextView.swift; sourceTree = "<group>"; };
		F68CE55F23021AC70068D104 /* CopyLabel.swift */ = {isa = PBXFileReference; lastKnownFileType = sourcecode.swift; path = CopyLabel.swift; sourceTree = "<group>"; };
		F68CE5612302203B0068D104 /* CopyDetailCell.swift */ = {isa = PBXFileReference; lastKnownFileType = sourcecode.swift; path = CopyDetailCell.swift; sourceTree = "<group>"; };
		F68CE56323023F7E0068D104 /* CopyCell.swift */ = {isa = PBXFileReference; lastKnownFileType = sourcecode.swift; path = CopyCell.swift; sourceTree = "<group>"; };
		F68CE56523031DA20068D104 /* DataFeedErrors.swift */ = {isa = PBXFileReference; lastKnownFileType = sourcecode.swift; path = DataFeedErrors.swift; sourceTree = "<group>"; };
		F68CE5672303291A0068D104 /* Error.swift */ = {isa = PBXFileReference; lastKnownFileType = sourcecode.swift; path = Error.swift; sourceTree = "<group>"; };
		F68CE569230463A50068D104 /* InterfaceTableViewController.swift */ = {isa = PBXFileReference; lastKnownFileType = sourcecode.swift; path = InterfaceTableViewController.swift; sourceTree = "<group>"; };
		F691B0992147449200BDE0F4 /* WhoisXml.swift */ = {isa = PBXFileReference; lastKnownFileType = sourcecode.swift; path = WhoisXml.swift; sourceTree = "<group>"; };
		F69E3647235805180017296E /* GoogleWebRisk.swift */ = {isa = PBXFileReference; lastKnownFileType = sourcecode.swift; path = GoogleWebRisk.swift; sourceTree = "<group>"; };
		F69E3649235806370017296E /* WhoisXMLDnsService.swift */ = {isa = PBXFileReference; lastKnownFileType = sourcecode.swift; path = WhoisXMLDnsService.swift; sourceTree = "<group>"; };
		F69E364B235806720017296E /* WhoisXMLService.swift */ = {isa = PBXFileReference; lastKnownFileType = sourcecode.swift; path = WhoisXMLService.swift; sourceTree = "<group>"; };
		F69E364D235808560017296E /* DFSubscription.swift */ = {isa = PBXFileReference; lastKnownFileType = sourcecode.swift; path = DFSubscription.swift; sourceTree = "<group>"; };
		F69E364F2358089C0017296E /* DFService.swift */ = {isa = PBXFileReference; lastKnownFileType = sourcecode.swift; path = DFService.swift; sourceTree = "<group>"; };
		F69E3651235808DF0017296E /* DFOneTimePurchase.swift */ = {isa = PBXFileReference; lastKnownFileType = sourcecode.swift; path = DFOneTimePurchase.swift; sourceTree = "<group>"; };
		F69E365323580A7D0017296E /* DataFeedSubscription.swift */ = {isa = PBXFileReference; lastKnownFileType = sourcecode.swift; path = DataFeedSubscription.swift; sourceTree = "<group>"; };
		F69E365523580AA00017296E /* DataFeedService.swift */ = {isa = PBXFileReference; lastKnownFileType = sourcecode.swift; path = DataFeedService.swift; sourceTree = "<group>"; };
		F6A4EB912301C5B800439562 /* InAppPurchaseUpdateDelegate.swift */ = {isa = PBXFileReference; lastKnownFileType = sourcecode.swift; path = InAppPurchaseUpdateDelegate.swift; sourceTree = "<group>"; };
		F6A4EB962301C70000439562 /* TimedCache.swift */ = {isa = PBXFileReference; lastKnownFileType = sourcecode.swift; path = TimedCache.swift; sourceTree = "<group>"; };
		F6A4EB982301DFCC00439562 /* LoadingCell.swift */ = {isa = PBXFileReference; lastKnownFileType = sourcecode.swift; path = LoadingCell.swift; sourceTree = "<group>"; };
		F6A4EB9A2301E78E00439562 /* DNSResolver.swift */ = {isa = PBXFileReference; lastKnownFileType = sourcecode.swift; path = DNSResolver.swift; sourceTree = "<group>"; };
		F6A4EB9C2301F1B900439562 /* WiFiSSID.swift */ = {isa = PBXFileReference; lastKnownFileType = sourcecode.swift; path = WiFiSSID.swift; sourceTree = "<group>"; };
		F6A4EB9E2301F31100439562 /* ec3730.entitlements */ = {isa = PBXFileReference; lastKnownFileType = text.plist.entitlements; path = ec3730.entitlements; sourceTree = "<group>"; };
		F6C38E8726FABEFB00BD9A71 /* StoreKitModel.swift */ = {isa = PBXFileReference; lastKnownFileType = sourcecode.swift; path = StoreKitModel.swift; sourceTree = "<group>"; };
		F6C591B9235EC3A9009BA4B7 /* CenterTextTableViewCell.swift */ = {isa = PBXFileReference; lastKnownFileType = sourcecode.swift; path = CenterTextTableViewCell.swift; sourceTree = "<group>"; };
		F6C87451234FE8030069A57C /* DataFeedsTableViewController.swift */ = {isa = PBXFileReference; lastKnownFileType = sourcecode.swift; path = DataFeedsTableViewController.swift; sourceTree = "<group>"; };
		F6C8D8A1212E5AE900309373 /* ec3730.app */ = {isa = PBXFileReference; explicitFileType = wrapper.application; includeInIndex = 0; path = ec3730.app; sourceTree = BUILT_PRODUCTS_DIR; };
		F6C8D8A4212E5AE900309373 /* AppDelegate.swift */ = {isa = PBXFileReference; lastKnownFileType = sourcecode.swift; path = AppDelegate.swift; sourceTree = "<group>"; };
		F6C8D8AD212E5AEA00309373 /* Assets.xcassets */ = {isa = PBXFileReference; lastKnownFileType = folder.assetcatalog; path = Assets.xcassets; sourceTree = "<group>"; };
		F6C8D8B0212E5AEA00309373 /* Base */ = {isa = PBXFileReference; lastKnownFileType = file.storyboard; name = Base; path = Base.lproj/LaunchScreen.storyboard; sourceTree = "<group>"; };
		F6C8D8B2212E5AEA00309373 /* Info.plist */ = {isa = PBXFileReference; lastKnownFileType = text.plist.xml; path = Info.plist; sourceTree = "<group>"; };
		F6C8D8B7212E5AEB00309373 /* ec3730Tests.xctest */ = {isa = PBXFileReference; explicitFileType = wrapper.cfbundle; includeInIndex = 0; path = ec3730Tests.xctest; sourceTree = BUILT_PRODUCTS_DIR; };
		F6C8D8BB212E5AEB00309373 /* ec3730Tests.swift */ = {isa = PBXFileReference; lastKnownFileType = sourcecode.swift; path = ec3730Tests.swift; sourceTree = "<group>"; };
		F6C8D8BD212E5AEB00309373 /* Info.plist */ = {isa = PBXFileReference; lastKnownFileType = text.plist.xml; path = Info.plist; sourceTree = "<group>"; };
		F6C8D8C2212E5AEB00309373 /* ec3730UITests.xctest */ = {isa = PBXFileReference; explicitFileType = wrapper.cfbundle; includeInIndex = 0; path = ec3730UITests.xctest; sourceTree = BUILT_PRODUCTS_DIR; };
		F6C8D8C6212E5AEB00309373 /* ec3730UITests.swift */ = {isa = PBXFileReference; lastKnownFileType = sourcecode.swift; path = ec3730UITests.swift; sourceTree = "<group>"; };
		F6C8D8C8212E5AEB00309373 /* Info.plist */ = {isa = PBXFileReference; lastKnownFileType = text.plist.xml; path = Info.plist; sourceTree = "<group>"; };
		F6D0B779235902E3009E493B /* DataFeedPurchaseProtocol.swift */ = {isa = PBXFileReference; lastKnownFileType = sourcecode.swift; path = DataFeedPurchaseProtocol.swift; sourceTree = "<group>"; };
		F6D0B77D235A6A43009E493B /* Usage.xcdatamodel */ = {isa = PBXFileReference; lastKnownFileType = wrapper.xcdatamodel; path = Usage.xcdatamodel; sourceTree = "<group>"; };
		F6D0B780235A6C61009E493B /* CloudKit.framework */ = {isa = PBXFileReference; lastKnownFileType = wrapper.framework; name = CloudKit.framework; path = System/Library/Frameworks/CloudKit.framework; sourceTree = SDKROOT; };
		F6D4BB0923583E6100FDAFF7 /* GoogleWebRiskRecord.swift */ = {isa = PBXFileReference; lastKnownFileType = sourcecode.swift; path = GoogleWebRiskRecord.swift; sourceTree = "<group>"; };
		F6D4BB0B23584E0B00FDAFF7 /* GoogleWebRiskCellManager.swift */ = {isa = PBXFileReference; lastKnownFileType = sourcecode.swift; path = GoogleWebRiskCellManager.swift; sourceTree = "<group>"; };
		F6FBB86623677FA700E023F2 /* DeviceController.swift */ = {isa = PBXFileReference; lastKnownFileType = sourcecode.swift; path = DeviceController.swift; sourceTree = "<group>"; };
		F6FBB868236781AC00E023F2 /* UIDevice.swift */ = {isa = PBXFileReference; lastKnownFileType = sourcecode.swift; path = UIDevice.swift; sourceTree = "<group>"; };
		F6FDDFC323047E7E00FBF75E /* SettingsViewController.swift */ = {isa = PBXFileReference; lastKnownFileType = sourcecode.swift; path = SettingsViewController.swift; sourceTree = "<group>"; };
		F6FDDFC523047EE300FBF75E /* DefaultsSwitch.swift */ = {isa = PBXFileReference; lastKnownFileType = sourcecode.swift; path = DefaultsSwitch.swift; sourceTree = "<group>"; };
		F6FDDFC72304803100FBF75E /* UserDefaults.swift */ = {isa = PBXFileReference; lastKnownFileType = sourcecode.swift; path = UserDefaults.swift; sourceTree = "<group>"; };
		F6FDDFC923048DEF00FBF75E /* UIView.swift */ = {isa = PBXFileReference; lastKnownFileType = sourcecode.swift; path = UIView.swift; sourceTree = "<group>"; };
		F6FDDFD5230B095B00FBF75E /* HostTable.swift */ = {isa = PBXFileReference; lastKnownFileType = sourcecode.swift; path = HostTable.swift; sourceTree = "<group>"; };
		F6FDDFD7230B106200FBF75E /* WhoisXmlDnsCells.swift */ = {isa = PBXFileReference; lastKnownFileType = sourcecode.swift; path = WhoisXmlDnsCells.swift; sourceTree = "<group>"; };
		F6FDDFDB230B2BB900FBF75E /* WhoisDnsResults.swift */ = {isa = PBXFileReference; lastKnownFileType = sourcecode.swift; path = WhoisDnsResults.swift; sourceTree = "<group>"; };
		F6FDDFDD230C36DC00FBF75E /* SnapshotHelper.swift */ = {isa = PBXFileReference; fileEncoding = 4; lastKnownFileType = sourcecode.swift; name = SnapshotHelper.swift; path = fastlane/SnapshotHelper.swift; sourceTree = SOURCE_ROOT; };
		F6FDDFDF230C4C7400FBF75E /* CellManager.swift */ = {isa = PBXFileReference; lastKnownFileType = sourcecode.swift; path = CellManager.swift; sourceTree = "<group>"; };
/* End PBXFileReference section */

/* Begin PBXFrameworksBuildPhase section */
		F6C8D89E212E5AE900309373 /* Frameworks */ = {
			isa = PBXFrameworksBuildPhase;
			buildActionMask = 2147483647;
			files = (
				F6D0B781235A6C61009E493B /* CloudKit.framework in Frameworks */,
				F67EDA012411A1C000021F6C /* SwiftyStoreKit in Frameworks */,
				F6F2017325DB6C18008BA024 /* SwiftyPing in Frameworks */,
				F67ED9FB2411A0C200021F6C /* Reachability in Frameworks */,
				F67EDA072411EA7700021F6C /* SKVersion in Frameworks */,
				F67ED9FE2411A0D400021F6C /* KeychainAccess in Frameworks */,
				F67ED9F82411A09000021F6C /* NetUtils in Frameworks */,
				F66BB7202453B85C00E86A93 /* SplitTabBar in Frameworks */,
				F63B922F279C985B007E845F /* Cache in Frameworks */,
				F63540DD213E1D1B00605ABE /* StoreKit.framework in Frameworks */,
				F67EDA0A2411F42B00021F6C /* Highlightr in Frameworks */,
				F67ED9F5240DF56100021F6C /* AddressURL in Frameworks */,
				F643036825E6033D00109C92 /* DeviceKit in Frameworks */,
				F67EDA042411E70F00021F6C /* SplitView in Frameworks */,
			);
			runOnlyForDeploymentPostprocessing = 0;
		};
		F6C8D8B4212E5AEB00309373 /* Frameworks */ = {
			isa = PBXFrameworksBuildPhase;
			buildActionMask = 2147483647;
			files = (
			);
			runOnlyForDeploymentPostprocessing = 0;
		};
		F6C8D8BF212E5AEB00309373 /* Frameworks */ = {
			isa = PBXFrameworksBuildPhase;
			buildActionMask = 2147483647;
			files = (
			);
			runOnlyForDeploymentPostprocessing = 0;
		};
/* End PBXFrameworksBuildPhase section */

/* Begin PBXGroup section */
		35A03C267A216770A8B1937B /* Frameworks */ = {
			isa = PBXGroup;
			children = (
				F6D0B780235A6C61009E493B /* CloudKit.framework */,
				F63540E4213E4F8400605ABE /* libresolv.9.dylib */,
				F63540E2213E4E7800605ABE /* Xcode.app */,
				F63540E0213E4DD200605ABE /* libresolv.tbd */,
				F63540DE213E4DB900605ABE /* libresolv.9.tbd */,
				F63540DC213E1D1B00605ABE /* StoreKit.framework */,
			);
			name = Frameworks;
			sourceTree = "<group>";
		};
		F60FD36E25E060DC00BCEF86 /* Persistence */ = {
			isa = PBXGroup;
			children = (
				F60FD35E25E0607C00BCEF86 /* DataModel.xcdatamodeld */,
				F60FD36425E060A800BCEF86 /* Persistence.swift */,
				F60FD36925E060D700BCEF86 /* PingItem.swift */,
				F63B9223279BBA03007E845F /* HostData.swift */,
				F63B9225279BBA87007E845F /* HostDataGroup.swift */,
			);
			path = Persistence;
			sourceTree = "<group>";
		};
		F6397FE325E8936600914B3F /* Views */ = {
			isa = PBXGroup;
			children = (
				F6397FE425E8937900914B3F /* HostView.swift */,
				F63B9227279BC31B007E845F /* HostHistoryList.swift */,
				F63B922B279C9079007E845F /* HostResult.swift */,
				F63B9229279C8EE5007E845F /* HostResultSection.swift */,
				F644A0F9279268BD0061C98B /* FSDisclosureGroup.swift */,
				F644A0F727925CF60061C98B /* HostModelWrapperView.swift */,
				F66643B426F02A8F000F17BC /* HostViewSection.swift */,
				F6397FEC25EEFEAE00914B3F /* CopyCellView.swift */,
				F6397FF125EF012300914B3F /* ShareSheetView.swift */,
				F6397FF625EF045200914B3F /* PurchaseCellView.swift */,
				F671EF4B277553D6007AF79F /* HostSectionOrganizerView.swift */,
			);
			path = Views;
			sourceTree = "<group>";
		};
		F64418E3271CA11900E40F2C /* LocalDns */ = {
			isa = PBXGroup;
			children = (
				F64418E5271CA13000E40F2C /* LocalDns.swift */,
			);
			path = LocalDns;
			sourceTree = "<group>";
		};
		F644A0FB279283220061C98B /* Sections */ = {
			isa = PBXGroup;
			children = (
				F644A0FC2792832F0061C98B /* LocalDnsModel.swift */,
				F644A0FE279283640061C98B /* WhoisXmlWhoisSectionModel.swift */,
				F644A102279284EE0061C98B /* GoogleWebRiskSectionModel.swift */,
				F644A100279283E30061C98B /* WhoisXmlDnsSectionModel.swift */,
			);
			path = Sections;
			sourceTree = "<group>";
		};
		F66643B126F02A4C000F17BC /* Models */ = {
			isa = PBXGroup;
			children = (
				F66643B226F02A5B000F17BC /* HostViewModel.swift */,
				F6C38E8726FABEFB00BD9A71 /* StoreKitModel.swift */,
				F66643B626F030D5000F17BC /* HostSectionModel.swift */,
				F644A0FB279283220061C98B /* Sections */,
			);
			path = Models;
			sourceTree = "<group>";
		};
		F668EB3D23501FAC00EEB379 /* Data Feeds */ = {
			isa = PBXGroup;
			children = (
				F650F748233CF15800BAA609 /* DataFeed.swift */,
				F69E364D235808560017296E /* DFSubscription.swift */,
				F6D0B77F235A6C32009E493B /* CoreData */,
				F69E365323580A7D0017296E /* DataFeedSubscription.swift */,
				F6D0B779235902E3009E493B /* DataFeedPurchaseProtocol.swift */,
				F69E365523580AA00017296E /* DataFeedService.swift */,
				F69E3651235808DF0017296E /* DFOneTimePurchase.swift */,
				F668EB3B23501FA200EEB379 /* DataFeedEndpoint.swift */,
				F69E364F2358089C0017296E /* DFService.swift */,
				F650F744233CEB4B00BAA609 /* DataFeedCells.swift */,
				F650F746233CECD900BAA609 /* DataFeedCell.swift */,
				F668EB4223563D2C00EEB379 /* DataFeedSubscriptionCellManager.swift */,
				F68CE56523031DA20068D104 /* DataFeedErrors.swift */,
				F64418E3271CA11900E40F2C /* LocalDns */,
				F6D4BB0823583E4800FDAFF7 /* Google */,
				F69E3646235804C10017296E /* WhoisXML */,
			);
			path = "Data Feeds";
			sourceTree = "<group>";
		};
		F69E3646235804C10017296E /* WhoisXML */ = {
			isa = PBXGroup;
			children = (
				F691B0992147449200BDE0F4 /* WhoisXml.swift */,
				F69E364B235806720017296E /* WhoisXMLService.swift */,
				F69E3649235806370017296E /* WhoisXMLDnsService.swift */,
				F619760622FCA33B00CE39A0 /* WhoisXmlCells.swift */,
				F619760A22FCA76200CE39A0 /* WhoisRecord.swift */,
				F6FDDFDB230B2BB900FBF75E /* WhoisDnsResults.swift */,
				F6FDDFD7230B106200FBF75E /* WhoisXmlDnsCells.swift */,
			);
			path = WhoisXML;
			sourceTree = "<group>";
		};
		F6A4EB932301C5CB00439562 /* Protocols */ = {
			isa = PBXGroup;
			children = (
				F6A4EB912301C5B800439562 /* InAppPurchaseUpdateDelegate.swift */,
			);
			path = Protocols;
			sourceTree = "<group>";
		};
		F6A4EB942301C5DD00439562 /* Controllers */ = {
			isa = PBXGroup;
			children = (
				F6310272212FA66600F34E42 /* SRCTabBarController.swift */,
				F63102742130C99D00F34E42 /* PingViewController.swift */,
				F643030A25E47BA300109C92 /* EZPanel.swift */,
				F6310278213366BB00F34E42 /* SourceViewController.swift */,
				F63540DA213E05E000605ABE /* HostViewController.swift */,
				F6FDDFD5230B095B00FBF75E /* HostTable.swift */,
				F63102762130D76200F34E42 /* ReachabilityViewController.swift */,
				F68CE569230463A50068D104 /* InterfaceTableViewController.swift */,
				F6FBB86623677FA700E023F2 /* DeviceController.swift */,
				F6FDDFC323047E7E00FBF75E /* SettingsViewController.swift */,
				F6C87451234FE8030069A57C /* DataFeedsTableViewController.swift */,
				F668EB4423563F2500EEB379 /* DataFeedSubscriptionDataViewController.swift */,
				F668EB462356616900EEB379 /* DataFeedUserApiKeyTableViewController.swift */,
			);
			path = Controllers;
			sourceTree = "<group>";
		};
		F6A4EB952301C5EF00439562 /* Extensions */ = {
			isa = PBXGroup;
			children = (
				F60506732134B23F00DDF8A4 /* UIViewController.swift */,
				F6FDDFC923048DEF00FBF75E /* UIView.swift */,
				F6FDDFC72304803100FBF75E /* UserDefaults.swift */,
				F68CE5672303291A0068D104 /* Error.swift */,
				F6FBB868236781AC00E023F2 /* UIDevice.swift */,
				F661A27F23020FCF0023FA50 /* UIAlertController.swift */,
				F668EB3E2355807100EEB379 /* SKProductSubscriptionPeriod.swift */,
				F67425DA21363FFF00A79492 /* UITextView.swift */,
				F63540D4213DEBDD00605ABE /* Reachability.swift */,
			);
			path = Extensions;
			sourceTree = "<group>";
		};
		F6C8D898212E5AE900309373 = {
			isa = PBXGroup;
			children = (
				F6C8D8A3212E5AE900309373 /* ec3730 */,
				F6C8D8BA212E5AEB00309373 /* ec3730Tests */,
				F6C8D8C5212E5AEB00309373 /* ec3730UITests */,
				F6C8D8A2212E5AE900309373 /* Products */,
				35A03C267A216770A8B1937B /* Frameworks */,
			);
			sourceTree = "<group>";
		};
		F6C8D8A2212E5AE900309373 /* Products */ = {
			isa = PBXGroup;
			children = (
				F6C8D8A1212E5AE900309373 /* ec3730.app */,
				F6C8D8B7212E5AEB00309373 /* ec3730Tests.xctest */,
				F6C8D8C2212E5AEB00309373 /* ec3730UITests.xctest */,
			);
			name = Products;
			sourceTree = "<group>";
		};
		F6C8D8A3212E5AE900309373 /* ec3730 */ = {
			isa = PBXGroup;
			children = (
				F6A4EB9E2301F31100439562 /* ec3730.entitlements */,
				F6242CC1260185180051320F /* Configuration.storekit */,
				F6C8D8A4212E5AE900309373 /* AppDelegate.swift */,
				F6A4EB942301C5DD00439562 /* Controllers */,
				F668EB3D23501FAC00EEB379 /* Data Feeds */,
				F6FDDFDF230C4C7400FBF75E /* CellManager.swift */,
				F66643B126F02A4C000F17BC /* Models */,
				F6397FE325E8936600914B3F /* Views */,
				F668EB4A2356AE3800EEB379 /* IAPFooterView.swift */,
				F650F74A233E62C100BAA609 /* BlurredPickerView.swift */,
				F6FDDFC523047EE300FBF75E /* DefaultsSwitch.swift */,
				F68CE5612302203B0068D104 /* CopyDetailCell.swift */,
				F6C591B9235EC3A9009BA4B7 /* CenterTextTableViewCell.swift */,
				F68CE56323023F7E0068D104 /* CopyCell.swift */,
				F6A4EB982301DFCC00439562 /* LoadingCell.swift */,
				F68CE55F23021AC70068D104 /* CopyLabel.swift */,
				F6A4EB962301C70000439562 /* TimedCache.swift */,
				F6A4EB9A2301E78E00439562 /* DNSResolver.swift */,
				F6A4EB9C2301F1B900439562 /* WiFiSSID.swift */,
				F6A4EB932301C5CB00439562 /* Protocols */,
				F619760822FCA39F00CE39A0 /* WhoisLockedTableViewCell.swift */,
				F6C8D8AD212E5AEA00309373 /* Assets.xcassets */,
				F6C8D8AF212E5AEA00309373 /* LaunchScreen.storyboard */,
				F60FD36E25E060DC00BCEF86 /* Persistence */,
				F6C8D8B2212E5AEA00309373 /* Info.plist */,
				F6A4EB952301C5EF00439562 /* Extensions */,
				F63540D8213DFE8300605ABE /* ApiKeys.swift */,
			);
			path = ec3730;
			sourceTree = "<group>";
		};
		F6C8D8BA212E5AEB00309373 /* ec3730Tests */ = {
			isa = PBXGroup;
			children = (
				F6C8D8BB212E5AEB00309373 /* ec3730Tests.swift */,
				F6C8D8BD212E5AEB00309373 /* Info.plist */,
			);
			path = ec3730Tests;
			sourceTree = "<group>";
		};
		F6C8D8C5212E5AEB00309373 /* ec3730UITests */ = {
			isa = PBXGroup;
			children = (
				F6C8D8C6212E5AEB00309373 /* ec3730UITests.swift */,
				F6FDDFDD230C36DC00FBF75E /* SnapshotHelper.swift */,
				F6C8D8C8212E5AEB00309373 /* Info.plist */,
			);
			path = ec3730UITests;
			sourceTree = "<group>";
		};
		F6D0B77F235A6C32009E493B /* CoreData */ = {
			isa = PBXGroup;
			children = (
				F6D0B77C235A6A43009E493B /* NetUtilsCoreData.xcdatamodeld */,
			);
			path = CoreData;
			sourceTree = "<group>";
		};
		F6D4BB0823583E4800FDAFF7 /* Google */ = {
			isa = PBXGroup;
			children = (
				F69E3647235805180017296E /* GoogleWebRisk.swift */,
				F6D4BB0923583E6100FDAFF7 /* GoogleWebRiskRecord.swift */,
				F6D4BB0B23584E0B00FDAFF7 /* GoogleWebRiskCellManager.swift */,
			);
			path = Google;
			sourceTree = "<group>";
		};
/* End PBXGroup section */

/* Begin PBXNativeTarget section */
		F6C8D8A0212E5AE900309373 /* ec3730 */ = {
			isa = PBXNativeTarget;
			buildConfigurationList = F6C8D8CB212E5AEB00309373 /* Build configuration list for PBXNativeTarget "ec3730" */;
			buildPhases = (
				F6C8D89D212E5AE900309373 /* Sources */,
				F6C8D89E212E5AE900309373 /* Frameworks */,
				F6C8D89F212E5AE900309373 /* Resources */,
			);
			buildRules = (
			);
			dependencies = (
			);
			name = ec3730;
			packageProductDependencies = (
				F67ED9F4240DF56100021F6C /* AddressURL */,
				F67ED9F72411A09000021F6C /* NetUtils */,
				F67ED9FA2411A0C200021F6C /* Reachability */,
				F67ED9FD2411A0D400021F6C /* KeychainAccess */,
				F67EDA002411A1C000021F6C /* SwiftyStoreKit */,
				F67EDA032411E70F00021F6C /* SplitView */,
				F67EDA062411EA7700021F6C /* SKVersion */,
				F67EDA092411F42B00021F6C /* Highlightr */,
				F66BB71F2453B85C00E86A93 /* SplitTabBar */,
				F6F2017225DB6C18008BA024 /* SwiftyPing */,
				F643036725E6033D00109C92 /* DeviceKit */,
				F63B922E279C985B007E845F /* Cache */,
			);
			productName = ec3730;
			productReference = F6C8D8A1212E5AE900309373 /* ec3730.app */;
			productType = "com.apple.product-type.application";
		};
		F6C8D8B6212E5AEB00309373 /* ec3730Tests */ = {
			isa = PBXNativeTarget;
			buildConfigurationList = F6C8D8CE212E5AEB00309373 /* Build configuration list for PBXNativeTarget "ec3730Tests" */;
			buildPhases = (
				F6C8D8B3212E5AEB00309373 /* Sources */,
				F6C8D8B4212E5AEB00309373 /* Frameworks */,
				F6C8D8B5212E5AEB00309373 /* Resources */,
			);
			buildRules = (
			);
			dependencies = (
				F6C8D8B9212E5AEB00309373 /* PBXTargetDependency */,
			);
			name = ec3730Tests;
			productName = ec3730Tests;
			productReference = F6C8D8B7212E5AEB00309373 /* ec3730Tests.xctest */;
			productType = "com.apple.product-type.bundle.unit-test";
		};
		F6C8D8C1212E5AEB00309373 /* ec3730UITests */ = {
			isa = PBXNativeTarget;
			buildConfigurationList = F6C8D8D1212E5AEB00309373 /* Build configuration list for PBXNativeTarget "ec3730UITests" */;
			buildPhases = (
				F6C8D8BE212E5AEB00309373 /* Sources */,
				F6C8D8BF212E5AEB00309373 /* Frameworks */,
				F6C8D8C0212E5AEB00309373 /* Resources */,
			);
			buildRules = (
			);
			dependencies = (
				F6C8D8C4212E5AEB00309373 /* PBXTargetDependency */,
			);
			name = ec3730UITests;
			productName = ec3730UITests;
			productReference = F6C8D8C2212E5AEB00309373 /* ec3730UITests.xctest */;
			productType = "com.apple.product-type.bundle.ui-testing";
		};
/* End PBXNativeTarget section */

/* Begin PBXProject section */
		F6C8D899212E5AE900309373 /* Project object */ = {
			isa = PBXProject;
			attributes = {
				LastSwiftUpdateCheck = 0940;
				LastUpgradeCheck = 1240;
				ORGANIZATIONNAME = "Zachary Gorak";
				TargetAttributes = {
					F6C8D8A0212E5AE900309373 = {
						CreatedOnToolsVersion = 9.4.1;
						SystemCapabilities = {
							com.apple.AccessWiFi = {
								enabled = 1;
							};
							com.apple.InAppPurchase = {
								enabled = 1;
							};
						};
					};
					F6C8D8B6212E5AEB00309373 = {
						CreatedOnToolsVersion = 9.4.1;
						LastSwiftMigration = 1030;
						TestTargetID = F6C8D8A0212E5AE900309373;
					};
					F6C8D8C1212E5AEB00309373 = {
						CreatedOnToolsVersion = 9.4.1;
						LastSwiftMigration = 1030;
						TestTargetID = F6C8D8A0212E5AE900309373;
					};
				};
			};
			buildConfigurationList = F6C8D89C212E5AE900309373 /* Build configuration list for PBXProject "ec3730" */;
			compatibilityVersion = "Xcode 9.3";
			developmentRegion = en;
			hasScannedForEncodings = 0;
			knownRegions = (
				en,
				Base,
			);
			mainGroup = F6C8D898212E5AE900309373;
			packageReferences = (
				F67ED9F3240DF56100021F6C /* XCRemoteSwiftPackageReference "AddressURL" */,
				F67ED9F62411A09000021F6C /* XCRemoteSwiftPackageReference "swift-netutils" */,
				F67ED9F92411A0C200021F6C /* XCRemoteSwiftPackageReference "Reachability" */,
				F67ED9FC2411A0D400021F6C /* XCRemoteSwiftPackageReference "KeychainAccess" */,
				F67ED9FF2411A1C000021F6C /* XCRemoteSwiftPackageReference "SwiftyStoreKit" */,
				F67EDA022411E70F00021F6C /* XCRemoteSwiftPackageReference "splitview" */,
				F67EDA052411EA7700021F6C /* XCRemoteSwiftPackageReference "SKVersion" */,
				F67EDA082411F42B00021F6C /* XCRemoteSwiftPackageReference "Highlightr" */,
				F66BB71E2453B85C00E86A93 /* XCRemoteSwiftPackageReference "SplitTabBar" */,
				F6F2017125DB6C18008BA024 /* XCRemoteSwiftPackageReference "SwiftyPing" */,
				F643036625E6033D00109C92 /* XCRemoteSwiftPackageReference "DeviceKit" */,
				F63B922D279C985B007E845F /* XCRemoteSwiftPackageReference "Cache" */,
			);
			productRefGroup = F6C8D8A2212E5AE900309373 /* Products */;
			projectDirPath = "";
			projectRoot = "";
			targets = (
				F6C8D8A0212E5AE900309373 /* ec3730 */,
				F6C8D8B6212E5AEB00309373 /* ec3730Tests */,
				F6C8D8C1212E5AEB00309373 /* ec3730UITests */,
			);
		};
/* End PBXProject section */

/* Begin PBXResourcesBuildPhase section */
		F6C8D89F212E5AE900309373 /* Resources */ = {
			isa = PBXResourcesBuildPhase;
			buildActionMask = 2147483647;
			files = (
				F6C8D8B1212E5AEA00309373 /* LaunchScreen.storyboard in Resources */,
				F6C8D8AE212E5AEA00309373 /* Assets.xcassets in Resources */,
			);
			runOnlyForDeploymentPostprocessing = 0;
		};
		F6C8D8B5212E5AEB00309373 /* Resources */ = {
			isa = PBXResourcesBuildPhase;
			buildActionMask = 2147483647;
			files = (
			);
			runOnlyForDeploymentPostprocessing = 0;
		};
		F6C8D8C0212E5AEB00309373 /* Resources */ = {
			isa = PBXResourcesBuildPhase;
			buildActionMask = 2147483647;
			files = (
			);
			runOnlyForDeploymentPostprocessing = 0;
		};
/* End PBXResourcesBuildPhase section */

/* Begin PBXSourcesBuildPhase section */
		F6C8D89D212E5AE900309373 /* Sources */ = {
			isa = PBXSourcesBuildPhase;
			buildActionMask = 2147483647;
			files = (
				F6FDDFC82304803100FBF75E /* UserDefaults.swift in Sources */,
				F6397FED25EEFEAE00914B3F /* CopyCellView.swift in Sources */,
				F650F74B233E62C100BAA609 /* BlurredPickerView.swift in Sources */,
				F668EB4323563D2C00EEB379 /* DataFeedSubscriptionCellManager.swift in Sources */,
				F67425DB21363FFF00A79492 /* UITextView.swift in Sources */,
				F66643B526F02A8F000F17BC /* HostViewSection.swift in Sources */,
				F6310273212FA66600F34E42 /* SRCTabBarController.swift in Sources */,
				F6A4EB972301C70000439562 /* TimedCache.swift in Sources */,
				F6FDDFD8230B106200FBF75E /* WhoisXmlDnsCells.swift in Sources */,
				F60FD36A25E060D700BCEF86 /* PingItem.swift in Sources */,
				F68CE56623031DA20068D104 /* DataFeedErrors.swift in Sources */,
				F69E365423580A7D0017296E /* DataFeedSubscription.swift in Sources */,
				F69E3652235808DF0017296E /* DFOneTimePurchase.swift in Sources */,
				F63540D9213DFE8300605ABE /* ApiKeys.swift in Sources */,
				F68CE56A230463A50068D104 /* InterfaceTableViewController.swift in Sources */,
				F644A0FD279283300061C98B /* LocalDnsModel.swift in Sources */,
				F6D0B77A235902E3009E493B /* DataFeedPurchaseProtocol.swift in Sources */,
				F661A28023020FCF0023FA50 /* UIAlertController.swift in Sources */,
				F63B9224279BBA03007E845F /* HostData.swift in Sources */,
				F66643B326F02A5B000F17BC /* HostViewModel.swift in Sources */,
				F63102752130C99D00F34E42 /* PingViewController.swift in Sources */,
				F6C38E8826FABEFB00BD9A71 /* StoreKitModel.swift in Sources */,
				F66643B726F030D5000F17BC /* HostSectionModel.swift in Sources */,
				F668EB472356616900EEB379 /* DataFeedUserApiKeyTableViewController.swift in Sources */,
				F619760922FCA39F00CE39A0 /* WhoisLockedTableViewCell.swift in Sources */,
				F69E3648235805180017296E /* GoogleWebRisk.swift in Sources */,
				F6C87452234FE8030069A57C /* DataFeedsTableViewController.swift in Sources */,
				F6FDDFCA23048DEF00FBF75E /* UIView.swift in Sources */,
				F6FDDFC623047EE300FBF75E /* DefaultsSwitch.swift in Sources */,
				F6C591BA235EC3A9009BA4B7 /* CenterTextTableViewCell.swift in Sources */,
				F63B9228279BC31B007E845F /* HostHistoryList.swift in Sources */,
				F69E365623580AA00017296E /* DataFeedService.swift in Sources */,
				F68CE5622302203B0068D104 /* CopyDetailCell.swift in Sources */,
				F60FD36025E0607C00BCEF86 /* DataModel.xcdatamodeld in Sources */,
				F69E36502358089C0017296E /* DFService.swift in Sources */,
				F619760B22FCA76200CE39A0 /* WhoisRecord.swift in Sources */,
				F6A4EB9B2301E78E00439562 /* DNSResolver.swift in Sources */,
				F644A103279284EE0061C98B /* GoogleWebRiskSectionModel.swift in Sources */,
				F650F745233CEB4B00BAA609 /* DataFeedCells.swift in Sources */,
				F63B922A279C8EE5007E845F /* HostResultSection.swift in Sources */,
				F619760722FCA33B00CE39A0 /* WhoisXmlCells.swift in Sources */,
				F6FDDFD6230B095B00FBF75E /* HostTable.swift in Sources */,
				F644A0FF279283640061C98B /* WhoisXmlWhoisSectionModel.swift in Sources */,
				F60506742134B23F00DDF8A4 /* UIViewController.swift in Sources */,
				F691B09A2147449200BDE0F4 /* WhoisXml.swift in Sources */,
				F6310279213366BB00F34E42 /* SourceViewController.swift in Sources */,
				F668EB4B2356AE3800EEB379 /* IAPFooterView.swift in Sources */,
				F668EB3C23501FA200EEB379 /* DataFeedEndpoint.swift in Sources */,
				F68CE56023021AC70068D104 /* CopyLabel.swift in Sources */,
				F64418E6271CA13000E40F2C /* LocalDns.swift in Sources */,
				F6D4BB0C23584E0C00FDAFF7 /* GoogleWebRiskCellManager.swift in Sources */,
				F650F749233CF15800BAA609 /* DataFeed.swift in Sources */,
				F68CE56423023F7E0068D104 /* CopyCell.swift in Sources */,
				F6A4EB992301DFCC00439562 /* LoadingCell.swift in Sources */,
				F63540DB213E05E000605ABE /* HostViewController.swift in Sources */,
				F668EB4523563F2500EEB379 /* DataFeedSubscriptionDataViewController.swift in Sources */,
				F6C8D8A5212E5AE900309373 /* AppDelegate.swift in Sources */,
				F6FDDFDC230B2BB900FBF75E /* WhoisDnsResults.swift in Sources */,
				F644A101279283E30061C98B /* WhoisXmlDnsSectionModel.swift in Sources */,
				F6A4EB922301C5B800439562 /* InAppPurchaseUpdateDelegate.swift in Sources */,
				F6A4EB9D2301F1B900439562 /* WiFiSSID.swift in Sources */,
				F63540D5213DEBDD00605ABE /* Reachability.swift in Sources */,
				F668EB3F2355807100EEB379 /* SKProductSubscriptionPeriod.swift in Sources */,
				F69E364E235808560017296E /* DFSubscription.swift in Sources */,
				F6D0B77E235A6A43009E493B /* NetUtilsCoreData.xcdatamodeld in Sources */,
				F650F747233CECD900BAA609 /* DataFeedCell.swift in Sources */,
				F643030B25E47BA300109C92 /* EZPanel.swift in Sources */,
				F68CE5682303291A0068D104 /* Error.swift in Sources */,
				F644A0FA279268BD0061C98B /* FSDisclosureGroup.swift in Sources */,
				F63102772130D76200F34E42 /* ReachabilityViewController.swift in Sources */,
				F644A0F827925CF60061C98B /* HostModelWrapperView.swift in Sources */,
				F6D4BB0A23583E6100FDAFF7 /* GoogleWebRiskRecord.swift in Sources */,
				F69E364C235806720017296E /* WhoisXMLService.swift in Sources */,
				F6FBB869236781AC00E023F2 /* UIDevice.swift in Sources */,
				F6397FF225EF012300914B3F /* ShareSheetView.swift in Sources */,
				F60FD36525E060A800BCEF86 /* Persistence.swift in Sources */,
				F6397FE525E8937A00914B3F /* HostView.swift in Sources */,
				F6FDDFC423047E7E00FBF75E /* SettingsViewController.swift in Sources */,
				F69E364A235806370017296E /* WhoisXMLDnsService.swift in Sources */,
				F6FDDFE0230C4C7400FBF75E /* CellManager.swift in Sources */,
				F6397FF725EF045200914B3F /* PurchaseCellView.swift in Sources */,
				F63B9226279BBA87007E845F /* HostDataGroup.swift in Sources */,
				F6FBB86723677FA700E023F2 /* DeviceController.swift in Sources */,
				F671EF4C277553D6007AF79F /* HostSectionOrganizerView.swift in Sources */,
				F63B922C279C9079007E845F /* HostResult.swift in Sources */,
			);
			runOnlyForDeploymentPostprocessing = 0;
		};
		F6C8D8B3212E5AEB00309373 /* Sources */ = {
			isa = PBXSourcesBuildPhase;
			buildActionMask = 2147483647;
			files = (
				F6C8D8BC212E5AEB00309373 /* ec3730Tests.swift in Sources */,
			);
			runOnlyForDeploymentPostprocessing = 0;
		};
		F6C8D8BE212E5AEB00309373 /* Sources */ = {
			isa = PBXSourcesBuildPhase;
			buildActionMask = 2147483647;
			files = (
				F6C8D8C7212E5AEB00309373 /* ec3730UITests.swift in Sources */,
				F6FDDFDE230C36DC00FBF75E /* SnapshotHelper.swift in Sources */,
			);
			runOnlyForDeploymentPostprocessing = 0;
		};
/* End PBXSourcesBuildPhase section */

/* Begin PBXTargetDependency section */
		F6C8D8B9212E5AEB00309373 /* PBXTargetDependency */ = {
			isa = PBXTargetDependency;
			target = F6C8D8A0212E5AE900309373 /* ec3730 */;
			targetProxy = F6C8D8B8212E5AEB00309373 /* PBXContainerItemProxy */;
		};
		F6C8D8C4212E5AEB00309373 /* PBXTargetDependency */ = {
			isa = PBXTargetDependency;
			target = F6C8D8A0212E5AE900309373 /* ec3730 */;
			targetProxy = F6C8D8C3212E5AEB00309373 /* PBXContainerItemProxy */;
		};
/* End PBXTargetDependency section */

/* Begin PBXVariantGroup section */
		F6C8D8AF212E5AEA00309373 /* LaunchScreen.storyboard */ = {
			isa = PBXVariantGroup;
			children = (
				F6C8D8B0212E5AEA00309373 /* Base */,
			);
			name = LaunchScreen.storyboard;
			sourceTree = "<group>";
		};
/* End PBXVariantGroup section */

/* Begin XCBuildConfiguration section */
		F6C8D8C9212E5AEB00309373 /* Debug */ = {
			isa = XCBuildConfiguration;
			buildSettings = {
				ALWAYS_SEARCH_USER_PATHS = NO;
				CLANG_ANALYZER_NONNULL = YES;
				CLANG_ANALYZER_NUMBER_OBJECT_CONVERSION = YES_AGGRESSIVE;
				CLANG_CXX_LANGUAGE_STANDARD = "gnu++14";
				CLANG_CXX_LIBRARY = "libc++";
				CLANG_ENABLE_MODULES = YES;
				CLANG_ENABLE_OBJC_ARC = YES;
				CLANG_ENABLE_OBJC_WEAK = YES;
				CLANG_WARN_BLOCK_CAPTURE_AUTORELEASING = YES;
				CLANG_WARN_BOOL_CONVERSION = YES;
				CLANG_WARN_COMMA = YES;
				CLANG_WARN_CONSTANT_CONVERSION = YES;
				CLANG_WARN_DEPRECATED_OBJC_IMPLEMENTATIONS = YES;
				CLANG_WARN_DIRECT_OBJC_ISA_USAGE = YES_ERROR;
				CLANG_WARN_DOCUMENTATION_COMMENTS = YES;
				CLANG_WARN_EMPTY_BODY = YES;
				CLANG_WARN_ENUM_CONVERSION = YES;
				CLANG_WARN_INFINITE_RECURSION = YES;
				CLANG_WARN_INT_CONVERSION = YES;
				CLANG_WARN_NON_LITERAL_NULL_CONVERSION = YES;
				CLANG_WARN_OBJC_IMPLICIT_RETAIN_SELF = YES;
				CLANG_WARN_OBJC_LITERAL_CONVERSION = YES;
				CLANG_WARN_OBJC_ROOT_CLASS = YES_ERROR;
				CLANG_WARN_QUOTED_INCLUDE_IN_FRAMEWORK_HEADER = YES;
				CLANG_WARN_RANGE_LOOP_ANALYSIS = YES;
				CLANG_WARN_STRICT_PROTOTYPES = YES;
				CLANG_WARN_SUSPICIOUS_MOVE = YES;
				CLANG_WARN_UNGUARDED_AVAILABILITY = YES_AGGRESSIVE;
				CLANG_WARN_UNREACHABLE_CODE = YES;
				CLANG_WARN__DUPLICATE_METHOD_MATCH = YES;
				CODE_SIGN_IDENTITY = "iPhone Developer";
				COPY_PHASE_STRIP = NO;
				DEBUG_INFORMATION_FORMAT = dwarf;
				ENABLE_STRICT_OBJC_MSGSEND = YES;
				ENABLE_TESTABILITY = YES;
				GCC_C_LANGUAGE_STANDARD = gnu11;
				GCC_DYNAMIC_NO_PIC = NO;
				GCC_NO_COMMON_BLOCKS = YES;
				GCC_OPTIMIZATION_LEVEL = 0;
				GCC_PREPROCESSOR_DEFINITIONS = (
					"DEBUG=1",
					"$(inherited)",
				);
				GCC_WARN_64_TO_32_BIT_CONVERSION = YES;
				GCC_WARN_ABOUT_RETURN_TYPE = YES_ERROR;
				GCC_WARN_UNDECLARED_SELECTOR = YES;
				GCC_WARN_UNINITIALIZED_AUTOS = YES_AGGRESSIVE;
				GCC_WARN_UNUSED_FUNCTION = YES;
				GCC_WARN_UNUSED_VARIABLE = YES;
				IPHONEOS_DEPLOYMENT_TARGET = 15.0;
				MTL_ENABLE_DEBUG_INFO = YES;
				ONLY_ACTIVE_ARCH = YES;
				SDKROOT = iphoneos;
				SWIFT_ACTIVE_COMPILATION_CONDITIONS = DEBUG;
				SWIFT_OPTIMIZATION_LEVEL = "-Onone";
			};
			name = Debug;
		};
		F6C8D8CA212E5AEB00309373 /* Release */ = {
			isa = XCBuildConfiguration;
			buildSettings = {
				ALWAYS_SEARCH_USER_PATHS = NO;
				CLANG_ANALYZER_NONNULL = YES;
				CLANG_ANALYZER_NUMBER_OBJECT_CONVERSION = YES_AGGRESSIVE;
				CLANG_CXX_LANGUAGE_STANDARD = "gnu++14";
				CLANG_CXX_LIBRARY = "libc++";
				CLANG_ENABLE_MODULES = YES;
				CLANG_ENABLE_OBJC_ARC = YES;
				CLANG_ENABLE_OBJC_WEAK = YES;
				CLANG_WARN_BLOCK_CAPTURE_AUTORELEASING = YES;
				CLANG_WARN_BOOL_CONVERSION = YES;
				CLANG_WARN_COMMA = YES;
				CLANG_WARN_CONSTANT_CONVERSION = YES;
				CLANG_WARN_DEPRECATED_OBJC_IMPLEMENTATIONS = YES;
				CLANG_WARN_DIRECT_OBJC_ISA_USAGE = YES_ERROR;
				CLANG_WARN_DOCUMENTATION_COMMENTS = YES;
				CLANG_WARN_EMPTY_BODY = YES;
				CLANG_WARN_ENUM_CONVERSION = YES;
				CLANG_WARN_INFINITE_RECURSION = YES;
				CLANG_WARN_INT_CONVERSION = YES;
				CLANG_WARN_NON_LITERAL_NULL_CONVERSION = YES;
				CLANG_WARN_OBJC_IMPLICIT_RETAIN_SELF = YES;
				CLANG_WARN_OBJC_LITERAL_CONVERSION = YES;
				CLANG_WARN_OBJC_ROOT_CLASS = YES_ERROR;
				CLANG_WARN_QUOTED_INCLUDE_IN_FRAMEWORK_HEADER = YES;
				CLANG_WARN_RANGE_LOOP_ANALYSIS = YES;
				CLANG_WARN_STRICT_PROTOTYPES = YES;
				CLANG_WARN_SUSPICIOUS_MOVE = YES;
				CLANG_WARN_UNGUARDED_AVAILABILITY = YES_AGGRESSIVE;
				CLANG_WARN_UNREACHABLE_CODE = YES;
				CLANG_WARN__DUPLICATE_METHOD_MATCH = YES;
				CODE_SIGN_IDENTITY = "iPhone Developer";
				COPY_PHASE_STRIP = NO;
				DEBUG_INFORMATION_FORMAT = "dwarf-with-dsym";
				ENABLE_NS_ASSERTIONS = NO;
				ENABLE_STRICT_OBJC_MSGSEND = YES;
				GCC_C_LANGUAGE_STANDARD = gnu11;
				GCC_NO_COMMON_BLOCKS = YES;
				GCC_WARN_64_TO_32_BIT_CONVERSION = YES;
				GCC_WARN_ABOUT_RETURN_TYPE = YES_ERROR;
				GCC_WARN_UNDECLARED_SELECTOR = YES;
				GCC_WARN_UNINITIALIZED_AUTOS = YES_AGGRESSIVE;
				GCC_WARN_UNUSED_FUNCTION = YES;
				GCC_WARN_UNUSED_VARIABLE = YES;
				IPHONEOS_DEPLOYMENT_TARGET = 15.0;
				MTL_ENABLE_DEBUG_INFO = NO;
				SDKROOT = iphoneos;
				SWIFT_COMPILATION_MODE = wholemodule;
				SWIFT_OPTIMIZATION_LEVEL = "-O";
				VALIDATE_PRODUCT = YES;
			};
			name = Release;
		};
		F6C8D8CC212E5AEB00309373 /* Debug */ = {
			isa = XCBuildConfiguration;
			buildSettings = {
				ASSETCATALOG_COMPILER_APPICON_NAME = AppIcon;
				CODE_SIGN_ENTITLEMENTS = ec3730/ec3730.entitlements;
				CODE_SIGN_IDENTITY = "Apple Development";
				CODE_SIGN_STYLE = Automatic;
				CURRENT_PROJECT_VERSION = 3;
				DEVELOPMENT_TEAM = C6L3992RFB;
				GCC_TREAT_WARNINGS_AS_ERRORS = YES;
				INFOPLIST_FILE = ec3730/Info.plist;
				IPHONEOS_DEPLOYMENT_TARGET = 15.0;
				LD_RUNPATH_SEARCH_PATHS = (
					"$(inherited)",
					"@executable_path/Frameworks",
				);
				MARKETING_VERSION = 2.6.0;
				PRODUCT_BUNDLE_IDENTIFIER = com.twodayslate.ec3730;
				PRODUCT_NAME = "$(TARGET_NAME)";
				PROVISIONING_PROFILE_SPECIFIER = "";
				SUPPORTS_MACCATALYST = NO;
				SWIFT_TREAT_WARNINGS_AS_ERRORS = YES;
				SWIFT_VERSION = 5.0;
				TARGETED_DEVICE_FAMILY = "1,2";
				USER_HEADER_SEARCH_PATHS = "";
			};
			name = Debug;
		};
		F6C8D8CD212E5AEB00309373 /* Release */ = {
			isa = XCBuildConfiguration;
			buildSettings = {
				ASSETCATALOG_COMPILER_APPICON_NAME = AppIcon;
				CODE_SIGN_ENTITLEMENTS = ec3730/ec3730.entitlements;
				CODE_SIGN_IDENTITY = "Apple Development";
				CODE_SIGN_STYLE = Automatic;
				CURRENT_PROJECT_VERSION = 3;
				DEVELOPMENT_TEAM = C6L3992RFB;
				GCC_TREAT_WARNINGS_AS_ERRORS = YES;
				INFOPLIST_FILE = ec3730/Info.plist;
				IPHONEOS_DEPLOYMENT_TARGET = 15.0;
				LD_RUNPATH_SEARCH_PATHS = (
					"$(inherited)",
					"@executable_path/Frameworks",
				);
				MARKETING_VERSION = 2.6.0;
				PRODUCT_BUNDLE_IDENTIFIER = com.twodayslate.ec3730;
				PRODUCT_NAME = "$(TARGET_NAME)";
				PROVISIONING_PROFILE_SPECIFIER = "";
				SUPPORTS_MACCATALYST = NO;
				SWIFT_TREAT_WARNINGS_AS_ERRORS = YES;
				SWIFT_VERSION = 5.0;
				TARGETED_DEVICE_FAMILY = "1,2";
				USER_HEADER_SEARCH_PATHS = "";
			};
			name = Release;
		};
		F6C8D8CF212E5AEB00309373 /* Debug */ = {
			isa = XCBuildConfiguration;
			buildSettings = {
				ALWAYS_EMBED_SWIFT_STANDARD_LIBRARIES = YES;
				BUNDLE_LOADER = "$(TEST_HOST)";
				CODE_SIGN_STYLE = Automatic;
				DEVELOPMENT_TEAM = C6L3992RFB;
				INFOPLIST_FILE = ec3730Tests/Info.plist;
				LD_RUNPATH_SEARCH_PATHS = (
					"$(inherited)",
					"@executable_path/Frameworks",
					"@loader_path/Frameworks",
				);
				PRODUCT_BUNDLE_IDENTIFIER = com.twodayslate.ec3730Tests;
				PRODUCT_NAME = "$(TARGET_NAME)";
				SWIFT_VERSION = 5.0;
				TARGETED_DEVICE_FAMILY = "1,2";
				TEST_HOST = "$(BUILT_PRODUCTS_DIR)/ec3730.app/ec3730";
			};
			name = Debug;
		};
		F6C8D8D0212E5AEB00309373 /* Release */ = {
			isa = XCBuildConfiguration;
			buildSettings = {
				ALWAYS_EMBED_SWIFT_STANDARD_LIBRARIES = YES;
				BUNDLE_LOADER = "$(TEST_HOST)";
				CODE_SIGN_STYLE = Automatic;
				DEVELOPMENT_TEAM = C6L3992RFB;
				INFOPLIST_FILE = ec3730Tests/Info.plist;
				LD_RUNPATH_SEARCH_PATHS = (
					"$(inherited)",
					"@executable_path/Frameworks",
					"@loader_path/Frameworks",
				);
				PRODUCT_BUNDLE_IDENTIFIER = com.twodayslate.ec3730Tests;
				PRODUCT_NAME = "$(TARGET_NAME)";
				SWIFT_VERSION = 5.0;
				TARGETED_DEVICE_FAMILY = "1,2";
				TEST_HOST = "$(BUILT_PRODUCTS_DIR)/ec3730.app/ec3730";
			};
			name = Release;
		};
		F6C8D8D2212E5AEB00309373 /* Debug */ = {
			isa = XCBuildConfiguration;
			buildSettings = {
				ALWAYS_EMBED_SWIFT_STANDARD_LIBRARIES = YES;
				CODE_SIGN_STYLE = Automatic;
				DEVELOPMENT_TEAM = C6L3992RFB;
				INFOPLIST_FILE = ec3730UITests/Info.plist;
				LD_RUNPATH_SEARCH_PATHS = (
					"$(inherited)",
					"@executable_path/Frameworks",
					"@loader_path/Frameworks",
				);
				PRODUCT_BUNDLE_IDENTIFIER = com.twodayslate.ec3730UITests;
				PRODUCT_NAME = "$(TARGET_NAME)";
				SWIFT_VERSION = 5.0;
				TARGETED_DEVICE_FAMILY = "1,2";
				TEST_TARGET_NAME = ec3730;
			};
			name = Debug;
		};
		F6C8D8D3212E5AEB00309373 /* Release */ = {
			isa = XCBuildConfiguration;
			buildSettings = {
				ALWAYS_EMBED_SWIFT_STANDARD_LIBRARIES = YES;
				CODE_SIGN_STYLE = Automatic;
				DEVELOPMENT_TEAM = C6L3992RFB;
				INFOPLIST_FILE = ec3730UITests/Info.plist;
				LD_RUNPATH_SEARCH_PATHS = (
					"$(inherited)",
					"@executable_path/Frameworks",
					"@loader_path/Frameworks",
				);
				PRODUCT_BUNDLE_IDENTIFIER = com.twodayslate.ec3730UITests;
				PRODUCT_NAME = "$(TARGET_NAME)";
				SWIFT_VERSION = 5.0;
				TARGETED_DEVICE_FAMILY = "1,2";
				TEST_TARGET_NAME = ec3730;
			};
			name = Release;
		};
/* End XCBuildConfiguration section */

/* Begin XCConfigurationList section */
		F6C8D89C212E5AE900309373 /* Build configuration list for PBXProject "ec3730" */ = {
			isa = XCConfigurationList;
			buildConfigurations = (
				F6C8D8C9212E5AEB00309373 /* Debug */,
				F6C8D8CA212E5AEB00309373 /* Release */,
			);
			defaultConfigurationIsVisible = 0;
			defaultConfigurationName = Release;
		};
		F6C8D8CB212E5AEB00309373 /* Build configuration list for PBXNativeTarget "ec3730" */ = {
			isa = XCConfigurationList;
			buildConfigurations = (
				F6C8D8CC212E5AEB00309373 /* Debug */,
				F6C8D8CD212E5AEB00309373 /* Release */,
			);
			defaultConfigurationIsVisible = 0;
			defaultConfigurationName = Release;
		};
		F6C8D8CE212E5AEB00309373 /* Build configuration list for PBXNativeTarget "ec3730Tests" */ = {
			isa = XCConfigurationList;
			buildConfigurations = (
				F6C8D8CF212E5AEB00309373 /* Debug */,
				F6C8D8D0212E5AEB00309373 /* Release */,
			);
			defaultConfigurationIsVisible = 0;
			defaultConfigurationName = Release;
		};
		F6C8D8D1212E5AEB00309373 /* Build configuration list for PBXNativeTarget "ec3730UITests" */ = {
			isa = XCConfigurationList;
			buildConfigurations = (
				F6C8D8D2212E5AEB00309373 /* Debug */,
				F6C8D8D3212E5AEB00309373 /* Release */,
			);
			defaultConfigurationIsVisible = 0;
			defaultConfigurationName = Release;
		};
/* End XCConfigurationList section */

/* Begin XCRemoteSwiftPackageReference section */
		F63B922D279C985B007E845F /* XCRemoteSwiftPackageReference "Cache" */ = {
			isa = XCRemoteSwiftPackageReference;
			repositoryURL = "https://github.com/hyperoslo/Cache";
			requirement = {
				kind = upToNextMajorVersion;
				minimumVersion = 6.0.0;
			};
		};
		F643036625E6033D00109C92 /* XCRemoteSwiftPackageReference "DeviceKit" */ = {
			isa = XCRemoteSwiftPackageReference;
			repositoryURL = "https://github.com/devicekit/DeviceKit";
			requirement = {
				kind = upToNextMajorVersion;
				minimumVersion = 4.3.0;
			};
		};
		F66BB71E2453B85C00E86A93 /* XCRemoteSwiftPackageReference "SplitTabBar" */ = {
			isa = XCRemoteSwiftPackageReference;
			repositoryURL = "https://github.com/twodayslate/SplitTabBar.git";
			requirement = {
				kind = upToNextMajorVersion;
				minimumVersion = 1.0.4;
			};
		};
		F67ED9F3240DF56100021F6C /* XCRemoteSwiftPackageReference "AddressURL" */ = {
			isa = XCRemoteSwiftPackageReference;
			repositoryURL = "https://github.com/twodayslate/AddressURL";
			requirement = {
				kind = upToNextMajorVersion;
				minimumVersion = 1.0.0;
			};
		};
		F67ED9F62411A09000021F6C /* XCRemoteSwiftPackageReference "swift-netutils" */ = {
			isa = XCRemoteSwiftPackageReference;
			repositoryURL = "https://github.com/svdo/swift-netutils";
			requirement = {
				kind = upToNextMajorVersion;
				minimumVersion = 4.1.0;
			};
		};
		F67ED9F92411A0C200021F6C /* XCRemoteSwiftPackageReference "Reachability" */ = {
			isa = XCRemoteSwiftPackageReference;
			repositoryURL = "https://github.com/ashleymills/Reachability.swift";
			requirement = {
				kind = upToNextMajorVersion;
				minimumVersion = 5.0.0;
			};
		};
		F67ED9FC2411A0D400021F6C /* XCRemoteSwiftPackageReference "KeychainAccess" */ = {
			isa = XCRemoteSwiftPackageReference;
			repositoryURL = "https://github.com/kishikawakatsumi/KeychainAccess";
			requirement = {
				kind = upToNextMajorVersion;
				minimumVersion = 4.1.0;
			};
		};
		F67ED9FF2411A1C000021F6C /* XCRemoteSwiftPackageReference "SwiftyStoreKit" */ = {
			isa = XCRemoteSwiftPackageReference;
			repositoryURL = "https://github.com/bizz84/SwiftyStoreKit";
			requirement = {
				kind = upToNextMajorVersion;
				minimumVersion = 0.16.3;
			};
		};
		F67EDA022411E70F00021F6C /* XCRemoteSwiftPackageReference "splitview" */ = {
			isa = XCRemoteSwiftPackageReference;
			repositoryURL = "https://github.com/twodayslate/splitview";
			requirement = {
				kind = upToNextMajorVersion;
				minimumVersion = 2.0.2;
			};
		};
		F67EDA052411EA7700021F6C /* XCRemoteSwiftPackageReference "SKVersion" */ = {
			isa = XCRemoteSwiftPackageReference;
			repositoryURL = "https://github.com/twodayslate/SKVersion";
			requirement = {
				kind = upToNextMajorVersion;
				minimumVersion = 2.0.0;
			};
		};
		F67EDA082411F42B00021F6C /* XCRemoteSwiftPackageReference "Highlightr" */ = {
			isa = XCRemoteSwiftPackageReference;
			repositoryURL = "https://github.com/helje5/Highlightr";
			requirement = {
				kind = upToNextMajorVersion;
				minimumVersion = 3.0.0;
			};
		};
		F6F2017125DB6C18008BA024 /* XCRemoteSwiftPackageReference "SwiftyPing" */ = {
			isa = XCRemoteSwiftPackageReference;
			repositoryURL = "https://github.com/samiyr/SwiftyPing.git";
			requirement = {
				kind = upToNextMajorVersion;
				minimumVersion = 1.1.12;
			};
		};
/* End XCRemoteSwiftPackageReference section */

/* Begin XCSwiftPackageProductDependency section */
		F63B922E279C985B007E845F /* Cache */ = {
			isa = XCSwiftPackageProductDependency;
			package = F63B922D279C985B007E845F /* XCRemoteSwiftPackageReference "Cache" */;
			productName = Cache;
		};
		F643036725E6033D00109C92 /* DeviceKit */ = {
			isa = XCSwiftPackageProductDependency;
			package = F643036625E6033D00109C92 /* XCRemoteSwiftPackageReference "DeviceKit" */;
			productName = DeviceKit;
		};
		F66BB71F2453B85C00E86A93 /* SplitTabBar */ = {
			isa = XCSwiftPackageProductDependency;
			package = F66BB71E2453B85C00E86A93 /* XCRemoteSwiftPackageReference "SplitTabBar" */;
			productName = SplitTabBar;
		};
		F67ED9F4240DF56100021F6C /* AddressURL */ = {
			isa = XCSwiftPackageProductDependency;
			package = F67ED9F3240DF56100021F6C /* XCRemoteSwiftPackageReference "AddressURL" */;
			productName = AddressURL;
		};
		F67ED9F72411A09000021F6C /* NetUtils */ = {
			isa = XCSwiftPackageProductDependency;
			package = F67ED9F62411A09000021F6C /* XCRemoteSwiftPackageReference "swift-netutils" */;
			productName = NetUtils;
		};
		F67ED9FA2411A0C200021F6C /* Reachability */ = {
			isa = XCSwiftPackageProductDependency;
			package = F67ED9F92411A0C200021F6C /* XCRemoteSwiftPackageReference "Reachability" */;
			productName = Reachability;
		};
		F67ED9FD2411A0D400021F6C /* KeychainAccess */ = {
			isa = XCSwiftPackageProductDependency;
			package = F67ED9FC2411A0D400021F6C /* XCRemoteSwiftPackageReference "KeychainAccess" */;
			productName = KeychainAccess;
		};
		F67EDA002411A1C000021F6C /* SwiftyStoreKit */ = {
			isa = XCSwiftPackageProductDependency;
			package = F67ED9FF2411A1C000021F6C /* XCRemoteSwiftPackageReference "SwiftyStoreKit" */;
			productName = SwiftyStoreKit;
		};
		F67EDA032411E70F00021F6C /* SplitView */ = {
			isa = XCSwiftPackageProductDependency;
			package = F67EDA022411E70F00021F6C /* XCRemoteSwiftPackageReference "splitview" */;
			productName = SplitView;
		};
		F67EDA062411EA7700021F6C /* SKVersion */ = {
			isa = XCSwiftPackageProductDependency;
			package = F67EDA052411EA7700021F6C /* XCRemoteSwiftPackageReference "SKVersion" */;
			productName = SKVersion;
		};
		F67EDA092411F42B00021F6C /* Highlightr */ = {
			isa = XCSwiftPackageProductDependency;
			package = F67EDA082411F42B00021F6C /* XCRemoteSwiftPackageReference "Highlightr" */;
			productName = Highlightr;
		};
		F6F2017225DB6C18008BA024 /* SwiftyPing */ = {
			isa = XCSwiftPackageProductDependency;
			package = F6F2017125DB6C18008BA024 /* XCRemoteSwiftPackageReference "SwiftyPing" */;
			productName = SwiftyPing;
		};
/* End XCSwiftPackageProductDependency section */

/* Begin XCVersionGroup section */
		F60FD35E25E0607C00BCEF86 /* DataModel.xcdatamodeld */ = {
			isa = XCVersionGroup;
			children = (
				F60FD35F25E0607C00BCEF86 /* DataModel.xcdatamodel */,
			);
			currentVersion = F60FD35F25E0607C00BCEF86 /* DataModel.xcdatamodel */;
			path = DataModel.xcdatamodeld;
			sourceTree = "<group>";
			versionGroupType = wrapper.xcdatamodel;
		};
		F6D0B77C235A6A43009E493B /* NetUtilsCoreData.xcdatamodeld */ = {
			isa = XCVersionGroup;
			children = (
				F6D0B77D235A6A43009E493B /* Usage.xcdatamodel */,
			);
			currentVersion = F6D0B77D235A6A43009E493B /* Usage.xcdatamodel */;
			path = NetUtilsCoreData.xcdatamodeld;
			sourceTree = "<group>";
			versionGroupType = wrapper.xcdatamodel;
		};
/* End XCVersionGroup section */
	};
	rootObject = F6C8D899212E5AE900309373 /* Project object */;
}
