// !$*UTF8*$!
{
	archiveVersion = 1;
	classes = {
	};
	objectVersion = 51;
	objects = {

/* Begin PBXBuildFile section */
		2B7DACA0889E8F704227451C /* Pods_ec3730.framework in Frameworks */ = {isa = PBXBuildFile; fileRef = 6F4F15DE13A3596CD674347B /* Pods_ec3730.framework */; };
		2EF877070CD2ABB9D4CE0C7A /* Pods_ec3730Tests.framework in Frameworks */ = {isa = PBXBuildFile; fileRef = B44405FBBDDD9377C334727B /* Pods_ec3730Tests.framework */; };
		6E620E35974042881324E0E2 /* Pods_ec3730_ec3730UITests.framework in Frameworks */ = {isa = PBXBuildFile; fileRef = B3A07F1AA92D623AC2761392 /* Pods_ec3730_ec3730UITests.framework */; };
		F60506742134B23F00DDF8A4 /* UIViewController.swift in Sources */ = {isa = PBXBuildFile; fileRef = F60506732134B23F00DDF8A4 /* UIViewController.swift */; };
		F619760722FCA33B00CE39A0 /* WhoisXmlCells.swift in Sources */ = {isa = PBXBuildFile; fileRef = F619760622FCA33B00CE39A0 /* WhoisXmlCells.swift */; };
		F619760922FCA39F00CE39A0 /* WhoisLockedTableViewCell.swift in Sources */ = {isa = PBXBuildFile; fileRef = F619760822FCA39F00CE39A0 /* WhoisLockedTableViewCell.swift */; };
		F619760B22FCA76200CE39A0 /* WhoisRecord.swift in Sources */ = {isa = PBXBuildFile; fileRef = F619760A22FCA76200CE39A0 /* WhoisRecord.swift */; };
		F6310273212FA66600F34E42 /* SRCTabBarController.swift in Sources */ = {isa = PBXBuildFile; fileRef = F6310272212FA66600F34E42 /* SRCTabBarController.swift */; };
		F63102752130C99D00F34E42 /* PingViewController.swift in Sources */ = {isa = PBXBuildFile; fileRef = F63102742130C99D00F34E42 /* PingViewController.swift */; };
		F63102772130D76200F34E42 /* ReachabilityViewController.swift in Sources */ = {isa = PBXBuildFile; fileRef = F63102762130D76200F34E42 /* ReachabilityViewController.swift */; };
		F6310279213366BB00F34E42 /* SourceViewController.swift in Sources */ = {isa = PBXBuildFile; fileRef = F6310278213366BB00F34E42 /* SourceViewController.swift */; };
		F63540D5213DEBDD00605ABE /* Reachability.swift in Sources */ = {isa = PBXBuildFile; fileRef = F63540D4213DEBDD00605ABE /* Reachability.swift */; };
		F63540D9213DFE8300605ABE /* ApiKeys.swift in Sources */ = {isa = PBXBuildFile; fileRef = F63540D8213DFE8300605ABE /* ApiKeys.swift */; };
		F63540DB213E05E000605ABE /* HostViewController.swift in Sources */ = {isa = PBXBuildFile; fileRef = F63540DA213E05E000605ABE /* HostViewController.swift */; };
		F63540DD213E1D1B00605ABE /* StoreKit.framework in Frameworks */ = {isa = PBXBuildFile; fileRef = F63540DC213E1D1B00605ABE /* StoreKit.framework */; };
		F650F745233CEB4B00BAA609 /* DataFeedCells.swift in Sources */ = {isa = PBXBuildFile; fileRef = F650F744233CEB4B00BAA609 /* DataFeedCells.swift */; };
		F650F747233CECD900BAA609 /* DataFeedCell.swift in Sources */ = {isa = PBXBuildFile; fileRef = F650F746233CECD900BAA609 /* DataFeedCell.swift */; };
		F650F749233CF15800BAA609 /* DataFeed.swift in Sources */ = {isa = PBXBuildFile; fileRef = F650F748233CF15800BAA609 /* DataFeed.swift */; };
		F650F74B233E62C100BAA609 /* BlurredPickerView.swift in Sources */ = {isa = PBXBuildFile; fileRef = F650F74A233E62C100BAA609 /* BlurredPickerView.swift */; };
		F661A28023020FCF0023FA50 /* UIAlertController.swift in Sources */ = {isa = PBXBuildFile; fileRef = F661A27F23020FCF0023FA50 /* UIAlertController.swift */; };
		F67425DB21363FFF00A79492 /* UITextView.swift in Sources */ = {isa = PBXBuildFile; fileRef = F67425DA21363FFF00A79492 /* UITextView.swift */; };
		F68CE56023021AC70068D104 /* CopyLabel.swift in Sources */ = {isa = PBXBuildFile; fileRef = F68CE55F23021AC70068D104 /* CopyLabel.swift */; };
		F68CE5622302203B0068D104 /* CopyDetailCell.swift in Sources */ = {isa = PBXBuildFile; fileRef = F68CE5612302203B0068D104 /* CopyDetailCell.swift */; };
		F68CE56423023F7E0068D104 /* CopyCell.swift in Sources */ = {isa = PBXBuildFile; fileRef = F68CE56323023F7E0068D104 /* CopyCell.swift */; };
		F68CE56623031DA20068D104 /* WhoisErrors.swift in Sources */ = {isa = PBXBuildFile; fileRef = F68CE56523031DA20068D104 /* WhoisErrors.swift */; };
		F68CE5682303291A0068D104 /* Error.swift in Sources */ = {isa = PBXBuildFile; fileRef = F68CE5672303291A0068D104 /* Error.swift */; };
		F68CE56A230463A50068D104 /* InterfaceTableViewController.swift in Sources */ = {isa = PBXBuildFile; fileRef = F68CE569230463A50068D104 /* InterfaceTableViewController.swift */; };
		F691B09A2147449200BDE0F4 /* WhoisXml.swift in Sources */ = {isa = PBXBuildFile; fileRef = F691B0992147449200BDE0F4 /* WhoisXml.swift */; };
		F6A4EB922301C5B800439562 /* InAppPurchaseUpdateDelegate.swift in Sources */ = {isa = PBXBuildFile; fileRef = F6A4EB912301C5B800439562 /* InAppPurchaseUpdateDelegate.swift */; };
		F6A4EB972301C70000439562 /* TimedCache.swift in Sources */ = {isa = PBXBuildFile; fileRef = F6A4EB962301C70000439562 /* TimedCache.swift */; };
		F6A4EB992301DFCC00439562 /* LoadingCell.swift in Sources */ = {isa = PBXBuildFile; fileRef = F6A4EB982301DFCC00439562 /* LoadingCell.swift */; };
		F6A4EB9B2301E78E00439562 /* DNSResolver.swift in Sources */ = {isa = PBXBuildFile; fileRef = F6A4EB9A2301E78E00439562 /* DNSResolver.swift */; };
		F6A4EB9D2301F1B900439562 /* WiFiSSID.swift in Sources */ = {isa = PBXBuildFile; fileRef = F6A4EB9C2301F1B900439562 /* WiFiSSID.swift */; };
		F6C8D8A5212E5AE900309373 /* AppDelegate.swift in Sources */ = {isa = PBXBuildFile; fileRef = F6C8D8A4212E5AE900309373 /* AppDelegate.swift */; };
		F6C8D8AE212E5AEA00309373 /* Assets.xcassets in Resources */ = {isa = PBXBuildFile; fileRef = F6C8D8AD212E5AEA00309373 /* Assets.xcassets */; };
		F6C8D8B1212E5AEA00309373 /* LaunchScreen.storyboard in Resources */ = {isa = PBXBuildFile; fileRef = F6C8D8AF212E5AEA00309373 /* LaunchScreen.storyboard */; };
		F6C8D8BC212E5AEB00309373 /* ec3730Tests.swift in Sources */ = {isa = PBXBuildFile; fileRef = F6C8D8BB212E5AEB00309373 /* ec3730Tests.swift */; };
		F6C8D8C7212E5AEB00309373 /* ec3730UITests.swift in Sources */ = {isa = PBXBuildFile; fileRef = F6C8D8C6212E5AEB00309373 /* ec3730UITests.swift */; };
		F6FDDFC423047E7E00FBF75E /* SettingsViewController.swift in Sources */ = {isa = PBXBuildFile; fileRef = F6FDDFC323047E7E00FBF75E /* SettingsViewController.swift */; };
		F6FDDFC623047EE300FBF75E /* DefaultsSwitch.swift in Sources */ = {isa = PBXBuildFile; fileRef = F6FDDFC523047EE300FBF75E /* DefaultsSwitch.swift */; };
		F6FDDFC82304803100FBF75E /* UserDefaults.swift in Sources */ = {isa = PBXBuildFile; fileRef = F6FDDFC72304803100FBF75E /* UserDefaults.swift */; };
		F6FDDFCA23048DEF00FBF75E /* UIView.swift in Sources */ = {isa = PBXBuildFile; fileRef = F6FDDFC923048DEF00FBF75E /* UIView.swift */; };
		F6FDDFD6230B095B00FBF75E /* HostTable.swift in Sources */ = {isa = PBXBuildFile; fileRef = F6FDDFD5230B095B00FBF75E /* HostTable.swift */; };
		F6FDDFD8230B106200FBF75E /* WhoisXmlDnsCells.swift in Sources */ = {isa = PBXBuildFile; fileRef = F6FDDFD7230B106200FBF75E /* WhoisXmlDnsCells.swift */; };
		F6FDDFDC230B2BB900FBF75E /* WhoisDnsResults.swift in Sources */ = {isa = PBXBuildFile; fileRef = F6FDDFDB230B2BB900FBF75E /* WhoisDnsResults.swift */; };
		F6FDDFDE230C36DC00FBF75E /* SnapshotHelper.swift in Sources */ = {isa = PBXBuildFile; fileRef = F6FDDFDD230C36DC00FBF75E /* SnapshotHelper.swift */; };
		F6FDDFE0230C4C7400FBF75E /* CellManager.swift in Sources */ = {isa = PBXBuildFile; fileRef = F6FDDFDF230C4C7400FBF75E /* CellManager.swift */; };
/* End PBXBuildFile section */

/* Begin PBXContainerItemProxy section */
		F6C8D8B8212E5AEB00309373 /* PBXContainerItemProxy */ = {
			isa = PBXContainerItemProxy;
			containerPortal = F6C8D899212E5AE900309373 /* Project object */;
			proxyType = 1;
			remoteGlobalIDString = F6C8D8A0212E5AE900309373;
			remoteInfo = ec3730;
		};
		F6C8D8C3212E5AEB00309373 /* PBXContainerItemProxy */ = {
			isa = PBXContainerItemProxy;
			containerPortal = F6C8D899212E5AE900309373 /* Project object */;
			proxyType = 1;
			remoteGlobalIDString = F6C8D8A0212E5AE900309373;
			remoteInfo = ec3730;
		};
/* End PBXContainerItemProxy section */

/* Begin PBXFileReference section */
		13F7B5D5B62483DCA430B6DF /* Pods-ec3730Tests.debug.xcconfig */ = {isa = PBXFileReference; includeInIndex = 1; lastKnownFileType = text.xcconfig; name = "Pods-ec3730Tests.debug.xcconfig"; path = "Pods/Target Support Files/Pods-ec3730Tests/Pods-ec3730Tests.debug.xcconfig"; sourceTree = "<group>"; };
		5B740514874E5146DC8A2E8E /* Pods-ec3730UITests.release.xcconfig */ = {isa = PBXFileReference; includeInIndex = 1; lastKnownFileType = text.xcconfig; name = "Pods-ec3730UITests.release.xcconfig"; path = "Pods/Target Support Files/Pods-ec3730UITests/Pods-ec3730UITests.release.xcconfig"; sourceTree = "<group>"; };
		676AD7FFE8B8B091FF274747 /* Pods-ec3730-ec3730UITests.debug.xcconfig */ = {isa = PBXFileReference; includeInIndex = 1; lastKnownFileType = text.xcconfig; name = "Pods-ec3730-ec3730UITests.debug.xcconfig"; path = "Pods/Target Support Files/Pods-ec3730-ec3730UITests/Pods-ec3730-ec3730UITests.debug.xcconfig"; sourceTree = "<group>"; };
		6F4F15DE13A3596CD674347B /* Pods_ec3730.framework */ = {isa = PBXFileReference; explicitFileType = wrapper.framework; includeInIndex = 0; path = Pods_ec3730.framework; sourceTree = BUILT_PRODUCTS_DIR; };
		79566A6BF65DDA6D470C2A1C /* Pods-ec3730-ec3730UITests.release.xcconfig */ = {isa = PBXFileReference; includeInIndex = 1; lastKnownFileType = text.xcconfig; name = "Pods-ec3730-ec3730UITests.release.xcconfig"; path = "Pods/Target Support Files/Pods-ec3730-ec3730UITests/Pods-ec3730-ec3730UITests.release.xcconfig"; sourceTree = "<group>"; };
		9129CE52768A79E7361BFD9A /* Pods-ec3730Tests.release.xcconfig */ = {isa = PBXFileReference; includeInIndex = 1; lastKnownFileType = text.xcconfig; name = "Pods-ec3730Tests.release.xcconfig"; path = "Pods/Target Support Files/Pods-ec3730Tests/Pods-ec3730Tests.release.xcconfig"; sourceTree = "<group>"; };
		A010AB3AB301356E709FD17C /* Pods-ec3730UITests.debug.xcconfig */ = {isa = PBXFileReference; includeInIndex = 1; lastKnownFileType = text.xcconfig; name = "Pods-ec3730UITests.debug.xcconfig"; path = "Pods/Target Support Files/Pods-ec3730UITests/Pods-ec3730UITests.debug.xcconfig"; sourceTree = "<group>"; };
		AE413E2D7C266E1FDDA68C0C /* Pods-ec3730.release.xcconfig */ = {isa = PBXFileReference; includeInIndex = 1; lastKnownFileType = text.xcconfig; name = "Pods-ec3730.release.xcconfig"; path = "Pods/Target Support Files/Pods-ec3730/Pods-ec3730.release.xcconfig"; sourceTree = "<group>"; };
		B3A07F1AA92D623AC2761392 /* Pods_ec3730_ec3730UITests.framework */ = {isa = PBXFileReference; explicitFileType = wrapper.framework; includeInIndex = 0; path = Pods_ec3730_ec3730UITests.framework; sourceTree = BUILT_PRODUCTS_DIR; };
		B44405FBBDDD9377C334727B /* Pods_ec3730Tests.framework */ = {isa = PBXFileReference; explicitFileType = wrapper.framework; includeInIndex = 0; path = Pods_ec3730Tests.framework; sourceTree = BUILT_PRODUCTS_DIR; };
		E0AC4E7BAE9A80E39D6813E5 /* Pods-ec3730.debug.xcconfig */ = {isa = PBXFileReference; includeInIndex = 1; lastKnownFileType = text.xcconfig; name = "Pods-ec3730.debug.xcconfig"; path = "Pods/Target Support Files/Pods-ec3730/Pods-ec3730.debug.xcconfig"; sourceTree = "<group>"; };
		F60506732134B23F00DDF8A4 /* UIViewController.swift */ = {isa = PBXFileReference; lastKnownFileType = sourcecode.swift; path = UIViewController.swift; sourceTree = "<group>"; };
		F619760622FCA33B00CE39A0 /* WhoisXmlCells.swift */ = {isa = PBXFileReference; lastKnownFileType = sourcecode.swift; path = WhoisXmlCells.swift; sourceTree = "<group>"; };
		F619760822FCA39F00CE39A0 /* WhoisLockedTableViewCell.swift */ = {isa = PBXFileReference; lastKnownFileType = sourcecode.swift; path = WhoisLockedTableViewCell.swift; sourceTree = "<group>"; };
		F619760A22FCA76200CE39A0 /* WhoisRecord.swift */ = {isa = PBXFileReference; lastKnownFileType = sourcecode.swift; path = WhoisRecord.swift; sourceTree = "<group>"; };
		F6310272212FA66600F34E42 /* SRCTabBarController.swift */ = {isa = PBXFileReference; lastKnownFileType = sourcecode.swift; path = SRCTabBarController.swift; sourceTree = "<group>"; };
		F63102742130C99D00F34E42 /* PingViewController.swift */ = {isa = PBXFileReference; lastKnownFileType = sourcecode.swift; path = PingViewController.swift; sourceTree = "<group>"; };
		F63102762130D76200F34E42 /* ReachabilityViewController.swift */ = {isa = PBXFileReference; lastKnownFileType = sourcecode.swift; path = ReachabilityViewController.swift; sourceTree = "<group>"; };
		F6310278213366BB00F34E42 /* SourceViewController.swift */ = {isa = PBXFileReference; lastKnownFileType = sourcecode.swift; path = SourceViewController.swift; sourceTree = "<group>"; };
		F63540D4213DEBDD00605ABE /* Reachability.swift */ = {isa = PBXFileReference; lastKnownFileType = sourcecode.swift; path = Reachability.swift; sourceTree = "<group>"; };
		F63540D8213DFE8300605ABE /* ApiKeys.swift */ = {isa = PBXFileReference; lastKnownFileType = sourcecode.swift; path = ApiKeys.swift; sourceTree = "<group>"; };
		F63540DA213E05E000605ABE /* HostViewController.swift */ = {isa = PBXFileReference; lastKnownFileType = sourcecode.swift; path = HostViewController.swift; sourceTree = "<group>"; };
		F63540DC213E1D1B00605ABE /* StoreKit.framework */ = {isa = PBXFileReference; lastKnownFileType = wrapper.framework; name = StoreKit.framework; path = System/Library/Frameworks/StoreKit.framework; sourceTree = SDKROOT; };
		F63540DE213E4DB900605ABE /* libresolv.9.tbd */ = {isa = PBXFileReference; lastKnownFileType = "sourcecode.text-based-dylib-definition"; name = libresolv.9.tbd; path = usr/lib/libresolv.9.tbd; sourceTree = SDKROOT; };
		F63540E0213E4DD200605ABE /* libresolv.tbd */ = {isa = PBXFileReference; lastKnownFileType = "sourcecode.text-based-dylib-definition"; name = libresolv.tbd; path = usr/lib/libresolv.tbd; sourceTree = SDKROOT; };
		F63540E2213E4E7800605ABE /* Xcode.app */ = {isa = PBXFileReference; lastKnownFileType = wrapper.application; name = Xcode.app; path = ../../../../Applications/Xcode.app; sourceTree = "<group>"; };
		F63540E4213E4F8400605ABE /* libresolv.9.dylib */ = {isa = PBXFileReference; lastKnownFileType = "compiled.mach-o.dylib"; name = libresolv.9.dylib; path = ../../../../usr/lib/libresolv.9.dylib; sourceTree = "<group>"; };
		F650F744233CEB4B00BAA609 /* DataFeedCells.swift */ = {isa = PBXFileReference; lastKnownFileType = sourcecode.swift; path = DataFeedCells.swift; sourceTree = "<group>"; };
		F650F746233CECD900BAA609 /* DataFeedCell.swift */ = {isa = PBXFileReference; lastKnownFileType = sourcecode.swift; path = DataFeedCell.swift; sourceTree = "<group>"; };
		F650F748233CF15800BAA609 /* DataFeed.swift */ = {isa = PBXFileReference; lastKnownFileType = sourcecode.swift; path = DataFeed.swift; sourceTree = "<group>"; };
		F650F74A233E62C100BAA609 /* BlurredPickerView.swift */ = {isa = PBXFileReference; lastKnownFileType = sourcecode.swift; path = BlurredPickerView.swift; sourceTree = "<group>"; };
		F661A27F23020FCF0023FA50 /* UIAlertController.swift */ = {isa = PBXFileReference; lastKnownFileType = sourcecode.swift; path = UIAlertController.swift; sourceTree = "<group>"; };
		F67425DA21363FFF00A79492 /* UITextView.swift */ = {isa = PBXFileReference; lastKnownFileType = sourcecode.swift; path = UITextView.swift; sourceTree = "<group>"; };
		F68CE55F23021AC70068D104 /* CopyLabel.swift */ = {isa = PBXFileReference; lastKnownFileType = sourcecode.swift; path = CopyLabel.swift; sourceTree = "<group>"; };
		F68CE5612302203B0068D104 /* CopyDetailCell.swift */ = {isa = PBXFileReference; lastKnownFileType = sourcecode.swift; path = CopyDetailCell.swift; sourceTree = "<group>"; };
		F68CE56323023F7E0068D104 /* CopyCell.swift */ = {isa = PBXFileReference; lastKnownFileType = sourcecode.swift; path = CopyCell.swift; sourceTree = "<group>"; };
		F68CE56523031DA20068D104 /* WhoisErrors.swift */ = {isa = PBXFileReference; lastKnownFileType = sourcecode.swift; path = WhoisErrors.swift; sourceTree = "<group>"; };
		F68CE5672303291A0068D104 /* Error.swift */ = {isa = PBXFileReference; lastKnownFileType = sourcecode.swift; path = Error.swift; sourceTree = "<group>"; };
		F68CE569230463A50068D104 /* InterfaceTableViewController.swift */ = {isa = PBXFileReference; lastKnownFileType = sourcecode.swift; path = InterfaceTableViewController.swift; sourceTree = "<group>"; };
		F691B0992147449200BDE0F4 /* WhoisXml.swift */ = {isa = PBXFileReference; lastKnownFileType = sourcecode.swift; path = WhoisXml.swift; sourceTree = "<group>"; };
		F6A4EB912301C5B800439562 /* InAppPurchaseUpdateDelegate.swift */ = {isa = PBXFileReference; lastKnownFileType = sourcecode.swift; path = InAppPurchaseUpdateDelegate.swift; sourceTree = "<group>"; };
		F6A4EB962301C70000439562 /* TimedCache.swift */ = {isa = PBXFileReference; lastKnownFileType = sourcecode.swift; path = TimedCache.swift; sourceTree = "<group>"; };
		F6A4EB982301DFCC00439562 /* LoadingCell.swift */ = {isa = PBXFileReference; lastKnownFileType = sourcecode.swift; path = LoadingCell.swift; sourceTree = "<group>"; };
		F6A4EB9A2301E78E00439562 /* DNSResolver.swift */ = {isa = PBXFileReference; lastKnownFileType = sourcecode.swift; path = DNSResolver.swift; sourceTree = "<group>"; };
		F6A4EB9C2301F1B900439562 /* WiFiSSID.swift */ = {isa = PBXFileReference; lastKnownFileType = sourcecode.swift; path = WiFiSSID.swift; sourceTree = "<group>"; };
		F6A4EB9E2301F31100439562 /* ec3730.entitlements */ = {isa = PBXFileReference; lastKnownFileType = text.plist.entitlements; path = ec3730.entitlements; sourceTree = "<group>"; };
		F6C8D8A1212E5AE900309373 /* ec3730.app */ = {isa = PBXFileReference; explicitFileType = wrapper.application; includeInIndex = 0; path = ec3730.app; sourceTree = BUILT_PRODUCTS_DIR; };
		F6C8D8A4212E5AE900309373 /* AppDelegate.swift */ = {isa = PBXFileReference; lastKnownFileType = sourcecode.swift; path = AppDelegate.swift; sourceTree = "<group>"; };
		F6C8D8AD212E5AEA00309373 /* Assets.xcassets */ = {isa = PBXFileReference; lastKnownFileType = folder.assetcatalog; path = Assets.xcassets; sourceTree = "<group>"; };
		F6C8D8B0212E5AEA00309373 /* Base */ = {isa = PBXFileReference; lastKnownFileType = file.storyboard; name = Base; path = Base.lproj/LaunchScreen.storyboard; sourceTree = "<group>"; };
		F6C8D8B2212E5AEA00309373 /* Info.plist */ = {isa = PBXFileReference; lastKnownFileType = text.plist.xml; path = Info.plist; sourceTree = "<group>"; };
		F6C8D8B7212E5AEB00309373 /* ec3730Tests.xctest */ = {isa = PBXFileReference; explicitFileType = wrapper.cfbundle; includeInIndex = 0; path = ec3730Tests.xctest; sourceTree = BUILT_PRODUCTS_DIR; };
		F6C8D8BB212E5AEB00309373 /* ec3730Tests.swift */ = {isa = PBXFileReference; lastKnownFileType = sourcecode.swift; path = ec3730Tests.swift; sourceTree = "<group>"; };
		F6C8D8BD212E5AEB00309373 /* Info.plist */ = {isa = PBXFileReference; lastKnownFileType = text.plist.xml; path = Info.plist; sourceTree = "<group>"; };
		F6C8D8C2212E5AEB00309373 /* ec3730UITests.xctest */ = {isa = PBXFileReference; explicitFileType = wrapper.cfbundle; includeInIndex = 0; path = ec3730UITests.xctest; sourceTree = BUILT_PRODUCTS_DIR; };
		F6C8D8C6212E5AEB00309373 /* ec3730UITests.swift */ = {isa = PBXFileReference; lastKnownFileType = sourcecode.swift; path = ec3730UITests.swift; sourceTree = "<group>"; };
		F6C8D8C8212E5AEB00309373 /* Info.plist */ = {isa = PBXFileReference; lastKnownFileType = text.plist.xml; path = Info.plist; sourceTree = "<group>"; };
		F6FDDFC323047E7E00FBF75E /* SettingsViewController.swift */ = {isa = PBXFileReference; lastKnownFileType = sourcecode.swift; path = SettingsViewController.swift; sourceTree = "<group>"; };
		F6FDDFC523047EE300FBF75E /* DefaultsSwitch.swift */ = {isa = PBXFileReference; lastKnownFileType = sourcecode.swift; path = DefaultsSwitch.swift; sourceTree = "<group>"; };
		F6FDDFC72304803100FBF75E /* UserDefaults.swift */ = {isa = PBXFileReference; lastKnownFileType = sourcecode.swift; path = UserDefaults.swift; sourceTree = "<group>"; };
		F6FDDFC923048DEF00FBF75E /* UIView.swift */ = {isa = PBXFileReference; lastKnownFileType = sourcecode.swift; path = UIView.swift; sourceTree = "<group>"; };
		F6FDDFD5230B095B00FBF75E /* HostTable.swift */ = {isa = PBXFileReference; lastKnownFileType = sourcecode.swift; path = HostTable.swift; sourceTree = "<group>"; };
		F6FDDFD7230B106200FBF75E /* WhoisXmlDnsCells.swift */ = {isa = PBXFileReference; lastKnownFileType = sourcecode.swift; path = WhoisXmlDnsCells.swift; sourceTree = "<group>"; };
		F6FDDFDB230B2BB900FBF75E /* WhoisDnsResults.swift */ = {isa = PBXFileReference; lastKnownFileType = sourcecode.swift; path = WhoisDnsResults.swift; sourceTree = "<group>"; };
		F6FDDFDD230C36DC00FBF75E /* SnapshotHelper.swift */ = {isa = PBXFileReference; fileEncoding = 4; lastKnownFileType = sourcecode.swift; name = SnapshotHelper.swift; path = fastlane/SnapshotHelper.swift; sourceTree = SOURCE_ROOT; };
		F6FDDFDF230C4C7400FBF75E /* CellManager.swift */ = {isa = PBXFileReference; lastKnownFileType = sourcecode.swift; path = CellManager.swift; sourceTree = "<group>"; };
/* End PBXFileReference section */

/* Begin PBXFrameworksBuildPhase section */
		F6C8D89E212E5AE900309373 /* Frameworks */ = {
			isa = PBXFrameworksBuildPhase;
			buildActionMask = 2147483647;
			files = (
				2B7DACA0889E8F704227451C /* Pods_ec3730.framework in Frameworks */,
				F63540DD213E1D1B00605ABE /* StoreKit.framework in Frameworks */,
			);
			runOnlyForDeploymentPostprocessing = 0;
		};
		F6C8D8B4212E5AEB00309373 /* Frameworks */ = {
			isa = PBXFrameworksBuildPhase;
			buildActionMask = 2147483647;
			files = (
				2EF877070CD2ABB9D4CE0C7A /* Pods_ec3730Tests.framework in Frameworks */,
			);
			runOnlyForDeploymentPostprocessing = 0;
		};
		F6C8D8BF212E5AEB00309373 /* Frameworks */ = {
			isa = PBXFrameworksBuildPhase;
			buildActionMask = 2147483647;
			files = (
				6E620E35974042881324E0E2 /* Pods_ec3730_ec3730UITests.framework in Frameworks */,
			);
			runOnlyForDeploymentPostprocessing = 0;
		};
/* End PBXFrameworksBuildPhase section */

/* Begin PBXGroup section */
		35A03C267A216770A8B1937B /* Frameworks */ = {
			isa = PBXGroup;
			children = (
				F63540E4213E4F8400605ABE /* libresolv.9.dylib */,
				F63540E2213E4E7800605ABE /* Xcode.app */,
				F63540E0213E4DD200605ABE /* libresolv.tbd */,
				F63540DE213E4DB900605ABE /* libresolv.9.tbd */,
				F63540DC213E1D1B00605ABE /* StoreKit.framework */,
				6F4F15DE13A3596CD674347B /* Pods_ec3730.framework */,
				B44405FBBDDD9377C334727B /* Pods_ec3730Tests.framework */,
				B3A07F1AA92D623AC2761392 /* Pods_ec3730_ec3730UITests.framework */,
			);
			name = Frameworks;
			sourceTree = "<group>";
		};
		5F797C2E1F869E534A829DC6 /* Pods */ = {
			isa = PBXGroup;
			children = (
				E0AC4E7BAE9A80E39D6813E5 /* Pods-ec3730.debug.xcconfig */,
				AE413E2D7C266E1FDDA68C0C /* Pods-ec3730.release.xcconfig */,
				13F7B5D5B62483DCA430B6DF /* Pods-ec3730Tests.debug.xcconfig */,
				9129CE52768A79E7361BFD9A /* Pods-ec3730Tests.release.xcconfig */,
				A010AB3AB301356E709FD17C /* Pods-ec3730UITests.debug.xcconfig */,
				5B740514874E5146DC8A2E8E /* Pods-ec3730UITests.release.xcconfig */,
				676AD7FFE8B8B091FF274747 /* Pods-ec3730-ec3730UITests.debug.xcconfig */,
				79566A6BF65DDA6D470C2A1C /* Pods-ec3730-ec3730UITests.release.xcconfig */,
			);
			name = Pods;
			sourceTree = "<group>";
		};
		F6A4EB932301C5CB00439562 /* Protocols */ = {
			isa = PBXGroup;
			children = (
				F6A4EB912301C5B800439562 /* InAppPurchaseUpdateDelegate.swift */,
			);
			path = Protocols;
			sourceTree = "<group>";
		};
		F6A4EB942301C5DD00439562 /* Controllers */ = {
			isa = PBXGroup;
			children = (
				F6310272212FA66600F34E42 /* SRCTabBarController.swift */,
				F63102742130C99D00F34E42 /* PingViewController.swift */,
				F6310278213366BB00F34E42 /* SourceViewController.swift */,
				F63540DA213E05E000605ABE /* HostViewController.swift */,
				F6FDDFD5230B095B00FBF75E /* HostTable.swift */,
				F63102762130D76200F34E42 /* ReachabilityViewController.swift */,
				F68CE569230463A50068D104 /* InterfaceTableViewController.swift */,
				F6FDDFC323047E7E00FBF75E /* SettingsViewController.swift */,
			);
			path = Controllers;
			sourceTree = "<group>";
		};
		F6A4EB952301C5EF00439562 /* Extensions */ = {
			isa = PBXGroup;
			children = (
				F60506732134B23F00DDF8A4 /* UIViewController.swift */,
				F6FDDFC923048DEF00FBF75E /* UIView.swift */,
				F6FDDFC72304803100FBF75E /* UserDefaults.swift */,
				F68CE5672303291A0068D104 /* Error.swift */,
				F661A27F23020FCF0023FA50 /* UIAlertController.swift */,
				F67425DA21363FFF00A79492 /* UITextView.swift */,
				F63540D4213DEBDD00605ABE /* Reachability.swift */,
			);
			path = Extensions;
			sourceTree = "<group>";
		};
		F6C8D898212E5AE900309373 = {
			isa = PBXGroup;
			children = (
				F6C8D8A3212E5AE900309373 /* ec3730 */,
				F6C8D8BA212E5AEB00309373 /* ec3730Tests */,
				F6C8D8C5212E5AEB00309373 /* ec3730UITests */,
				F6C8D8A2212E5AE900309373 /* Products */,
				5F797C2E1F869E534A829DC6 /* Pods */,
				35A03C267A216770A8B1937B /* Frameworks */,
			);
			sourceTree = "<group>";
		};
		F6C8D8A2212E5AE900309373 /* Products */ = {
			isa = PBXGroup;
			children = (
				F6C8D8A1212E5AE900309373 /* ec3730.app */,
				F6C8D8B7212E5AEB00309373 /* ec3730Tests.xctest */,
				F6C8D8C2212E5AEB00309373 /* ec3730UITests.xctest */,
			);
			name = Products;
			sourceTree = "<group>";
		};
		F6C8D8A3212E5AE900309373 /* ec3730 */ = {
			isa = PBXGroup;
			children = (
				F6A4EB9E2301F31100439562 /* ec3730.entitlements */,
				F6C8D8A4212E5AE900309373 /* AppDelegate.swift */,
				F6A4EB942301C5DD00439562 /* Controllers */,
				F691B0992147449200BDE0F4 /* WhoisXml.swift */,
				F650F748233CF15800BAA609 /* DataFeed.swift */,
				F619760622FCA33B00CE39A0 /* WhoisXmlCells.swift */,
				F6FDDFDF230C4C7400FBF75E /* CellManager.swift */,
				F650F74A233E62C100BAA609 /* BlurredPickerView.swift */,
				F650F744233CEB4B00BAA609 /* DataFeedCells.swift */,
				F650F746233CECD900BAA609 /* DataFeedCell.swift */,
				F6FDDFD7230B106200FBF75E /* WhoisXmlDnsCells.swift */,
				F6FDDFC523047EE300FBF75E /* DefaultsSwitch.swift */,
				F68CE5612302203B0068D104 /* CopyDetailCell.swift */,
				F68CE56323023F7E0068D104 /* CopyCell.swift */,
				F6A4EB982301DFCC00439562 /* LoadingCell.swift */,
				F68CE55F23021AC70068D104 /* CopyLabel.swift */,
				F6A4EB962301C70000439562 /* TimedCache.swift */,
				F6A4EB9A2301E78E00439562 /* DNSResolver.swift */,
				F619760A22FCA76200CE39A0 /* WhoisRecord.swift */,
				F6FDDFDB230B2BB900FBF75E /* WhoisDnsResults.swift */,
				F68CE56523031DA20068D104 /* WhoisErrors.swift */,
				F6A4EB9C2301F1B900439562 /* WiFiSSID.swift */,
				F6A4EB932301C5CB00439562 /* Protocols */,
				F619760822FCA39F00CE39A0 /* WhoisLockedTableViewCell.swift */,
				F6C8D8AD212E5AEA00309373 /* Assets.xcassets */,
				F6C8D8AF212E5AEA00309373 /* LaunchScreen.storyboard */,
				F6C8D8B2212E5AEA00309373 /* Info.plist */,
				F6A4EB952301C5EF00439562 /* Extensions */,
				F63540D8213DFE8300605ABE /* ApiKeys.swift */,
			);
			path = ec3730;
			sourceTree = "<group>";
		};
		F6C8D8BA212E5AEB00309373 /* ec3730Tests */ = {
			isa = PBXGroup;
			children = (
				F6C8D8BB212E5AEB00309373 /* ec3730Tests.swift */,
				F6C8D8BD212E5AEB00309373 /* Info.plist */,
			);
			path = ec3730Tests;
			sourceTree = "<group>";
		};
		F6C8D8C5212E5AEB00309373 /* ec3730UITests */ = {
			isa = PBXGroup;
			children = (
				F6C8D8C6212E5AEB00309373 /* ec3730UITests.swift */,
				F6FDDFDD230C36DC00FBF75E /* SnapshotHelper.swift */,
				F6C8D8C8212E5AEB00309373 /* Info.plist */,
			);
			path = ec3730UITests;
			sourceTree = "<group>";
		};
/* End PBXGroup section */

/* Begin PBXNativeTarget section */
		F6C8D8A0212E5AE900309373 /* ec3730 */ = {
			isa = PBXNativeTarget;
			buildConfigurationList = F6C8D8CB212E5AEB00309373 /* Build configuration list for PBXNativeTarget "ec3730" */;
			buildPhases = (
				9302B791EF8069A487F7D631 /* [CP] Check Pods Manifest.lock */,
				F6C41B3623046D3700535A41 /* SwiftLint */,
				F6C8D89D212E5AE900309373 /* Sources */,
				F6C8D89E212E5AE900309373 /* Frameworks */,
				F6C8D89F212E5AE900309373 /* Resources */,
				94509E32E45A498DFBF6AAC0 /* [CP] Embed Pods Frameworks */,
			);
			buildRules = (
			);
			dependencies = (
			);
			name = ec3730;
			productName = ec3730;
			productReference = F6C8D8A1212E5AE900309373 /* ec3730.app */;
			productType = "com.apple.product-type.application";
		};
		F6C8D8B6212E5AEB00309373 /* ec3730Tests */ = {
			isa = PBXNativeTarget;
			buildConfigurationList = F6C8D8CE212E5AEB00309373 /* Build configuration list for PBXNativeTarget "ec3730Tests" */;
			buildPhases = (
				C2CAAEE4457B8F9EC8354B41 /* [CP] Check Pods Manifest.lock */,
				F6C8D8B3212E5AEB00309373 /* Sources */,
				F6C8D8B4212E5AEB00309373 /* Frameworks */,
				F6C8D8B5212E5AEB00309373 /* Resources */,
			);
			buildRules = (
			);
			dependencies = (
				F6C8D8B9212E5AEB00309373 /* PBXTargetDependency */,
			);
			name = ec3730Tests;
			productName = ec3730Tests;
			productReference = F6C8D8B7212E5AEB00309373 /* ec3730Tests.xctest */;
			productType = "com.apple.product-type.bundle.unit-test";
		};
		F6C8D8C1212E5AEB00309373 /* ec3730UITests */ = {
			isa = PBXNativeTarget;
			buildConfigurationList = F6C8D8D1212E5AEB00309373 /* Build configuration list for PBXNativeTarget "ec3730UITests" */;
			buildPhases = (
				B642F00A58145C766BE4BC2F /* [CP] Check Pods Manifest.lock */,
				F6C8D8BE212E5AEB00309373 /* Sources */,
				F6C8D8BF212E5AEB00309373 /* Frameworks */,
				F6C8D8C0212E5AEB00309373 /* Resources */,
				FE98FFE3F833B516E627C350 /* [CP] Embed Pods Frameworks */,
			);
			buildRules = (
			);
			dependencies = (
				F6C8D8C4212E5AEB00309373 /* PBXTargetDependency */,
			);
			name = ec3730UITests;
			productName = ec3730UITests;
			productReference = F6C8D8C2212E5AEB00309373 /* ec3730UITests.xctest */;
			productType = "com.apple.product-type.bundle.ui-testing";
		};
/* End PBXNativeTarget section */

/* Begin PBXProject section */
		F6C8D899212E5AE900309373 /* Project object */ = {
			isa = PBXProject;
			attributes = {
				LastSwiftUpdateCheck = 0940;
				LastUpgradeCheck = 0940;
				ORGANIZATIONNAME = "Zachary Gorak";
				TargetAttributes = {
					F6C8D8A0212E5AE900309373 = {
						CreatedOnToolsVersion = 9.4.1;
						SystemCapabilities = {
							com.apple.AccessWiFi = {
								enabled = 1;
							};
							com.apple.InAppPurchase = {
								enabled = 1;
							};
						};
					};
					F6C8D8B6212E5AEB00309373 = {
						CreatedOnToolsVersion = 9.4.1;
						LastSwiftMigration = 1030;
						TestTargetID = F6C8D8A0212E5AE900309373;
					};
					F6C8D8C1212E5AEB00309373 = {
						CreatedOnToolsVersion = 9.4.1;
						LastSwiftMigration = 1030;
						TestTargetID = F6C8D8A0212E5AE900309373;
					};
				};
			};
			buildConfigurationList = F6C8D89C212E5AE900309373 /* Build configuration list for PBXProject "ec3730" */;
			compatibilityVersion = "Xcode 9.3";
			developmentRegion = en;
			hasScannedForEncodings = 0;
			knownRegions = (
				en,
				Base,
			);
			mainGroup = F6C8D898212E5AE900309373;
			productRefGroup = F6C8D8A2212E5AE900309373 /* Products */;
			projectDirPath = "";
			projectRoot = "";
			targets = (
				F6C8D8A0212E5AE900309373 /* ec3730 */,
				F6C8D8B6212E5AEB00309373 /* ec3730Tests */,
				F6C8D8C1212E5AEB00309373 /* ec3730UITests */,
			);
		};
/* End PBXProject section */

/* Begin PBXResourcesBuildPhase section */
		F6C8D89F212E5AE900309373 /* Resources */ = {
			isa = PBXResourcesBuildPhase;
			buildActionMask = 2147483647;
			files = (
				F6C8D8B1212E5AEA00309373 /* LaunchScreen.storyboard in Resources */,
				F6C8D8AE212E5AEA00309373 /* Assets.xcassets in Resources */,
			);
			runOnlyForDeploymentPostprocessing = 0;
		};
		F6C8D8B5212E5AEB00309373 /* Resources */ = {
			isa = PBXResourcesBuildPhase;
			buildActionMask = 2147483647;
			files = (
			);
			runOnlyForDeploymentPostprocessing = 0;
		};
		F6C8D8C0212E5AEB00309373 /* Resources */ = {
			isa = PBXResourcesBuildPhase;
			buildActionMask = 2147483647;
			files = (
			);
			runOnlyForDeploymentPostprocessing = 0;
		};
/* End PBXResourcesBuildPhase section */

/* Begin PBXShellScriptBuildPhase section */
		9302B791EF8069A487F7D631 /* [CP] Check Pods Manifest.lock */ = {
			isa = PBXShellScriptBuildPhase;
			buildActionMask = 2147483647;
			files = (
			);
			inputPaths = (
				"${PODS_PODFILE_DIR_PATH}/Podfile.lock",
				"${PODS_ROOT}/Manifest.lock",
			);
			name = "[CP] Check Pods Manifest.lock";
			outputPaths = (
				"$(DERIVED_FILE_DIR)/Pods-ec3730-checkManifestLockResult.txt",
			);
			runOnlyForDeploymentPostprocessing = 0;
			shellPath = /bin/sh;
			shellScript = "diff \"${PODS_PODFILE_DIR_PATH}/Podfile.lock\" \"${PODS_ROOT}/Manifest.lock\" > /dev/null\nif [ $? != 0 ] ; then\n    # print error to STDERR\n    echo \"error: The sandbox is not in sync with the Podfile.lock. Run 'pod install' or update your CocoaPods installation.\" >&2\n    exit 1\nfi\n# This output is used by Xcode 'outputs' to avoid re-running this script phase.\necho \"SUCCESS\" > \"${SCRIPT_OUTPUT_FILE_0}\"\n";
			showEnvVarsInLog = 0;
		};
		94509E32E45A498DFBF6AAC0 /* [CP] Embed Pods Frameworks */ = {
			isa = PBXShellScriptBuildPhase;
			buildActionMask = 2147483647;
			files = (
			);
			inputFileListPaths = (
				"${PODS_ROOT}/Target Support Files/Pods-ec3730/Pods-ec3730-frameworks-${CONFIGURATION}-input-files.xcfilelist",
			);
			name = "[CP] Embed Pods Frameworks";
			outputFileListPaths = (
				"${PODS_ROOT}/Target Support Files/Pods-ec3730/Pods-ec3730-frameworks-${CONFIGURATION}-output-files.xcfilelist",
			);
			runOnlyForDeploymentPostprocessing = 0;
			shellPath = /bin/sh;
			shellScript = "\"${PODS_ROOT}/Target Support Files/Pods-ec3730/Pods-ec3730-frameworks.sh\"\n";
			showEnvVarsInLog = 0;
		};
		B642F00A58145C766BE4BC2F /* [CP] Check Pods Manifest.lock */ = {
			isa = PBXShellScriptBuildPhase;
			buildActionMask = 2147483647;
			files = (
			);
			inputPaths = (
				"${PODS_PODFILE_DIR_PATH}/Podfile.lock",
				"${PODS_ROOT}/Manifest.lock",
			);
			name = "[CP] Check Pods Manifest.lock";
			outputPaths = (
				"$(DERIVED_FILE_DIR)/Pods-ec3730-ec3730UITests-checkManifestLockResult.txt",
			);
			runOnlyForDeploymentPostprocessing = 0;
			shellPath = /bin/sh;
			shellScript = "diff \"${PODS_PODFILE_DIR_PATH}/Podfile.lock\" \"${PODS_ROOT}/Manifest.lock\" > /dev/null\nif [ $? != 0 ] ; then\n    # print error to STDERR\n    echo \"error: The sandbox is not in sync with the Podfile.lock. Run 'pod install' or update your CocoaPods installation.\" >&2\n    exit 1\nfi\n# This output is used by Xcode 'outputs' to avoid re-running this script phase.\necho \"SUCCESS\" > \"${SCRIPT_OUTPUT_FILE_0}\"\n";
			showEnvVarsInLog = 0;
		};
		C2CAAEE4457B8F9EC8354B41 /* [CP] Check Pods Manifest.lock */ = {
			isa = PBXShellScriptBuildPhase;
			buildActionMask = 2147483647;
			files = (
			);
			inputPaths = (
				"${PODS_PODFILE_DIR_PATH}/Podfile.lock",
				"${PODS_ROOT}/Manifest.lock",
			);
			name = "[CP] Check Pods Manifest.lock";
			outputPaths = (
				"$(DERIVED_FILE_DIR)/Pods-ec3730Tests-checkManifestLockResult.txt",
			);
			runOnlyForDeploymentPostprocessing = 0;
			shellPath = /bin/sh;
			shellScript = "diff \"${PODS_PODFILE_DIR_PATH}/Podfile.lock\" \"${PODS_ROOT}/Manifest.lock\" > /dev/null\nif [ $? != 0 ] ; then\n    # print error to STDERR\n    echo \"error: The sandbox is not in sync with the Podfile.lock. Run 'pod install' or update your CocoaPods installation.\" >&2\n    exit 1\nfi\n# This output is used by Xcode 'outputs' to avoid re-running this script phase.\necho \"SUCCESS\" > \"${SCRIPT_OUTPUT_FILE_0}\"\n";
			showEnvVarsInLog = 0;
		};
		F6C41B3623046D3700535A41 /* SwiftLint */ = {
			isa = PBXShellScriptBuildPhase;
			buildActionMask = 2147483647;
			files = (
			);
			inputFileListPaths = (
			);
			inputPaths = (
			);
			name = SwiftLint;
			outputFileListPaths = (
			);
			outputPaths = (
			);
			runOnlyForDeploymentPostprocessing = 0;
			shellPath = /bin/sh;
			shellScript = "\"${PODS_ROOT}/SwiftLint/swiftlint\"\n";
		};
		FE98FFE3F833B516E627C350 /* [CP] Embed Pods Frameworks */ = {
			isa = PBXShellScriptBuildPhase;
			buildActionMask = 2147483647;
			files = (
			);
			inputFileListPaths = (
				"${PODS_ROOT}/Target Support Files/Pods-ec3730-ec3730UITests/Pods-ec3730-ec3730UITests-frameworks-${CONFIGURATION}-input-files.xcfilelist",
			);
			name = "[CP] Embed Pods Frameworks";
			outputFileListPaths = (
				"${PODS_ROOT}/Target Support Files/Pods-ec3730-ec3730UITests/Pods-ec3730-ec3730UITests-frameworks-${CONFIGURATION}-output-files.xcfilelist",
			);
			runOnlyForDeploymentPostprocessing = 0;
			shellPath = /bin/sh;
			shellScript = "\"${PODS_ROOT}/Target Support Files/Pods-ec3730-ec3730UITests/Pods-ec3730-ec3730UITests-frameworks.sh\"\n";
			showEnvVarsInLog = 0;
		};
/* End PBXShellScriptBuildPhase section */

/* Begin PBXSourcesBuildPhase section */
		F6C8D89D212E5AE900309373 /* Sources */ = {
			isa = PBXSourcesBuildPhase;
			buildActionMask = 2147483647;
			files = (
				F6FDDFC82304803100FBF75E /* UserDefaults.swift in Sources */,
				F650F74B233E62C100BAA609 /* BlurredPickerView.swift in Sources */,
				F67425DB21363FFF00A79492 /* UITextView.swift in Sources */,
				F6310273212FA66600F34E42 /* SRCTabBarController.swift in Sources */,
				F6A4EB972301C70000439562 /* TimedCache.swift in Sources */,
				F6FDDFD8230B106200FBF75E /* WhoisXmlDnsCells.swift in Sources */,
				F68CE56623031DA20068D104 /* WhoisErrors.swift in Sources */,
				F63540D9213DFE8300605ABE /* ApiKeys.swift in Sources */,
				F68CE56A230463A50068D104 /* InterfaceTableViewController.swift in Sources */,
				F661A28023020FCF0023FA50 /* UIAlertController.swift in Sources */,
				F63102752130C99D00F34E42 /* PingViewController.swift in Sources */,
				F619760922FCA39F00CE39A0 /* WhoisLockedTableViewCell.swift in Sources */,
				F6FDDFCA23048DEF00FBF75E /* UIView.swift in Sources */,
				F6FDDFC623047EE300FBF75E /* DefaultsSwitch.swift in Sources */,
				F68CE5622302203B0068D104 /* CopyDetailCell.swift in Sources */,
				F619760B22FCA76200CE39A0 /* WhoisRecord.swift in Sources */,
				F6A4EB9B2301E78E00439562 /* DNSResolver.swift in Sources */,
				F650F745233CEB4B00BAA609 /* DataFeedCells.swift in Sources */,
				F619760722FCA33B00CE39A0 /* WhoisXmlCells.swift in Sources */,
				F6FDDFD6230B095B00FBF75E /* HostTable.swift in Sources */,
				F60506742134B23F00DDF8A4 /* UIViewController.swift in Sources */,
				F691B09A2147449200BDE0F4 /* WhoisXml.swift in Sources */,
				F6310279213366BB00F34E42 /* SourceViewController.swift in Sources */,
				F68CE56023021AC70068D104 /* CopyLabel.swift in Sources */,
				F650F749233CF15800BAA609 /* DataFeed.swift in Sources */,
				F68CE56423023F7E0068D104 /* CopyCell.swift in Sources */,
				F6A4EB992301DFCC00439562 /* LoadingCell.swift in Sources */,
				F63540DB213E05E000605ABE /* HostViewController.swift in Sources */,
				F6C8D8A5212E5AE900309373 /* AppDelegate.swift in Sources */,
				F6FDDFDC230B2BB900FBF75E /* WhoisDnsResults.swift in Sources */,
				F6A4EB922301C5B800439562 /* InAppPurchaseUpdateDelegate.swift in Sources */,
				F6A4EB9D2301F1B900439562 /* WiFiSSID.swift in Sources */,
				F63540D5213DEBDD00605ABE /* Reachability.swift in Sources */,
				F650F747233CECD900BAA609 /* DataFeedCell.swift in Sources */,
				F68CE5682303291A0068D104 /* Error.swift in Sources */,
				F63102772130D76200F34E42 /* ReachabilityViewController.swift in Sources */,
				F6FDDFC423047E7E00FBF75E /* SettingsViewController.swift in Sources */,
				F6FDDFE0230C4C7400FBF75E /* CellManager.swift in Sources */,
			);
			runOnlyForDeploymentPostprocessing = 0;
		};
		F6C8D8B3212E5AEB00309373 /* Sources */ = {
			isa = PBXSourcesBuildPhase;
			buildActionMask = 2147483647;
			files = (
				F6C8D8BC212E5AEB00309373 /* ec3730Tests.swift in Sources */,
			);
			runOnlyForDeploymentPostprocessing = 0;
		};
		F6C8D8BE212E5AEB00309373 /* Sources */ = {
			isa = PBXSourcesBuildPhase;
			buildActionMask = 2147483647;
			files = (
				F6C8D8C7212E5AEB00309373 /* ec3730UITests.swift in Sources */,
				F6FDDFDE230C36DC00FBF75E /* SnapshotHelper.swift in Sources */,
			);
			runOnlyForDeploymentPostprocessing = 0;
		};
/* End PBXSourcesBuildPhase section */

/* Begin PBXTargetDependency section */
		F6C8D8B9212E5AEB00309373 /* PBXTargetDependency */ = {
			isa = PBXTargetDependency;
			target = F6C8D8A0212E5AE900309373 /* ec3730 */;
			targetProxy = F6C8D8B8212E5AEB00309373 /* PBXContainerItemProxy */;
		};
		F6C8D8C4212E5AEB00309373 /* PBXTargetDependency */ = {
			isa = PBXTargetDependency;
			target = F6C8D8A0212E5AE900309373 /* ec3730 */;
			targetProxy = F6C8D8C3212E5AEB00309373 /* PBXContainerItemProxy */;
		};
/* End PBXTargetDependency section */

/* Begin PBXVariantGroup section */
		F6C8D8AF212E5AEA00309373 /* LaunchScreen.storyboard */ = {
			isa = PBXVariantGroup;
			children = (
				F6C8D8B0212E5AEA00309373 /* Base */,
			);
			name = LaunchScreen.storyboard;
			sourceTree = "<group>";
		};
/* End PBXVariantGroup section */

/* Begin XCBuildConfiguration section */
		F6C8D8C9212E5AEB00309373 /* Debug */ = {
			isa = XCBuildConfiguration;
			buildSettings = {
				ALWAYS_SEARCH_USER_PATHS = NO;
				CLANG_ANALYZER_NONNULL = YES;
				CLANG_ANALYZER_NUMBER_OBJECT_CONVERSION = YES_AGGRESSIVE;
				CLANG_CXX_LANGUAGE_STANDARD = "gnu++14";
				CLANG_CXX_LIBRARY = "libc++";
				CLANG_ENABLE_MODULES = YES;
				CLANG_ENABLE_OBJC_ARC = YES;
				CLANG_ENABLE_OBJC_WEAK = YES;
				CLANG_WARN_BLOCK_CAPTURE_AUTORELEASING = YES;
				CLANG_WARN_BOOL_CONVERSION = YES;
				CLANG_WARN_COMMA = YES;
				CLANG_WARN_CONSTANT_CONVERSION = YES;
				CLANG_WARN_DEPRECATED_OBJC_IMPLEMENTATIONS = YES;
				CLANG_WARN_DIRECT_OBJC_ISA_USAGE = YES_ERROR;
				CLANG_WARN_DOCUMENTATION_COMMENTS = YES;
				CLANG_WARN_EMPTY_BODY = YES;
				CLANG_WARN_ENUM_CONVERSION = YES;
				CLANG_WARN_INFINITE_RECURSION = YES;
				CLANG_WARN_INT_CONVERSION = YES;
				CLANG_WARN_NON_LITERAL_NULL_CONVERSION = YES;
				CLANG_WARN_OBJC_IMPLICIT_RETAIN_SELF = YES;
				CLANG_WARN_OBJC_LITERAL_CONVERSION = YES;
				CLANG_WARN_OBJC_ROOT_CLASS = YES_ERROR;
				CLANG_WARN_RANGE_LOOP_ANALYSIS = YES;
				CLANG_WARN_STRICT_PROTOTYPES = YES;
				CLANG_WARN_SUSPICIOUS_MOVE = YES;
				CLANG_WARN_UNGUARDED_AVAILABILITY = YES_AGGRESSIVE;
				CLANG_WARN_UNREACHABLE_CODE = YES;
				CLANG_WARN__DUPLICATE_METHOD_MATCH = YES;
				CODE_SIGN_IDENTITY = "iPhone Developer";
				COPY_PHASE_STRIP = NO;
				DEBUG_INFORMATION_FORMAT = dwarf;
				ENABLE_STRICT_OBJC_MSGSEND = YES;
				ENABLE_TESTABILITY = YES;
				GCC_C_LANGUAGE_STANDARD = gnu11;
				GCC_DYNAMIC_NO_PIC = NO;
				GCC_NO_COMMON_BLOCKS = YES;
				GCC_OPTIMIZATION_LEVEL = 0;
				GCC_PREPROCESSOR_DEFINITIONS = (
					"DEBUG=1",
					"$(inherited)",
				);
				GCC_WARN_64_TO_32_BIT_CONVERSION = YES;
				GCC_WARN_ABOUT_RETURN_TYPE = YES_ERROR;
				GCC_WARN_UNDECLARED_SELECTOR = YES;
				GCC_WARN_UNINITIALIZED_AUTOS = YES_AGGRESSIVE;
				GCC_WARN_UNUSED_FUNCTION = YES;
				GCC_WARN_UNUSED_VARIABLE = YES;
				IPHONEOS_DEPLOYMENT_TARGET = 11.0;
				MTL_ENABLE_DEBUG_INFO = YES;
				ONLY_ACTIVE_ARCH = YES;
				SDKROOT = iphoneos;
				SWIFT_ACTIVE_COMPILATION_CONDITIONS = DEBUG;
				SWIFT_OPTIMIZATION_LEVEL = "-Onone";
			};
			name = Debug;
		};
		F6C8D8CA212E5AEB00309373 /* Release */ = {
			isa = XCBuildConfiguration;
			buildSettings = {
				ALWAYS_SEARCH_USER_PATHS = NO;
				CLANG_ANALYZER_NONNULL = YES;
				CLANG_ANALYZER_NUMBER_OBJECT_CONVERSION = YES_AGGRESSIVE;
				CLANG_CXX_LANGUAGE_STANDARD = "gnu++14";
				CLANG_CXX_LIBRARY = "libc++";
				CLANG_ENABLE_MODULES = YES;
				CLANG_ENABLE_OBJC_ARC = YES;
				CLANG_ENABLE_OBJC_WEAK = YES;
				CLANG_WARN_BLOCK_CAPTURE_AUTORELEASING = YES;
				CLANG_WARN_BOOL_CONVERSION = YES;
				CLANG_WARN_COMMA = YES;
				CLANG_WARN_CONSTANT_CONVERSION = YES;
				CLANG_WARN_DEPRECATED_OBJC_IMPLEMENTATIONS = YES;
				CLANG_WARN_DIRECT_OBJC_ISA_USAGE = YES_ERROR;
				CLANG_WARN_DOCUMENTATION_COMMENTS = YES;
				CLANG_WARN_EMPTY_BODY = YES;
				CLANG_WARN_ENUM_CONVERSION = YES;
				CLANG_WARN_INFINITE_RECURSION = YES;
				CLANG_WARN_INT_CONVERSION = YES;
				CLANG_WARN_NON_LITERAL_NULL_CONVERSION = YES;
				CLANG_WARN_OBJC_IMPLICIT_RETAIN_SELF = YES;
				CLANG_WARN_OBJC_LITERAL_CONVERSION = YES;
				CLANG_WARN_OBJC_ROOT_CLASS = YES_ERROR;
				CLANG_WARN_RANGE_LOOP_ANALYSIS = YES;
				CLANG_WARN_STRICT_PROTOTYPES = YES;
				CLANG_WARN_SUSPICIOUS_MOVE = YES;
				CLANG_WARN_UNGUARDED_AVAILABILITY = YES_AGGRESSIVE;
				CLANG_WARN_UNREACHABLE_CODE = YES;
				CLANG_WARN__DUPLICATE_METHOD_MATCH = YES;
				CODE_SIGN_IDENTITY = "iPhone Developer";
				COPY_PHASE_STRIP = NO;
				DEBUG_INFORMATION_FORMAT = "dwarf-with-dsym";
				ENABLE_NS_ASSERTIONS = NO;
				ENABLE_STRICT_OBJC_MSGSEND = YES;
				GCC_C_LANGUAGE_STANDARD = gnu11;
				GCC_NO_COMMON_BLOCKS = YES;
				GCC_WARN_64_TO_32_BIT_CONVERSION = YES;
				GCC_WARN_ABOUT_RETURN_TYPE = YES_ERROR;
				GCC_WARN_UNDECLARED_SELECTOR = YES;
				GCC_WARN_UNINITIALIZED_AUTOS = YES_AGGRESSIVE;
				GCC_WARN_UNUSED_FUNCTION = YES;
				GCC_WARN_UNUSED_VARIABLE = YES;
				IPHONEOS_DEPLOYMENT_TARGET = 11.0;
				MTL_ENABLE_DEBUG_INFO = NO;
				SDKROOT = iphoneos;
				SWIFT_COMPILATION_MODE = wholemodule;
				SWIFT_OPTIMIZATION_LEVEL = "-O";
				VALIDATE_PRODUCT = YES;
			};
			name = Release;
		};
		F6C8D8CC212E5AEB00309373 /* Debug */ = {
			isa = XCBuildConfiguration;
			baseConfigurationReference = E0AC4E7BAE9A80E39D6813E5 /* Pods-ec3730.debug.xcconfig */;
			buildSettings = {
				ASSETCATALOG_COMPILER_APPICON_NAME = AppIcon;
				CODE_SIGN_ENTITLEMENTS = ec3730/ec3730.entitlements;
				CODE_SIGN_STYLE = Automatic;
				CURRENT_PROJECT_VERSION = 2;
				DEVELOPMENT_TEAM = C6L3992RFB;
				GCC_TREAT_WARNINGS_AS_ERRORS = YES;
				INFOPLIST_FILE = ec3730/Info.plist;
				IPHONEOS_DEPLOYMENT_TARGET = 11.0;
				LD_RUNPATH_SEARCH_PATHS = (
					"$(inherited)",
					"@executable_path/Frameworks",
				);
				MARKETING_VERSION = 2.2.0;
				PRODUCT_BUNDLE_IDENTIFIER = com.twodayslate.ec3730;
				PRODUCT_NAME = "$(TARGET_NAME)";
				SWIFT_TREAT_WARNINGS_AS_ERRORS = YES;
				SWIFT_VERSION = 5.0;
				TARGETED_DEVICE_FAMILY = "1,2";
				USER_HEADER_SEARCH_PATHS = "";
			};
			name = Debug;
		};
		F6C8D8CD212E5AEB00309373 /* Release */ = {
			isa = XCBuildConfiguration;
			baseConfigurationReference = AE413E2D7C266E1FDDA68C0C /* Pods-ec3730.release.xcconfig */;
			buildSettings = {
				ASSETCATALOG_COMPILER_APPICON_NAME = AppIcon;
				CODE_SIGN_ENTITLEMENTS = ec3730/ec3730.entitlements;
				CODE_SIGN_STYLE = Automatic;
				CURRENT_PROJECT_VERSION = 2;
				DEVELOPMENT_TEAM = C6L3992RFB;
				GCC_TREAT_WARNINGS_AS_ERRORS = YES;
				INFOPLIST_FILE = ec3730/Info.plist;
				IPHONEOS_DEPLOYMENT_TARGET = 11.0;
				LD_RUNPATH_SEARCH_PATHS = (
					"$(inherited)",
					"@executable_path/Frameworks",
				);
				MARKETING_VERSION = 2.2.0;
				PRODUCT_BUNDLE_IDENTIFIER = com.twodayslate.ec3730;
				PRODUCT_NAME = "$(TARGET_NAME)";
				SWIFT_TREAT_WARNINGS_AS_ERRORS = YES;
				SWIFT_VERSION = 5.0;
				TARGETED_DEVICE_FAMILY = "1,2";
				USER_HEADER_SEARCH_PATHS = "";
			};
			name = Release;
		};
		F6C8D8CF212E5AEB00309373 /* Debug */ = {
			isa = XCBuildConfiguration;
			baseConfigurationReference = 13F7B5D5B62483DCA430B6DF /* Pods-ec3730Tests.debug.xcconfig */;
			buildSettings = {
				ALWAYS_EMBED_SWIFT_STANDARD_LIBRARIES = YES;
				BUNDLE_LOADER = "$(TEST_HOST)";
				CODE_SIGN_STYLE = Automatic;
				DEVELOPMENT_TEAM = C6L3992RFB;
				INFOPLIST_FILE = ec3730Tests/Info.plist;
				LD_RUNPATH_SEARCH_PATHS = (
					"$(inherited)",
					"@executable_path/Frameworks",
					"@loader_path/Frameworks",
				);
				PRODUCT_BUNDLE_IDENTIFIER = com.twodayslate.ec3730Tests;
				PRODUCT_NAME = "$(TARGET_NAME)";
				SWIFT_VERSION = 5.0;
				TARGETED_DEVICE_FAMILY = "1,2";
				TEST_HOST = "$(BUILT_PRODUCTS_DIR)/ec3730.app/ec3730";
			};
			name = Debug;
		};
		F6C8D8D0212E5AEB00309373 /* Release */ = {
			isa = XCBuildConfiguration;
			baseConfigurationReference = 9129CE52768A79E7361BFD9A /* Pods-ec3730Tests.release.xcconfig */;
			buildSettings = {
				ALWAYS_EMBED_SWIFT_STANDARD_LIBRARIES = YES;
				BUNDLE_LOADER = "$(TEST_HOST)";
				CODE_SIGN_STYLE = Automatic;
				DEVELOPMENT_TEAM = C6L3992RFB;
				INFOPLIST_FILE = ec3730Tests/Info.plist;
				LD_RUNPATH_SEARCH_PATHS = (
					"$(inherited)",
					"@executable_path/Frameworks",
					"@loader_path/Frameworks",
				);
				PRODUCT_BUNDLE_IDENTIFIER = com.twodayslate.ec3730Tests;
				PRODUCT_NAME = "$(TARGET_NAME)";
				SWIFT_VERSION = 5.0;
				TARGETED_DEVICE_FAMILY = "1,2";
				TEST_HOST = "$(BUILT_PRODUCTS_DIR)/ec3730.app/ec3730";
			};
			name = Release;
		};
		F6C8D8D2212E5AEB00309373 /* Debug */ = {
			isa = XCBuildConfiguration;
			baseConfigurationReference = 676AD7FFE8B8B091FF274747 /* Pods-ec3730-ec3730UITests.debug.xcconfig */;
			buildSettings = {
				ALWAYS_EMBED_SWIFT_STANDARD_LIBRARIES = YES;
				CODE_SIGN_STYLE = Automatic;
				DEVELOPMENT_TEAM = C6L3992RFB;
				INFOPLIST_FILE = ec3730UITests/Info.plist;
				LD_RUNPATH_SEARCH_PATHS = (
					"$(inherited)",
					"@executable_path/Frameworks",
					"@loader_path/Frameworks",
				);
				PRODUCT_BUNDLE_IDENTIFIER = com.twodayslate.ec3730UITests;
				PRODUCT_NAME = "$(TARGET_NAME)";
				SWIFT_VERSION = 5.0;
				TARGETED_DEVICE_FAMILY = "1,2";
				TEST_TARGET_NAME = ec3730;
			};
			name = Debug;
		};
		F6C8D8D3212E5AEB00309373 /* Release */ = {
			isa = XCBuildConfiguration;
			baseConfigurationReference = 79566A6BF65DDA6D470C2A1C /* Pods-ec3730-ec3730UITests.release.xcconfig */;
			buildSettings = {
				ALWAYS_EMBED_SWIFT_STANDARD_LIBRARIES = YES;
				CODE_SIGN_STYLE = Automatic;
				DEVELOPMENT_TEAM = C6L3992RFB;
				INFOPLIST_FILE = ec3730UITests/Info.plist;
				LD_RUNPATH_SEARCH_PATHS = (
					"$(inherited)",
					"@executable_path/Frameworks",
					"@loader_path/Frameworks",
				);
				PRODUCT_BUNDLE_IDENTIFIER = com.twodayslate.ec3730UITests;
				PRODUCT_NAME = "$(TARGET_NAME)";
				SWIFT_VERSION = 5.0;
				TARGETED_DEVICE_FAMILY = "1,2";
				TEST_TARGET_NAME = ec3730;
			};
			name = Release;
		};
/* End XCBuildConfiguration section */

/* Begin XCConfigurationList section */
		F6C8D89C212E5AE900309373 /* Build configuration list for PBXProject "ec3730" */ = {
			isa = XCConfigurationList;
			buildConfigurations = (
				F6C8D8C9212E5AEB00309373 /* Debug */,
				F6C8D8CA212E5AEB00309373 /* Release */,
			);
			defaultConfigurationIsVisible = 0;
			defaultConfigurationName = Release;
		};
		F6C8D8CB212E5AEB00309373 /* Build configuration list for PBXNativeTarget "ec3730" */ = {
			isa = XCConfigurationList;
			buildConfigurations = (
				F6C8D8CC212E5AEB00309373 /* Debug */,
				F6C8D8CD212E5AEB00309373 /* Release */,
			);
			defaultConfigurationIsVisible = 0;
			defaultConfigurationName = Release;
		};
		F6C8D8CE212E5AEB00309373 /* Build configuration list for PBXNativeTarget "ec3730Tests" */ = {
			isa = XCConfigurationList;
			buildConfigurations = (
				F6C8D8CF212E5AEB00309373 /* Debug */,
				F6C8D8D0212E5AEB00309373 /* Release */,
			);
			defaultConfigurationIsVisible = 0;
			defaultConfigurationName = Release;
		};
		F6C8D8D1212E5AEB00309373 /* Build configuration list for PBXNativeTarget "ec3730UITests" */ = {
			isa = XCConfigurationList;
			buildConfigurations = (
				F6C8D8D2212E5AEB00309373 /* Debug */,
				F6C8D8D3212E5AEB00309373 /* Release */,
			);
			defaultConfigurationIsVisible = 0;
			defaultConfigurationName = Release;
		};
/* End XCConfigurationList section */
	};
	rootObject = F6C8D899212E5AE900309373 /* Project object */;
}
