// !$*UTF8*$!
{
	archiveVersion = 1;
	classes = {
	};
	objectVersion = 50;
	objects = {

/* Begin PBXBuildFile section */
		F6C8D8A5212E5AE900309373 /* AppDelegate.swift in Sources */ = {isa = PBXBuildFile; fileRef = F6C8D8A4212E5AE900309373 /* AppDelegate.swift */; };
		F6C8D8A7212E5AE900309373 /* MasterViewController.swift in Sources */ = {isa = PBXBuildFile; fileRef = F6C8D8A6212E5AE900309373 /* MasterViewController.swift */; };
		F6C8D8A9212E5AE900309373 /* DetailViewController.swift in Sources */ = {isa = PBXBuildFile; fileRef = F6C8D8A8212E5AE900309373 /* DetailViewController.swift */; };
		F6C8D8AC212E5AE900309373 /* Main.storyboard in Resources */ = {isa = PBXBuildFile; fileRef = F6C8D8AA212E5AE900309373 /* Main.storyboard */; };
		F6C8D8AE212E5AEA00309373 /* Assets.xcassets in Resources */ = {isa = PBXBuildFile; fileRef = F6C8D8AD212E5AEA00309373 /* Assets.xcassets */; };
		F6C8D8B1212E5AEA00309373 /* LaunchScreen.storyboard in Resources */ = {isa = PBXBuildFile; fileRef = F6C8D8AF212E5AEA00309373 /* LaunchScreen.storyboard */; };
		F6C8D8BC212E5AEB00309373 /* ec3730Tests.swift in Sources */ = {isa = PBXBuildFile; fileRef = F6C8D8BB212E5AEB00309373 /* ec3730Tests.swift */; };
		F6C8D8C7212E5AEB00309373 /* ec3730UITests.swift in Sources */ = {isa = PBXBuildFile; fileRef = F6C8D8C6212E5AEB00309373 /* ec3730UITests.swift */; };
/* End PBXBuildFile section */

/* Begin PBXContainerItemProxy section */
		F6C8D8B8212E5AEB00309373 /* PBXContainerItemProxy */ = {
			isa = PBXContainerItemProxy;
			containerPortal = F6C8D899212E5AE900309373 /* Project object */;
			proxyType = 1;
			remoteGlobalIDString = F6C8D8A0212E5AE900309373;
			remoteInfo = ec3730;
		};
		F6C8D8C3212E5AEB00309373 /* PBXContainerItemProxy */ = {
			isa = PBXContainerItemProxy;
			containerPortal = F6C8D899212E5AE900309373 /* Project object */;
			proxyType = 1;
			remoteGlobalIDString = F6C8D8A0212E5AE900309373;
			remoteInfo = ec3730;
		};
/* End PBXContainerItemProxy section */

/* Begin PBXFileReference section */
		F6C8D8A1212E5AE900309373 /* ec3730.app */ = {isa = PBXFileReference; explicitFileType = wrapper.application; includeInIndex = 0; path = ec3730.app; sourceTree = BUILT_PRODUCTS_DIR; };
		F6C8D8A4212E5AE900309373 /* AppDelegate.swift */ = {isa = PBXFileReference; lastKnownFileType = sourcecode.swift; path = AppDelegate.swift; sourceTree = "<group>"; };
		F6C8D8A6212E5AE900309373 /* MasterViewController.swift */ = {isa = PBXFileReference; lastKnownFileType = sourcecode.swift; path = MasterViewController.swift; sourceTree = "<group>"; };
		F6C8D8A8212E5AE900309373 /* DetailViewController.swift */ = {isa = PBXFileReference; lastKnownFileType = sourcecode.swift; path = DetailViewController.swift; sourceTree = "<group>"; };
		F6C8D8AB212E5AE900309373 /* Base */ = {isa = PBXFileReference; lastKnownFileType = file.storyboard; name = Base; path = Base.lproj/Main.storyboard; sourceTree = "<group>"; };
		F6C8D8AD212E5AEA00309373 /* Assets.xcassets */ = {isa = PBXFileReference; lastKnownFileType = folder.assetcatalog; path = Assets.xcassets; sourceTree = "<group>"; };
		F6C8D8B0212E5AEA00309373 /* Base */ = {isa = PBXFileReference; lastKnownFileType = file.storyboard; name = Base; path = Base.lproj/LaunchScreen.storyboard; sourceTree = "<group>"; };
		F6C8D8B2212E5AEA00309373 /* Info.plist */ = {isa = PBXFileReference; lastKnownFileType = text.plist.xml; path = Info.plist; sourceTree = "<group>"; };
		F6C8D8B7212E5AEB00309373 /* ec3730Tests.xctest */ = {isa = PBXFileReference; explicitFileType = wrapper.cfbundle; includeInIndex = 0; path = ec3730Tests.xctest; sourceTree = BUILT_PRODUCTS_DIR; };
		F6C8D8BB212E5AEB00309373 /* ec3730Tests.swift */ = {isa = PBXFileReference; lastKnownFileType = sourcecode.swift; path = ec3730Tests.swift; sourceTree = "<group>"; };
		F6C8D8BD212E5AEB00309373 /* Info.plist */ = {isa = PBXFileReference; lastKnownFileType = text.plist.xml; path = Info.plist; sourceTree = "<group>"; };
		F6C8D8C2212E5AEB00309373 /* ec3730UITests.xctest */ = {isa = PBXFileReference; explicitFileType = wrapper.cfbundle; includeInIndex = 0; path = ec3730UITests.xctest; sourceTree = BUILT_PRODUCTS_DIR; };
		F6C8D8C6212E5AEB00309373 /* ec3730UITests.swift */ = {isa = PBXFileReference; lastKnownFileType = sourcecode.swift; path = ec3730UITests.swift; sourceTree = "<group>"; };
		F6C8D8C8212E5AEB00309373 /* Info.plist */ = {isa = PBXFileReference; lastKnownFileType = text.plist.xml; path = Info.plist; sourceTree = "<group>"; };
/* End PBXFileReference section */

/* Begin PBXFrameworksBuildPhase section */
		F6C8D89E212E5AE900309373 /* Frameworks */ = {
			isa = PBXFrameworksBuildPhase;
			buildActionMask = 2147483647;
			files = (
			);
			runOnlyForDeploymentPostprocessing = 0;
		};
		F6C8D8B4212E5AEB00309373 /* Frameworks */ = {
			isa = PBXFrameworksBuildPhase;
			buildActionMask = 2147483647;
			files = (
			);
			runOnlyForDeploymentPostprocessing = 0;
		};
		F6C8D8BF212E5AEB00309373 /* Frameworks */ = {
			isa = PBXFrameworksBuildPhase;
			buildActionMask = 2147483647;
			files = (
			);
			runOnlyForDeploymentPostprocessing = 0;
		};
/* End PBXFrameworksBuildPhase section */

/* Begin PBXGroup section */
		F6C8D898212E5AE900309373 = {
			isa = PBXGroup;
			children = (
				F6C8D8A3212E5AE900309373 /* ec3730 */,
				F6C8D8BA212E5AEB00309373 /* ec3730Tests */,
				F6C8D8C5212E5AEB00309373 /* ec3730UITests */,
				F6C8D8A2212E5AE900309373 /* Products */,
			);
			sourceTree = "<group>";
		};
		F6C8D8A2212E5AE900309373 /* Products */ = {
			isa = PBXGroup;
			children = (
				F6C8D8A1212E5AE900309373 /* ec3730.app */,
				F6C8D8B7212E5AEB00309373 /* ec3730Tests.xctest */,
				F6C8D8C2212E5AEB00309373 /* ec3730UITests.xctest */,
			);
			name = Products;
			sourceTree = "<group>";
		};
		F6C8D8A3212E5AE900309373 /* ec3730 */ = {
			isa = PBXGroup;
			children = (
				F6C8D8A4212E5AE900309373 /* AppDelegate.swift */,
				F6C8D8A6212E5AE900309373 /* MasterViewController.swift */,
				F6C8D8A8212E5AE900309373 /* DetailViewController.swift */,
				F6C8D8AA212E5AE900309373 /* Main.storyboard */,
				F6C8D8AD212E5AEA00309373 /* Assets.xcassets */,
				F6C8D8AF212E5AEA00309373 /* LaunchScreen.storyboard */,
				F6C8D8B2212E5AEA00309373 /* Info.plist */,
			);
			path = ec3730;
			sourceTree = "<group>";
		};
		F6C8D8BA212E5AEB00309373 /* ec3730Tests */ = {
			isa = PBXGroup;
			children = (
				F6C8D8BB212E5AEB00309373 /* ec3730Tests.swift */,
				F6C8D8BD212E5AEB00309373 /* Info.plist */,
			);
			path = ec3730Tests;
			sourceTree = "<group>";
		};
		F6C8D8C5212E5AEB00309373 /* ec3730UITests */ = {
			isa = PBXGroup;
			children = (
				F6C8D8C6212E5AEB00309373 /* ec3730UITests.swift */,
				F6C8D8C8212E5AEB00309373 /* Info.plist */,
			);
			path = ec3730UITests;
			sourceTree = "<group>";
		};
/* End PBXGroup section */

/* Begin PBXNativeTarget section */
		F6C8D8A0212E5AE900309373 /* ec3730 */ = {
			isa = PBXNativeTarget;
			buildConfigurationList = F6C8D8CB212E5AEB00309373 /* Build configuration list for PBXNativeTarget "ec3730" */;
			buildPhases = (
				F6C8D89D212E5AE900309373 /* Sources */,
				F6C8D89E212E5AE900309373 /* Frameworks */,
				F6C8D89F212E5AE900309373 /* Resources */,
			);
			buildRules = (
			);
			dependencies = (
			);
			name = ec3730;
			productName = ec3730;
			productReference = F6C8D8A1212E5AE900309373 /* ec3730.app */;
			productType = "com.apple.product-type.application";
		};
		F6C8D8B6212E5AEB00309373 /* ec3730Tests */ = {
			isa = PBXNativeTarget;
			buildConfigurationList = F6C8D8CE212E5AEB00309373 /* Build configuration list for PBXNativeTarget "ec3730Tests" */;
			buildPhases = (
				F6C8D8B3212E5AEB00309373 /* Sources */,
				F6C8D8B4212E5AEB00309373 /* Frameworks */,
				F6C8D8B5212E5AEB00309373 /* Resources */,
			);
			buildRules = (
			);
			dependencies = (
				F6C8D8B9212E5AEB00309373 /* PBXTargetDependency */,
			);
			name = ec3730Tests;
			productName = ec3730Tests;
			productReference = F6C8D8B7212E5AEB00309373 /* ec3730Tests.xctest */;
			productType = "com.apple.product-type.bundle.unit-test";
		};
		F6C8D8C1212E5AEB00309373 /* ec3730UITests */ = {
			isa = PBXNativeTarget;
			buildConfigurationList = F6C8D8D1212E5AEB00309373 /* Build configuration list for PBXNativeTarget "ec3730UITests" */;
			buildPhases = (
				F6C8D8BE212E5AEB00309373 /* Sources */,
				F6C8D8BF212E5AEB00309373 /* Frameworks */,
				F6C8D8C0212E5AEB00309373 /* Resources */,
			);
			buildRules = (
			);
			dependencies = (
				F6C8D8C4212E5AEB00309373 /* PBXTargetDependency */,
			);
			name = ec3730UITests;
			productName = ec3730UITests;
			productReference = F6C8D8C2212E5AEB00309373 /* ec3730UITests.xctest */;
			productType = "com.apple.product-type.bundle.ui-testing";
		};
/* End PBXNativeTarget section */

/* Begin PBXProject section */
		F6C8D899212E5AE900309373 /* Project object */ = {
			isa = PBXProject;
			attributes = {
				LastSwiftUpdateCheck = 0940;
				LastUpgradeCheck = 0940;
				ORGANIZATIONNAME = "Zachary Gorak";
				TargetAttributes = {
					F6C8D8A0212E5AE900309373 = {
						CreatedOnToolsVersion = 9.4.1;
					};
					F6C8D8B6212E5AEB00309373 = {
						CreatedOnToolsVersion = 9.4.1;
						TestTargetID = F6C8D8A0212E5AE900309373;
					};
					F6C8D8C1212E5AEB00309373 = {
						CreatedOnToolsVersion = 9.4.1;
						TestTargetID = F6C8D8A0212E5AE900309373;
					};
				};
			};
			buildConfigurationList = F6C8D89C212E5AE900309373 /* Build configuration list for PBXProject "ec3730" */;
			compatibilityVersion = "Xcode 9.3";
			developmentRegion = en;
			hasScannedForEncodings = 0;
			knownRegions = (
				en,
				Base,
			);
			mainGroup = F6C8D898212E5AE900309373;
			productRefGroup = F6C8D8A2212E5AE900309373 /* Products */;
			projectDirPath = "";
			projectRoot = "";
			targets = (
				F6C8D8A0212E5AE900309373 /* ec3730 */,
				F6C8D8B6212E5AEB00309373 /* ec3730Tests */,
				F6C8D8C1212E5AEB00309373 /* ec3730UITests */,
			);
		};
/* End PBXProject section */

/* Begin PBXResourcesBuildPhase section */
		F6C8D89F212E5AE900309373 /* Resources */ = {
			isa = PBXResourcesBuildPhase;
			buildActionMask = 2147483647;
			files = (
				F6C8D8B1212E5AEA00309373 /* LaunchScreen.storyboard in Resources */,
				F6C8D8AE212E5AEA00309373 /* Assets.xcassets in Resources */,
				F6C8D8AC212E5AE900309373 /* Main.storyboard in Resources */,
			);
			runOnlyForDeploymentPostprocessing = 0;
		};
		F6C8D8B5212E5AEB00309373 /* Resources */ = {
			isa = PBXResourcesBuildPhase;
			buildActionMask = 2147483647;
			files = (
			);
			runOnlyForDeploymentPostprocessing = 0;
		};
		F6C8D8C0212E5AEB00309373 /* Resources */ = {
			isa = PBXResourcesBuildPhase;
			buildActionMask = 2147483647;
			files = (
			);
			runOnlyForDeploymentPostprocessing = 0;
		};
/* End PBXResourcesBuildPhase section */

/* Begin PBXSourcesBuildPhase section */
		F6C8D89D212E5AE900309373 /* Sources */ = {
			isa = PBXSourcesBuildPhase;
			buildActionMask = 2147483647;
			files = (
				F6C8D8A9212E5AE900309373 /* DetailViewController.swift in Sources */,
				F6C8D8A7212E5AE900309373 /* MasterViewController.swift in Sources */,
				F6C8D8A5212E5AE900309373 /* AppDelegate.swift in Sources */,
			);
			runOnlyForDeploymentPostprocessing = 0;
		};
		F6C8D8B3212E5AEB00309373 /* Sources */ = {
			isa = PBXSourcesBuildPhase;
			buildActionMask = 2147483647;
			files = (
				F6C8D8BC212E5AEB00309373 /* ec3730Tests.swift in Sources */,
			);
			runOnlyForDeploymentPostprocessing = 0;
		};
		F6C8D8BE212E5AEB00309373 /* Sources */ = {
			isa = PBXSourcesBuildPhase;
			buildActionMask = 2147483647;
			files = (
				F6C8D8C7212E5AEB00309373 /* ec3730UITests.swift in Sources */,
			);
			runOnlyForDeploymentPostprocessing = 0;
		};
/* End PBXSourcesBuildPhase section */

/* Begin PBXTargetDependency section */
		F6C8D8B9212E5AEB00309373 /* PBXTargetDependency */ = {
			isa = PBXTargetDependency;
			target = F6C8D8A0212E5AE900309373 /* ec3730 */;
			targetProxy = F6C8D8B8212E5AEB00309373 /* PBXContainerItemProxy */;
		};
		F6C8D8C4212E5AEB00309373 /* PBXTargetDependency */ = {
			isa = PBXTargetDependency;
			target = F6C8D8A0212E5AE900309373 /* ec3730 */;
			targetProxy = F6C8D8C3212E5AEB00309373 /* PBXContainerItemProxy */;
		};
/* End PBXTargetDependency section */

/* Begin PBXVariantGroup section */
		F6C8D8AA212E5AE900309373 /* Main.storyboard */ = {
			isa = PBXVariantGroup;
			children = (
				F6C8D8AB212E5AE900309373 /* Base */,
			);
			name = Main.storyboard;
			sourceTree = "<group>";
		};
		F6C8D8AF212E5AEA00309373 /* LaunchScreen.storyboard */ = {
			isa = PBXVariantGroup;
			children = (
				F6C8D8B0212E5AEA00309373 /* Base */,
			);
			name = LaunchScreen.storyboard;
			sourceTree = "<group>";
		};
/* End PBXVariantGroup section */

/* Begin XCBuildConfiguration section */
		F6C8D8C9212E5AEB00309373 /* Debug */ = {
			isa = XCBuildConfiguration;
			buildSettings = {
				ALWAYS_SEARCH_USER_PATHS = NO;
				CLANG_ANALYZER_NONNULL = YES;
				CLANG_ANALYZER_NUMBER_OBJECT_CONVERSION = YES_AGGRESSIVE;
				CLANG_CXX_LANGUAGE_STANDARD = "gnu++14";
				CLANG_CXX_LIBRARY = "libc++";
				CLANG_ENABLE_MODULES = YES;
				CLANG_ENABLE_OBJC_ARC = YES;
				CLANG_ENABLE_OBJC_WEAK = YES;
				CLANG_WARN_BLOCK_CAPTURE_AUTORELEASING = YES;
				CLANG_WARN_BOOL_CONVERSION = YES;
				CLANG_WARN_COMMA = YES;
				CLANG_WARN_CONSTANT_CONVERSION = YES;
				CLANG_WARN_DEPRECATED_OBJC_IMPLEMENTATIONS = YES;
				CLANG_WARN_DIRECT_OBJC_ISA_USAGE = YES_ERROR;
				CLANG_WARN_DOCUMENTATION_COMMENTS = YES;
				CLANG_WARN_EMPTY_BODY = YES;
				CLANG_WARN_ENUM_CONVERSION = YES;
				CLANG_WARN_INFINITE_RECURSION = YES;
				CLANG_WARN_INT_CONVERSION = YES;
				CLANG_WARN_NON_LITERAL_NULL_CONVERSION = YES;
				CLANG_WARN_OBJC_IMPLICIT_RETAIN_SELF = YES;
				CLANG_WARN_OBJC_LITERAL_CONVERSION = YES;
				CLANG_WARN_OBJC_ROOT_CLASS = YES_ERROR;
				CLANG_WARN_RANGE_LOOP_ANALYSIS = YES;
				CLANG_WARN_STRICT_PROTOTYPES = YES;
				CLANG_WARN_SUSPICIOUS_MOVE = YES;
				CLANG_WARN_UNGUARDED_AVAILABILITY = YES_AGGRESSIVE;
				CLANG_WARN_UNREACHABLE_CODE = YES;
				CLANG_WARN__DUPLICATE_METHOD_MATCH = YES;
				CODE_SIGN_IDENTITY = "iPhone Developer";
				COPY_PHASE_STRIP = NO;
				DEBUG_INFORMATION_FORMAT = dwarf;
				ENABLE_STRICT_OBJC_MSGSEND = YES;
				ENABLE_TESTABILITY = YES;
				GCC_C_LANGUAGE_STANDARD = gnu11;
				GCC_DYNAMIC_NO_PIC = NO;
				GCC_NO_COMMON_BLOCKS = YES;
				GCC_OPTIMIZATION_LEVEL = 0;
				GCC_PREPROCESSOR_DEFINITIONS = (
					"DEBUG=1",
					"$(inherited)",
				);
				GCC_WARN_64_TO_32_BIT_CONVERSION = YES;
				GCC_WARN_ABOUT_RETURN_TYPE = YES_ERROR;
				GCC_WARN_UNDECLARED_SELECTOR = YES;
				GCC_WARN_UNINITIALIZED_AUTOS = YES_AGGRESSIVE;
				GCC_WARN_UNUSED_FUNCTION = YES;
				GCC_WARN_UNUSED_VARIABLE = YES;
				IPHONEOS_DEPLOYMENT_TARGET = 11.4;
				MTL_ENABLE_DEBUG_INFO = YES;
				ONLY_ACTIVE_ARCH = YES;
				SDKROOT = iphoneos;
				SWIFT_ACTIVE_COMPILATION_CONDITIONS = DEBUG;
				SWIFT_OPTIMIZATION_LEVEL = "-Onone";
			};
			name = Debug;
		};
		F6C8D8CA212E5AEB00309373 /* Release */ = {
			isa = XCBuildConfiguration;
			buildSettings = {
				ALWAYS_SEARCH_USER_PATHS = NO;
				CLANG_ANALYZER_NONNULL = YES;
				CLANG_ANALYZER_NUMBER_OBJECT_CONVERSION = YES_AGGRESSIVE;
				CLANG_CXX_LANGUAGE_STANDARD = "gnu++14";
				CLANG_CXX_LIBRARY = "libc++";
				CLANG_ENABLE_MODULES = YES;
				CLANG_ENABLE_OBJC_ARC = YES;
				CLANG_ENABLE_OBJC_WEAK = YES;
				CLANG_WARN_BLOCK_CAPTURE_AUTORELEASING = YES;
				CLANG_WARN_BOOL_CONVERSION = YES;
				CLANG_WARN_COMMA = YES;
				CLANG_WARN_CONSTANT_CONVERSION = YES;
				CLANG_WARN_DEPRECATED_OBJC_IMPLEMENTATIONS = YES;
				CLANG_WARN_DIRECT_OBJC_ISA_USAGE = YES_ERROR;
				CLANG_WARN_DOCUMENTATION_COMMENTS = YES;
				CLANG_WARN_EMPTY_BODY = YES;
				CLANG_WARN_ENUM_CONVERSION = YES;
				CLANG_WARN_INFINITE_RECURSION = YES;
				CLANG_WARN_INT_CONVERSION = YES;
				CLANG_WARN_NON_LITERAL_NULL_CONVERSION = YES;
				CLANG_WARN_OBJC_IMPLICIT_RETAIN_SELF = YES;
				CLANG_WARN_OBJC_LITERAL_CONVERSION = YES;
				CLANG_WARN_OBJC_ROOT_CLASS = YES_ERROR;
				CLANG_WARN_RANGE_LOOP_ANALYSIS = YES;
				CLANG_WARN_STRICT_PROTOTYPES = YES;
				CLANG_WARN_SUSPICIOUS_MOVE = YES;
				CLANG_WARN_UNGUARDED_AVAILABILITY = YES_AGGRESSIVE;
				CLANG_WARN_UNREACHABLE_CODE = YES;
				CLANG_WARN__DUPLICATE_METHOD_MATCH = YES;
				CODE_SIGN_IDENTITY = "iPhone Developer";
				COPY_PHASE_STRIP = NO;
				DEBUG_INFORMATION_FORMAT = "dwarf-with-dsym";
				ENABLE_NS_ASSERTIONS = NO;
				ENABLE_STRICT_OBJC_MSGSEND = YES;
				GCC_C_LANGUAGE_STANDARD = gnu11;
				GCC_NO_COMMON_BLOCKS = YES;
				GCC_WARN_64_TO_32_BIT_CONVERSION = YES;
				GCC_WARN_ABOUT_RETURN_TYPE = YES_ERROR;
				GCC_WARN_UNDECLARED_SELECTOR = YES;
				GCC_WARN_UNINITIALIZED_AUTOS = YES_AGGRESSIVE;
				GCC_WARN_UNUSED_FUNCTION = YES;
				GCC_WARN_UNUSED_VARIABLE = YES;
				IPHONEOS_DEPLOYMENT_TARGET = 11.4;
				MTL_ENABLE_DEBUG_INFO = NO;
				SDKROOT = iphoneos;
				SWIFT_COMPILATION_MODE = wholemodule;
				SWIFT_OPTIMIZATION_LEVEL = "-O";
				VALIDATE_PRODUCT = YES;
			};
			name = Release;
		};
		F6C8D8CC212E5AEB00309373 /* Debug */ = {
			isa = XCBuildConfiguration;
			buildSettings = {
				ASSETCATALOG_COMPILER_APPICON_NAME = AppIcon;
				CODE_SIGN_STYLE = Automatic;
				INFOPLIST_FILE = ec3730/Info.plist;
				LD_RUNPATH_SEARCH_PATHS = (
					"$(inherited)",
					"@executable_path/Frameworks",
				);
				PRODUCT_BUNDLE_IDENTIFIER = com.twodayslate.ec3730;
				PRODUCT_NAME = "$(TARGET_NAME)";
				SWIFT_VERSION = 4.0;
				TARGETED_DEVICE_FAMILY = "1,2";
			};
			name = Debug;
		};
		F6C8D8CD212E5AEB00309373 /* Release */ = {
			isa = XCBuildConfiguration;
			buildSettings = {
				ASSETCATALOG_COMPILER_APPICON_NAME = AppIcon;
				CODE_SIGN_STYLE = Automatic;
				INFOPLIST_FILE = ec3730/Info.plist;
				LD_RUNPATH_SEARCH_PATHS = (
					"$(inherited)",
					"@executable_path/Frameworks",
				);
				PRODUCT_BUNDLE_IDENTIFIER = com.twodayslate.ec3730;
				PRODUCT_NAME = "$(TARGET_NAME)";
				SWIFT_VERSION = 4.0;
				TARGETED_DEVICE_FAMILY = "1,2";
			};
			name = Release;
		};
		F6C8D8CF212E5AEB00309373 /* Debug */ = {
			isa = XCBuildConfiguration;
			buildSettings = {
				ALWAYS_EMBED_SWIFT_STANDARD_LIBRARIES = YES;
				BUNDLE_LOADER = "$(TEST_HOST)";
				CODE_SIGN_STYLE = Automatic;
				INFOPLIST_FILE = ec3730Tests/Info.plist;
				LD_RUNPATH_SEARCH_PATHS = (
					"$(inherited)",
					"@executable_path/Frameworks",
					"@loader_path/Frameworks",
				);
				PRODUCT_BUNDLE_IDENTIFIER = com.twodayslate.ec3730Tests;
				PRODUCT_NAME = "$(TARGET_NAME)";
				SWIFT_VERSION = 4.0;
				TARGETED_DEVICE_FAMILY = "1,2";
				TEST_HOST = "$(BUILT_PRODUCTS_DIR)/ec3730.app/ec3730";
			};
			name = Debug;
		};
		F6C8D8D0212E5AEB00309373 /* Release */ = {
			isa = XCBuildConfiguration;
			buildSettings = {
				ALWAYS_EMBED_SWIFT_STANDARD_LIBRARIES = YES;
				BUNDLE_LOADER = "$(TEST_HOST)";
				CODE_SIGN_STYLE = Automatic;
				INFOPLIST_FILE = ec3730Tests/Info.plist;
				LD_RUNPATH_SEARCH_PATHS = (
					"$(inherited)",
					"@executable_path/Frameworks",
					"@loader_path/Frameworks",
				);
				PRODUCT_BUNDLE_IDENTIFIER = com.twodayslate.ec3730Tests;
				PRODUCT_NAME = "$(TARGET_NAME)";
				SWIFT_VERSION = 4.0;
				TARGETED_DEVICE_FAMILY = "1,2";
				TEST_HOST = "$(BUILT_PRODUCTS_DIR)/ec3730.app/ec3730";
			};
			name = Release;
		};
		F6C8D8D2212E5AEB00309373 /* Debug */ = {
			isa = XCBuildConfiguration;
			buildSettings = {
				ALWAYS_EMBED_SWIFT_STANDARD_LIBRARIES = YES;
				CODE_SIGN_STYLE = Automatic;
				INFOPLIST_FILE = ec3730UITests/Info.plist;
				LD_RUNPATH_SEARCH_PATHS = (
					"$(inherited)",
					"@executable_path/Frameworks",
					"@loader_path/Frameworks",
				);
				PRODUCT_BUNDLE_IDENTIFIER = com.twodayslate.ec3730UITests;
				PRODUCT_NAME = "$(TARGET_NAME)";
				SWIFT_VERSION = 4.0;
				TARGETED_DEVICE_FAMILY = "1,2";
				TEST_TARGET_NAME = ec3730;
			};
			name = Debug;
		};
		F6C8D8D3212E5AEB00309373 /* Release */ = {
			isa = XCBuildConfiguration;
			buildSettings = {
				ALWAYS_EMBED_SWIFT_STANDARD_LIBRARIES = YES;
				CODE_SIGN_STYLE = Automatic;
				INFOPLIST_FILE = ec3730UITests/Info.plist;
				LD_RUNPATH_SEARCH_PATHS = (
					"$(inherited)",
					"@executable_path/Frameworks",
					"@loader_path/Frameworks",
				);
				PRODUCT_BUNDLE_IDENTIFIER = com.twodayslate.ec3730UITests;
				PRODUCT_NAME = "$(TARGET_NAME)";
				SWIFT_VERSION = 4.0;
				TARGETED_DEVICE_FAMILY = "1,2";
				TEST_TARGET_NAME = ec3730;
			};
			name = Release;
		};
/* End XCBuildConfiguration section */

/* Begin XCConfigurationList section */
		F6C8D89C212E5AE900309373 /* Build configuration list for PBXProject "ec3730" */ = {
			isa = XCConfigurationList;
			buildConfigurations = (
				F6C8D8C9212E5AEB00309373 /* Debug */,
				F6C8D8CA212E5AEB00309373 /* Release */,
			);
			defaultConfigurationIsVisible = 0;
			defaultConfigurationName = Release;
		};
		F6C8D8CB212E5AEB00309373 /* Build configuration list for PBXNativeTarget "ec3730" */ = {
			isa = XCConfigurationList;
			buildConfigurations = (
				F6C8D8CC212E5AEB00309373 /* Debug */,
				F6C8D8CD212E5AEB00309373 /* Release */,
			);
			defaultConfigurationIsVisible = 0;
			defaultConfigurationName = Release;
		};
		F6C8D8CE212E5AEB00309373 /* Build configuration list for PBXNativeTarget "ec3730Tests" */ = {
			isa = XCConfigurationList;
			buildConfigurations = (
				F6C8D8CF212E5AEB00309373 /* Debug */,
				F6C8D8D0212E5AEB00309373 /* Release */,
			);
			defaultConfigurationIsVisible = 0;
			defaultConfigurationName = Release;
		};
		F6C8D8D1212E5AEB00309373 /* Build configuration list for PBXNativeTarget "ec3730UITests" */ = {
			isa = XCConfigurationList;
			buildConfigurations = (
				F6C8D8D2212E5AEB00309373 /* Debug */,
				F6C8D8D3212E5AEB00309373 /* Release */,
			);
			defaultConfigurationIsVisible = 0;
			defaultConfigurationName = Release;
		};
/* End XCConfigurationList section */
	};
	rootObject = F6C8D899212E5AE900309373 /* Project object */;
}
